dependencies:
- name: app-template
  repository: https://bjw-s-labs.github.io/helm-charts/
  version: 4.6.2
- name: postgres-cluster
  repository: oci://harbor.alexlebens.net/helm-charts
  version: 7.7.0
- name: redis-replication
  repository: oci://harbor.alexlebens.net/helm-charts
  version: 1.0.4
- name: volsync-target
  repository: oci://harbor.alexlebens.net/helm-charts
  version: 0.7.0
digest: sha256:4f558802a00c3c8511762197f73c8e179c3b72218a805d7a7fe8e31913c54a37
generated: "2026-02-21T20:05:54.93683159Z"
