dependencies:
- name: app-template
  repository: https://bjw-s-labs.github.io/helm-charts/
  version: 4.6.2
- name: postgres-cluster
  repository: oci://harbor.alexlebens.net/helm-charts
  version: 7.11.2
- name: valkey
  repository: oci://harbor.alexlebens.net/helm-charts
  version: 0.6.0
- name: volsync-target
  repository: oci://harbor.alexlebens.net/helm-charts
  version: 0.8.0
digest: sha256:d7c2cebff885977642306d8f55fe9547ab80d26f360986f873f3106789f50083
generated: "2026-04-10T01:38:12.691274606Z"
