dependencies:
- name: app-template
  repository: https://bjw-s-labs.github.io/helm-charts/
  version: 4.6.2
- name: postgres-cluster
  repository: oci://harbor.alexlebens.net/helm-charts
  version: 7.5.0
- name: redis-replication
  repository: oci://harbor.alexlebens.net/helm-charts
  version: 1.0.1
- name: volsync-target
  repository: oci://harbor.alexlebens.net/helm-charts
  version: 0.7.0
digest: sha256:d6e0da6839d8c8b851323774b11b204c5807e123e28f8e9376377df48b9babfc
generated: "2026-01-23T00:42:11.338638091Z"
