dependencies:
- name: app-template
  repository: https://bjw-s-labs.github.io/helm-charts/
  version: 5.2.1
- name: pocket-id-client
  repository: oci://harbor.alexlebens.dev/helm-charts
  version: 0.4.0
- name: common-helpers
  repository: oci://harbor.alexlebens.dev/helm-charts
  version: 1.2.0
digest: sha256:4baf58e2c2e083c95f1e0e0445c2a4a513d245eb32cd017e9a08c5ee61b673d3
generated: "2026-10-05T19:14:35.579041-05:00"
