dependencies:
- name: app-template
  repository: https://bjw-s-labs.github.io/helm-charts/
  version: 5.1.0
- name: common-helpers
  repository: oci://harbor.alexlebens.dev/helm-charts
  version: 0.5.0
digest: sha256:b7945dd3e0c6082af36716db87dd54a487003a20ddb84ae41747514cbace90e1
generated: "2026-09-07T15:13:20.867772941Z"
