dependencies:
- name: app-template
  repository: https://bjw-s-labs.github.io/helm-charts/
  version: 5.3.0
- name: pocket-id-client
  repository: oci://harbor.alexlebens.dev/helm-charts
  version: 0.4.1
- name: common-helpers
  repository: oci://harbor.alexlebens.dev/helm-charts
  version: 1.2.0
digest: sha256:24dc7924180e1476a564d71dbd143d102bc0fa023b1ce8be605d54dace99c34d
generated: "2026-10-10T22:32:05.391855966Z"
