dependencies:
- name: external-dns
  repository: https://kubernetes-sigs.github.io/external-dns/
  version: 1.22.0
- name: external-dns
  repository: https://kubernetes-sigs.github.io/external-dns/
  version: 1.22.0
- name: external-dns
  repository: https://kubernetes-sigs.github.io/external-dns/
  version: 1.22.0
- name: external-dns
  repository: https://kubernetes-sigs.github.io/external-dns/
  version: 1.22.0
- name: common-helpers
  repository: oci://harbor.alexlebens.dev/helm-charts
  version: 0.6.0
digest: sha256:3a7056ba34d064aeec2f7ec08edc141ae69a659d144fd77c3dfdd0e956f1185f
generated: "2026-09-11T22:06:08.670590024Z"
