dependencies:
- name: external-dns
  repository: https://kubernetes-sigs.github.io/external-dns/
  version: 1.21.1
- name: external-dns
  repository: https://kubernetes-sigs.github.io/external-dns/
  version: 1.21.1
- name: external-dns
  repository: https://kubernetes-sigs.github.io/external-dns/
  version: 1.21.1
- name: external-dns
  repository: https://kubernetes-sigs.github.io/external-dns/
  version: 1.21.1
- name: common-helpers
  repository: oci://harbor.alexlebens.dev/helm-charts
  version: 0.4.1
digest: sha256:bb2b5b7e1bb9c25966dd294107ea0c4e0a2d8da1b2af84552dea77227c8644c2
generated: "2026-08-26T17:51:16.926662-05:00"
