dependencies:
- name: app-template
  repository: https://bjw-s-labs.github.io/helm-charts/
  version: 4.5.0
- name: postgres-cluster
  repository: oci://harbor.alexlebens.net/helm-charts
  version: 6.16.1
digest: sha256:ef1a286d6a5719370e96b3dc9a720b105ebee5f5b7245b6d75badd2a3330191b
generated: "2025-12-12T15:56:54.049481-06:00"
