dependencies:
- name: app-template
  repository: https://bjw-s-labs.github.io/helm-charts/
  version: 5.0.0
- name: postgres-cluster
  repository: oci://harbor.alexlebens.net/helm-charts
  version: 7.12.1
- name: volsync-target
  repository: oci://harbor.alexlebens.net/helm-charts
  version: 1.1.1
digest: sha256:b0e37301973eb2307d95642e1b4949d7c65ae35a7aa9fc654141d7965cd0b9ef
generated: "2026-05-07T20:46:25.887979086Z"
