dependencies:
- name: app-template
  repository: https://bjw-s-labs.github.io/helm-charts/
  version: 5.0.1
- name: postgres-cluster
  repository: oci://harbor.alexlebens.net/helm-charts
  version: 7.12.1
- name: volsync-target
  repository: oci://harbor.alexlebens.net/helm-charts
  version: 2.0.0
digest: sha256:806dd1a34ca2a7a866ec2a57f11340b33b3e59f463e48a193482a5457e7ac933
generated: "2026-05-15T00:32:29.254975258Z"
