dependencies:
- name: app-template
  repository: https://bjw-s-labs.github.io/helm-charts/
  version: 5.0.1
- name: cloudflared
  repository: oci://harbor.alexlebens.net/helm-charts
  version: 4.1.0
- name: postgres-cluster
  repository: oci://harbor.alexlebens.net/helm-charts
  version: 7.15.2
- name: volsync-target
  repository: oci://harbor.alexlebens.net/helm-charts
  version: 2.2.0
digest: sha256:b459c30e070937b910ef586042b711543142a3d5865b257115ec24cda3ed188f
generated: "2026-07-10T15:16:16.946759432Z"
