dependencies:
- name: argo-cd
  repository: https://argoproj.github.io/argo-helm
  version: 10.9.4
- name: pocket-id-client
  repository: oci://harbor.alexlebens.dev/helm-charts
  version: 0.3.0
- name: valkey
  repository: oci://harbor.alexlebens.dev/helm-charts
  version: 1.7.0
- name: common-helpers
  repository: oci://harbor.alexlebens.dev/helm-charts
  version: 1.2.0
digest: sha256:b8dd026b89783701850f550a92b7386cd86219cfb5b812e956b7b763134c8032
generated: "2026-09-29T14:32:32.144708-05:00"
