dependencies:
- name: argo-cd
  repository: https://argoproj.github.io/argo-helm
  version: 10.4.0
- name: valkey
  repository: oci://harbor.alexlebens.net/helm-charts
  version: 1.0.2
digest: sha256:43e39855f2e8058c8e7d5f05af073d235da6cb4e23de2a0a141f9d1f96852a33
generated: "2026-08-22T19:54:08.601328-05:00"
