dependencies:
- name: argo-cd
  repository: https://argoproj.github.io/argo-helm
  version: 10.9.4
- name: app-template
  repository: https://bjw-s-labs.github.io/helm-charts/
  version: 5.2.1
- name: pocket-id-client
  repository: oci://harbor.alexlebens.dev/helm-charts
  version: 0.3.0
- name: valkey
  repository: oci://harbor.alexlebens.dev/helm-charts
  version: 1.8.1
- name: common-helpers
  repository: oci://harbor.alexlebens.dev/helm-charts
  version: 1.2.0
digest: sha256:5c843831e7932a77aa4350bf94b5d11d0cab1f518a760512320f25758e00476d
generated: "2026-09-29T21:09:27.271061473Z"
