dependencies:
- name: app-template
  repository: https://bjw-s-labs.github.io/helm-charts/
  version: 5.2.1
- name: common-helpers
  repository: oci://harbor.alexlebens.dev/helm-charts
  version: 1.2.0
digest: sha256:f3832d90ead67c3f1053f27136f38a05cc45e9b75680574afbd02cf4e7cc341f
generated: "2026-09-29T23:24:34.453970808Z"
