dependencies:
- name: app-template
  repository: https://bjw-s-labs.github.io/helm-charts/
  version: 5.2.1
- name: common-helpers
  repository: oci://harbor.alexlebens.dev/helm-charts
  version: 0.6.0
digest: sha256:3589cbcd83183558505929d44fa5a289e2719ba1802ac8cb322eb632cf5fb40f
generated: "2026-09-17T19:11:57.24298507Z"
