dependencies:
- name: app-template
  repository: https://bjw-s-labs.github.io/helm-charts/
  version: 5.1.0
- name: common-helpers
  repository: oci://harbor.alexlebens.dev/helm-charts
  version: 0.4.1
digest: sha256:2c526a1022c69e9e0088731dd515ba6c2455987c8e5dda7e8ea43125cd82729a
generated: "2026-08-27T17:40:03.313276-05:00"
