dependencies:
- name: app-template
  repository: https://bjw-s-labs.github.io/helm-charts/
  version: 4.4.0
- name: postgres-cluster
  repository: oci://harbor.alexlebens.net/helm-charts
  version: 6.16.0
digest: sha256:f21d624fcafe0fc8e4f8d1c140f1fbefc40a74bdc29d6267a4d71e95ac81b95a
generated: "2025-11-30T21:07:38.187061-06:00"
