dependencies:
- name: app-template
  repository: https://bjw-s-labs.github.io/helm-charts/
  version: 4.5.0
- name: postgres-cluster
  repository: oci://harbor.alexlebens.net/helm-charts
  version: 7.4.5
- name: volsync-target
  repository: oci://harbor.alexlebens.net/helm-charts
  version: 0.7.0
digest: sha256:c1d55758a7db4e20a4611b2f80e74bc64615a74b22d450f9ecb270cb31b818ed
generated: "2025-12-27T19:48:27.114461408Z"
