dependencies:
- name: app-template
  repository: https://bjw-s-labs.github.io/helm-charts/
  version: 5.0.1
- name: postgres-cluster
  repository: oci://harbor.alexlebens.net/helm-charts
  version: 7.15.2
- name: volsync-target
  repository: oci://harbor.alexlebens.net/helm-charts
  version: 2.2.0
digest: sha256:c56a6bc54e6b50f7c111cc1254725ce94c1e5df708a75e0a3074a9c0f675b149
generated: "2026-07-02T18:54:19.270934707Z"
