dependencies:
- name: kyoo
  repository: oci://ghcr.io/zoriya/helm-charts
  version: 5.0.0
- name: volsync-target
  repository: oci://harbor.alexlebens.net/helm-charts
  version: 0.8.0
digest: sha256:46a986610568c2ca342db3bb34658eb0567f967dfee8dd8a317881103da0f6f9
generated: "2026-04-09T14:23:43.657618-05:00"
