dependencies:
- name: kyoo
  repository: oci://ghcr.io/zoriya/helm-charts
  version: 5.0.0
- name: postgres-cluster
  repository: oci://harbor.alexlebens.net/helm-charts
  version: 7.11.2
- name: volsync-target
  repository: oci://harbor.alexlebens.net/helm-charts
  version: 0.8.0
digest: sha256:0a5ba08e137471d788da07502db63f5be535c2843f5bfda74fb873a997846ded
generated: "2026-04-08T21:04:05.245024-05:00"
