dependencies:
- name: kyoo
  repository: oci://ghcr.io/zoriya/helm-charts
  version: 5.0.0
- name: postgres-cluster
  repository: oci://harbor.alexlebens.net/helm-charts
  version: 7.11.2
digest: sha256:ecb2f86b40fa42951928b84b8e4774ff83710bc8c5b1953b4f9de1c25b6e9679
generated: "2026-04-08T19:41:34.55285-05:00"
