dependencies:
- name: harbor
  repository: https://helm.goharbor.io
  version: 1.19.2
- name: valkey
  repository: oci://harbor.alexlebens.dev/helm-charts
  version: 1.5.0
- name: postgres-cluster
  repository: oci://harbor.alexlebens.dev/helm-charts
  version: 8.4.3
- name: garage-bucket
  repository: oci://harbor.alexlebens.dev/helm-charts
  version: 0.4.4
- name: common-helpers
  repository: oci://harbor.alexlebens.dev/helm-charts
  version: 0.6.0
digest: sha256:dd17bad1381e858e931a32bfa91e82815b41e550f43d441ca642d750cc784008
generated: "2026-09-22T21:47:19.60020425Z"
