dependencies:
- name: harbor
  repository: https://helm.goharbor.io
  version: 1.19.2
- name: postgres-cluster
  repository: https://gitea.alexlebens.net/api/packages/alexlebens/helm
  version: 8.4.2
- name: valkey
  repository: oci://harbor.alexlebens.net/helm-charts
  version: 1.0.2
digest: sha256:c27ac80ef6d7ce6fddeff3e16f152ad8c0f9cafcdab3193ef1e18328c8458ef7
generated: "2026-08-18T01:27:21.937020586Z"
