dependencies:
- name: harbor
  repository: https://helm.goharbor.io
  version: 1.19.2
- name: valkey
  repository: oci://harbor.alexlebens.net/helm-charts
  version: 1.1.1
- name: postgres-cluster
  repository: https://gitea.alexlebens.dev/api/packages/alexlebens/helm
  version: 8.4.2
- name: garage-bucket
  repository: oci://harbor.alexlebens.net/helm-charts
  version: 0.3.12
digest: sha256:24122a82207b374fe146725968dea1fabc85f975a74076a4d5c79d19fa2644df
generated: "2026-08-26T00:58:20.881959287Z"
