dependencies:
- name: loki
  repository: oci://ghcr.io/grafana-community/helm-charts
  version: 17.3.3
- name: alloy
  repository: https://grafana.github.io/helm-charts
  version: 1.10.0
digest: sha256:666bcff22742363ae7af13521cf92bfd07d5bc2de1373eb044db8d859ed08787
generated: "2026-06-13T00:05:03.645983503Z"
