dependencies:
- name: loki
  repository: https://grafana.github.io/helm-charts
  version: 6.52.0
- name: alloy
  repository: https://grafana.github.io/helm-charts
  version: 1.5.3
digest: sha256:00eded04cb4b364633fe922cef88cd07aa2508336f0f07890990d00c5d985c4e
generated: "2026-02-05T20:44:56.218205891Z"
