dependencies:
- name: loki
  repository: oci://ghcr.io/grafana-community/helm-charts
  version: 14.1.0
- name: alloy
  repository: https://grafana.github.io/helm-charts
  version: 1.8.1
digest: sha256:d323fd11751fbf68e659ea04b3b31b42a35257065dc195dc3996f2202dc212a8
generated: "2026-05-15T02:04:31.488150464Z"
