dependencies:
- name: element-web
  repository: https://ananace.gitlab.io/charts
  version: 1.4.42
- name: cloudflared
  repository: oci://harbor.alexlebens.dev/helm-charts
  version: 4.5.1
- name: common-helpers
  repository: oci://harbor.alexlebens.dev/helm-charts
  version: 0.6.0
digest: sha256:f0d8928b8a29f11b4afeadd16c3ee8d77352c87c0d64abf6393378e99e640519
generated: "2026-09-11T22:44:01.364222679Z"
