dependencies:
- name: element-web
  repository: https://ananace.gitlab.io/charts
  version: 1.4.26
- name: cloudflared
  repository: oci://harbor.alexlebens.net/helm-charts
  version: 2.1.2
digest: sha256:629187bee80bdd38c50a146b0d56d8017e2f55fa2cd2e89f1bc14268837f7bcb
generated: "2025-12-17T17:58:19.690322-06:00"
