dependencies:
- name: element-web
  repository: https://ananace.gitlab.io/charts
  version: 1.4.36
- name: cloudflared
  repository: oci://harbor.alexlebens.net/helm-charts
  version: 3.2.2
digest: sha256:a30fa9f1c69652d0ea4c2e12cba7a21df544e60c20d25c88e66f6f3de3e1ab83
generated: "2026-05-08T22:56:45.533196593Z"
