dependencies:
- name: app-template
  repository: https://bjw-s-labs.github.io/helm-charts/
  version: 5.2.1
- name: pocket-id-client
  repository: oci://harbor.alexlebens.dev/helm-charts
  version: 0.3.0
- name: cloudflared
  repository: oci://harbor.alexlebens.dev/helm-charts
  version: 4.5.5
- name: postgres-cluster
  repository: oci://harbor.alexlebens.dev/helm-charts
  version: 8.5.0
- name: garage-bucket
  repository: oci://harbor.alexlebens.dev/helm-charts
  version: 0.4.4
- name: common-helpers
  repository: oci://harbor.alexlebens.dev/helm-charts
  version: 1.2.0
digest: sha256:615285a3cf82dd5615fbdfd3ab0f70aa301e76f61ae2d317e5563b97abc857e4
generated: "2026-09-29T23:21:12.74016191Z"
