dependencies:
- name: app-template
  repository: https://bjw-s-labs.github.io/helm-charts/
  version: 5.2.1
- name: pocket-id-client
  repository: oci://harbor.alexlebens.dev/helm-charts
  version: 0.2.5
- name: cloudflared
  repository: oci://harbor.alexlebens.dev/helm-charts
  version: 4.5.5
- name: postgres-cluster
  repository: oci://harbor.alexlebens.dev/helm-charts
  version: 8.4.3
- name: garage-bucket
  repository: oci://harbor.alexlebens.dev/helm-charts
  version: 0.4.4
- name: common-helpers
  repository: oci://harbor.alexlebens.dev/helm-charts
  version: 0.6.0
digest: sha256:25b3841a306d9357f3cc626acd6b06f70470ac4775610c2cdc29d3aaaeecd8e0
generated: "2026-09-24T22:08:10.163790913Z"
