dependencies:
- name: app-template
  repository: https://bjw-s-labs.github.io/helm-charts/
  version: 5.2.1
- name: pocket-id-client
  repository: oci://harbor.alexlebens.dev/helm-charts
  version: 0.3.0
- name: cloudflared
  repository: oci://harbor.alexlebens.dev/helm-charts
  version: 4.5.6
- name: postgres-cluster
  repository: oci://harbor.alexlebens.dev/helm-charts
  version: 8.5.0
- name: garage-bucket
  repository: oci://harbor.alexlebens.dev/helm-charts
  version: 0.4.4
- name: common-helpers
  repository: oci://harbor.alexlebens.dev/helm-charts
  version: 1.2.0
digest: sha256:6ae76450bf8dbe30bae0c9493e21f1fa58c3d56ef15b23d01fa355b8f486b6cf
generated: "2026-09-30T23:33:01.22979736Z"
