dependencies:
- name: app-template
  repository: https://bjw-s-labs.github.io/helm-charts/
  version: 5.2.1
- name: pocket-id-client
  repository: oci://harbor.alexlebens.dev/helm-charts
  version: 0.4.1
- name: volsync-target
  repository: oci://harbor.alexlebens.dev/helm-charts
  version: 3.0.0
- name: common-helpers
  repository: oci://harbor.alexlebens.dev/helm-charts
  version: 1.2.0
digest: sha256:75467cd470acc4683d458880e20368e15570bb1954f837f798f25597d0d90f69
generated: "2026-10-06T17:16:46.292045-05:00"
