dependencies:
- name: app-template
  repository: https://bjw-s-labs.github.io/helm-charts/
  version: 5.2.1
- name: common-helpers
  repository: oci://harbor.alexlebens.dev/helm-charts
  version: 0.6.0
digest: sha256:ac3943150463f99c7ea7cc0d53e3ab07cc9f13bf95c62c744a625224d673ad0e
generated: "2026-09-17T19:06:05.965850429Z"
