dependencies:
- name: app-template
  repository: https://bjw-s-labs.github.io/helm-charts/
  version: 5.1.0
- name: common-helpers
  repository: oci://harbor.alexlebens.dev/helm-charts
  version: 0.6.0
digest: sha256:e6b232e8087583c4b39ae24c34a1913125143c3fbad580e03dab284f5af6cc49
generated: "2026-09-10T20:22:48.938935-05:00"
