dependencies:
- name: app-template
  repository: https://bjw-s-labs.github.io/helm-charts/
  version: 5.1.0
- name: common-helpers
  repository: oci://harbor.alexlebens.dev/helm-charts
  version: 0.5.0
digest: sha256:16278aa0d09219363af17c30dfd8df7276cdb715d1a91131094d94e526925a96
generated: "2026-09-07T15:18:35.775977886Z"
