dependencies:
- name: app-template
  repository: https://bjw-s-labs.github.io/helm-charts/
  version: 5.1.0
- name: common-helpers
  repository: oci://harbor.alexlebens.dev/helm-charts
  version: 0.6.0
digest: sha256:57871681adbbb265623ff1b62114eb4bcda8cf5a5ea3e20a77b00e53e178e852
generated: "2026-09-10T20:23:14.728462-05:00"
