dependencies:
- name: app-template
  repository: https://bjw-s-labs.github.io/helm-charts/
  version: 5.1.0
- name: common-helpers
  repository: oci://harbor.alexlebens.dev/helm-charts
  version: 0.4.1
digest: sha256:99bc8b55a5428883c6db30611f85602b3db0345815096bdb065aec32aa41b9a6
generated: "2026-08-26T20:00:53.619-05:00"
