dependencies:
- name: gitea
  repository: https://dl.gitea.io/charts/
  version: 12.4.0
- name: gitea-actions
  repository: oci://harbor.alexlebens.net/helm-charts
  version: 0.2.1
- name: app-template
  repository: https://bjw-s-labs.github.io/helm-charts/
  version: 4.4.0
- name: meilisearch
  repository: https://meilisearch.github.io/meilisearch-kubernetes
  version: 0.17.1
- name: cloudflared
  repository: oci://harbor.alexlebens.net/helm-charts
  version: 1.23.0
- name: postgres-cluster
  repository: oci://harbor.alexlebens.net/helm-charts
  version: 6.16.0
digest: sha256:6e72cd4abc36e238a5129d0ee471bc296435f8ff1c8be7f3132fc33193a39f23
generated: "2025-12-01T20:25:50.496342-06:00"
