dependencies:
- name: gitea
  repository: https://dl.gitea.io/charts/
  version: 12.5.0
- name: gitea-actions
  repository: oci://harbor.alexlebens.net/helm-charts
  version: 0.2.1
- name: meilisearch
  repository: https://meilisearch.github.io/meilisearch-kubernetes
  version: 0.24.1
- name: cloudflared
  repository: oci://harbor.alexlebens.net/helm-charts
  version: 2.2.1
- name: postgres-cluster
  repository: oci://harbor.alexlebens.net/helm-charts
  version: 7.5.0
- name: redis-replication
  repository: oci://harbor.alexlebens.net/helm-charts
  version: 1.0.1
- name: redis-replication
  repository: oci://harbor.alexlebens.net/helm-charts
  version: 1.0.1
- name: volsync-target
  repository: oci://harbor.alexlebens.net/helm-charts
  version: 0.7.0
digest: sha256:4a9b9b48b9e998c61c6d30b1655f49d7ce9fd8a2c80369a5db43f553906d010f
generated: "2026-01-28T08:09:40.920920251Z"
