dependencies:
- name: gitea
  repository: https://dl.gitea.io/charts/
  version: 12.5.0
- name: actions
  repository: https://dl.gitea.com/charts/
  version: 0.0.3
- name: meilisearch
  repository: https://meilisearch.github.io/meilisearch-kubernetes
  version: 0.29.0
- name: cloudflared
  repository: oci://harbor.alexlebens.net/helm-charts
  version: 2.4.0
- name: postgres-cluster
  repository: oci://harbor.alexlebens.net/helm-charts
  version: 7.10.0
- name: valkey
  repository: oci://harbor.alexlebens.net/helm-charts
  version: 0.4.0
- name: valkey
  repository: oci://harbor.alexlebens.net/helm-charts
  version: 0.4.0
- name: volsync-target
  repository: oci://harbor.alexlebens.net/helm-charts
  version: 0.8.0
digest: sha256:65910bce24fc36bd8e3e4ab0d79c2a18ae076b34aff28bfea8a60598707fe617
generated: "2026-03-26T16:02:55.325421053Z"
