dependencies:
- name: speedtest-exporter
  repository: https://charts.alekc.dev
  version: 0.2.0
- name: common-helpers
  repository: oci://harbor.alexlebens.dev/helm-charts
  version: 0.4.1
digest: sha256:7974f0d8c93465e2b1295cf16390f10e4a4f8744087578f55a9cc71d09265ca1
generated: "2026-09-01T18:09:16.456281587Z"
