dependencies:
- name: speedtest-exporter
  repository: https://charts.alekc.dev
  version: 0.2.0
- name: common-helpers
  repository: oci://harbor.alexlebens.dev/helm-charts
  version: 0.5.0
digest: sha256:c2001ddb633787a4830b3ce2e934c074b55ee8b9bcaab59c81522c389c2b2fe8
generated: "2026-09-07T15:28:40.503286072Z"
