dependencies:
- name: speedtest-exporter
  repository: https://charts.alekc.dev
  version: 0.1.2
- name: common-helpers
  repository: oci://harbor.alexlebens.dev/helm-charts
  version: 0.4.1
digest: sha256:7f625ceba9449268758417bb0deb78e37312684b92088154e180cadaff53b582
generated: "2026-08-27T20:24:10.642034-05:00"
