dependencies:
- name: app-template
  repository: https://bjw-s-labs.github.io/helm-charts/
  version: 5.1.0
- name: common-helpers
  repository: oci://harbor.alexlebens.dev/helm-charts
  version: 0.5.0
digest: sha256:51c85b7a9eb8b546f9f4fcfb429f84fd7c9f7c01ce8843f4c750499cef630392
generated: "2026-09-07T15:30:29.760801694Z"
