dependencies:
- name: app-template
  repository: https://bjw-s-labs.github.io/helm-charts/
  version: 5.2.1
- name: common-helpers
  repository: oci://harbor.alexlebens.dev/helm-charts
  version: 0.6.0
digest: sha256:96ecf600db593b16edb771ddef8ddc9648ffbfca04c3956c16177c6921a54b01
generated: "2026-09-17T19:17:23.290437523Z"
