dependencies:
- name: app-template
  repository: https://bjw-s-labs.github.io/helm-charts/
  version: 5.1.0
- name: common-helpers
  repository: oci://harbor.alexlebens.dev/helm-charts
  version: 0.4.1
digest: sha256:c83918a9f1cf14051eb2e4002f5c68eb68fe47c9401e2bbea88a03565995f9c5
generated: "2026-08-28T16:47:05.333334-05:00"
