dependencies:
- name: app-template
  repository: https://bjw-s-labs.github.io/helm-charts/
  version: 4.6.2
- name: postgres-cluster
  repository: oci://harbor.alexlebens.net/helm-charts
  version: 7.12.1
- name: volsync-target
  repository: oci://harbor.alexlebens.net/helm-charts
  version: 1.0.0
digest: sha256:37a41dbb1ded51ae53d3b2509485dc8bc29e409afddec3373fdac1f436d478b5
generated: "2026-04-24T22:56:49.801017611Z"
