dependencies:
- name: app-template
  repository: https://bjw-s-labs.github.io/helm-charts/
  version: 5.0.0
- name: postgres-cluster
  repository: oci://harbor.alexlebens.net/helm-charts
  version: 7.12.1
- name: volsync-target
  repository: oci://harbor.alexlebens.net/helm-charts
  version: 2.0.0
digest: sha256:dc98e4d0aca3340a82c8753599939bd6be5659aa1571a9dec99db4f3cbd8930f
generated: "2026-05-09T20:33:16.317813-05:00"
