dependencies:
- name: rclone-bucket
  repository: oci://harbor.alexlebens.net/helm-charts
  version: 0.8.1
- name: rclone-bucket
  repository: oci://harbor.alexlebens.net/helm-charts
  version: 0.8.1
digest: sha256:20cf07b80b976cd593f7ea49096973266155193f00152c942d1a69cf157f90ad
generated: "2026-05-08T06:03:10.022106569Z"
