dependencies:
- name: rclone-bucket
  repository: oci://harbor.alexlebens.net/helm-charts
  version: 0.11.3
- name: rclone-bucket
  repository: oci://harbor.alexlebens.net/helm-charts
  version: 0.11.3
digest: sha256:441a247b3b3b6b489eb42ddb5c8ddef0e865018e7a5b78fb8c95b54aedc7a003
generated: "2026-05-09T02:56:20.465925553Z"
