dependencies:
- name: rclone-bucket
  repository: oci://harbor.alexlebens.net/helm-charts
  version: 0.9.1
- name: rclone-bucket
  repository: oci://harbor.alexlebens.net/helm-charts
  version: 0.9.1
digest: sha256:3cba1fc96ed58979bdba008a9d6ca7af4ed369f2fa4425ae881ed256827601b4
generated: "2026-05-08T23:06:12.813668395Z"
