dependencies:
- name: grafana-operator
  repository: https://grafana.github.io/helm-charts
  version: 5.25.0
- name: valkey
  repository: oci://harbor.alexlebens.net/helm-charts
  version: 1.1.1
- name: valkey
  repository: oci://harbor.alexlebens.net/helm-charts
  version: 1.1.1
- name: postgres-cluster
  repository: oci://harbor.alexlebens.net/helm-charts
  version: 8.4.3
- name: common-helpers
  repository: oci://harbor.alexlebens.net/helm-charts
  version: 0.4.1
digest: sha256:3812f02542aacb0fc27e3a57921c4ccf28c05cfd4b198b13f31b520d3c828b3a
generated: "2026-08-26T16:23:12.995504-05:00"
