dependencies:
- name: grafana-operator
  repository: https://grafana.github.io/helm-charts
  version: 5.21.4
- name: postgres-cluster
  repository: oci://harbor.alexlebens.net/helm-charts
  version: 7.5.0
- name: redis-replication
  repository: oci://harbor.alexlebens.net/helm-charts
  version: 1.0.1
- name: redis-replication
  repository: oci://harbor.alexlebens.net/helm-charts
  version: 1.0.1
digest: sha256:bee9dd7a31e5ca1772945764774a0195d8d63cb8b0874654b6d3aa846f4acc9e
generated: "2026-01-23T00:37:10.262404661Z"
