dependencies:
- name: grafana-operator
  repository: https://grafana.github.io/helm-charts
  version: 5.25.0
- name: valkey
  repository: oci://harbor.alexlebens.dev/helm-charts
  version: 1.4.2
- name: valkey
  repository: oci://harbor.alexlebens.dev/helm-charts
  version: 1.4.2
- name: postgres-cluster
  repository: oci://harbor.alexlebens.dev/helm-charts
  version: 8.4.3
- name: common-helpers
  repository: oci://harbor.alexlebens.dev/helm-charts
  version: 0.5.0
digest: sha256:386bf0eaaefd46636ccfae0a77c4de5817f5d458b91f70bf04415be33ae7314f
generated: "2026-09-09T00:22:04.652493285Z"
