dependencies:
- name: app-template
  repository: https://bjw-s-labs.github.io/helm-charts/
  version: 5.1.0
- name: cloudflared
  repository: oci://harbor.alexlebens.net/helm-charts
  version: 4.2.2
- name: postgres-cluster
  repository: oci://harbor.alexlebens.net/helm-charts
  version: 8.4.2
- name: volsync-target
  repository: oci://harbor.alexlebens.net/helm-charts
  version: 2.2.1
digest: sha256:aa4bcc3aa49165820e7e793b4ea01c77ce519c83a670f6837c7732b26978d42a
generated: "2026-08-16T18:04:39.65463654Z"
