dependencies:
- name: app-template
  repository: https://bjw-s-labs.github.io/helm-charts/
  version: 5.1.0
- name: cloudflared
  repository: oci://harbor.alexlebens.net/helm-charts
  version: 4.3.1
- name: postgres-cluster
  repository: oci://harbor.alexlebens.net/helm-charts
  version: 8.4.2
- name: volsync-target
  repository: oci://harbor.alexlebens.net/helm-charts
  version: 2.2.1
- name: common-helpers
  repository: oci://harbor.alexlebens.net/helm-charts
  version: 0.3.0
digest: sha256:14e0362f9be0c6c2dfa7fc69b42564e4c209f11155c9554faaf9685df8c3bffb
generated: "2026-08-26T00:00:22.916722967Z"
