dependencies:
- name: app-template
  repository: https://bjw-s-labs.github.io/helm-charts/
  version: 5.2.1
- name: cloudflared
  repository: oci://harbor.alexlebens.dev/helm-charts
  version: 4.5.3
- name: postgres-cluster
  repository: oci://harbor.alexlebens.dev/helm-charts
  version: 8.4.3
- name: volsync-target
  repository: oci://harbor.alexlebens.dev/helm-charts
  version: 2.4.0
- name: common-helpers
  repository: oci://harbor.alexlebens.dev/helm-charts
  version: 0.6.0
digest: sha256:64cc8436345d19dd3f9445a8b2ca4ac74fb04d5020ef37de248852836faebfdc
generated: "2026-09-17T21:04:37.927241572Z"
