dependencies:
- name: app-template
  repository: https://bjw-s-labs.github.io/helm-charts/
  version: 5.0.0
- name: postgres-cluster
  repository: oci://harbor.alexlebens.net/helm-charts
  version: 7.12.1
- name: rclone-bucket
  repository: oci://harbor.alexlebens.net/helm-charts
  version: 0.11.2
digest: sha256:883ce0e93f3a7fe87346474a9a0a7d5a52517352982d919c39cba16e59445da2
generated: "2026-05-09T01:40:54.707450317Z"
