dependencies:
- name: app-template
  repository: https://bjw-s-labs.github.io/helm-charts/
  version: 4.6.2
- name: postgres-cluster
  repository: oci://harbor.alexlebens.net/helm-charts
  version: 7.12.1
- name: rclone-bucket
  repository: oci://harbor.alexlebens.net/helm-charts
  version: 0.4.3
digest: sha256:97ce7f765707305cb7ccf7020c3a0945a19cda7d7d54cb75ff341acdbf000a23
generated: "2026-04-26T21:07:46.221034664Z"
