dependencies:
- name: app-template
  repository: https://bjw-s-labs.github.io/helm-charts/
  version: 5.0.1
- name: postgres-cluster
  repository: oci://harbor.alexlebens.net/helm-charts
  version: 7.14.0
- name: rclone-bucket
  repository: oci://harbor.alexlebens.net/helm-charts
  version: 0.11.4
digest: sha256:d3bf29dfa3fe670ebb16a6b6eec49d523850281a88da35921f93d51242e8135d
generated: "2026-05-18T20:33:50.533086-05:00"
