dependencies:
- name: app-template
  repository: https://bjw-s-labs.github.io/helm-charts/
  version: 5.1.0
- name: pocket-id-client
  repository: oci://harbor.alexlebens.dev/helm-charts
  version: 0.2.1
- name: common-helpers
  repository: oci://harbor.alexlebens.dev/helm-charts
  version: 0.6.0
digest: sha256:f9c3cf823cf1c0fe5ac2a4ed5508cc98a52cdbe2af6c956255fe5bbe70df0f3c
generated: "2026-09-13T19:02:47.064035932Z"
