dependencies:
- name: app-template
  repository: https://bjw-s-labs.github.io/helm-charts/
  version: 5.1.0
- name: pocket-id-client
  repository: oci://harbor.alexlebens.dev/helm-charts
  version: 0.2.4
- name: common-helpers
  repository: oci://harbor.alexlebens.dev/helm-charts
  version: 0.6.0
digest: sha256:67b397f9a69024e4397c6bdcee1a726eab38ed0f5efba7af3f925a19ae43407e
generated: "2026-09-13T21:44:42.001356042Z"
