dependencies:
- name: app-template
  repository: https://bjw-s-labs.github.io/helm-charts/
  version: 5.1.0
- name: pocket-id-client
  repository: oci://harbor.alexlebens.dev/helm-charts
  version: 0.2.0
- name: common-helpers
  repository: oci://harbor.alexlebens.dev/helm-charts
  version: 0.6.0
digest: sha256:0bb0cbff878f5edc268d51e14f0116d87e98bf6681cde85b90b86f271a080fad
generated: "2026-09-12T20:29:37.270724-05:00"
