dependencies:
- name: mariadb-operator
  repository: https://helm.mariadb.com/mariadb-operator
  version: 26.6.0
- name: mariadb-operator-crds
  repository: https://helm.mariadb.com/mariadb-operator
  version: 26.10.0
- name: garage-bucket
  repository: oci://harbor.alexlebens.dev/helm-charts
  version: 0.4.3
digest: sha256:d0a154b7678a5e9e1698b4ff49d1f04066e98c9e78d21b5e8f3718f38382fe29
generated: "2026-09-18T23:29:02.814710102Z"
