dependencies:
- name: mariadb-operator
  repository: https://helm.mariadb.com/mariadb-operator
  version: 26.6.0
- name: mariadb-operator-crds
  repository: https://helm.mariadb.com/mariadb-operator
  version: 26.6.0
- name: garage-bucket
  repository: oci://harbor.alexlebens.net/helm-charts
  version: 0.3.9
digest: sha256:42b8960b7d1740a30c6e1103d8bc6780798e78c497f86d89efaf1042b82ebafd
generated: "2026-08-17T17:47:15.209423912Z"
