dependencies:
- name: mariadb-operator
  repository: https://helm.mariadb.com/mariadb-operator
  version: 26.6.0
- name: mariadb-operator-crds
  repository: https://helm.mariadb.com/mariadb-operator
  version: 26.6.0
- name: garage-bucket
  repository: oci://harbor.alexlebens.net/helm-charts
  version: 0.3.12
digest: sha256:45a5bba464cf6b7522c4631d1379f3925e50bee45f7e7019c721394643c72da0
generated: "2026-08-25T23:10:52.860250205Z"
