dependencies:
- name: app-template
  repository: https://bjw-s-labs.github.io/helm-charts/
  version: 4.6.0
- name: volsync-target
  repository: oci://harbor.alexlebens.net/helm-charts
  version: 0.7.0
digest: sha256:c1bcfc1ac821ffacf935bbfde6397c8b6d20d3dc2dc14dacb51d7f0d274785bf
generated: "2026-01-07T16:11:28.810278578Z"
