dependencies:
- name: app-template
  repository: https://bjw-s-labs.github.io/helm-charts/
  version: 4.6.2
- name: volsync-target
  repository: oci://harbor.alexlebens.net/helm-charts
  version: 0.7.0
digest: sha256:3ca3de48695006c4a5bde214ee699677289b6a89ae1a92b6936c5f25d64ad25b
generated: "2026-01-16T18:49:46.484482035Z"
