dependencies:
- name: app-template
  repository: https://bjw-s-labs.github.io/helm-charts/
  version: 4.5.0
- name: volsync-target
  repository: oci://harbor.alexlebens.net/helm-charts
  version: 0.6.0
digest: sha256:1d68f43b8a9bf2df9cee5e46491aa33245d7996ef6adff76e42f14463b03eb59
generated: "2025-12-18T02:46:46.724653757Z"
