dependencies:
- name: eraser
  repository: https://eraser-dev.github.io/eraser/charts
  version: 1.4.2
- name: common-helpers
  repository: oci://harbor.alexlebens.dev/helm-charts
  version: 0.5.0
digest: sha256:69b827d34caccb6cf79591ec5221754b6f07011e445e62c33652b3fad4e283d5
generated: "2026-09-07T15:13:04.559421391Z"
