dependencies:
- name: eraser
  repository: https://eraser-dev.github.io/eraser/charts
  version: 1.4.2
- name: app-template
  repository: https://bjw-s-labs.github.io/helm-charts/
  version: 5.0.1
digest: sha256:d801e461afcdeeeedbf6476cbcf7a28f776e26e411994779266fc60120f3187d
generated: "2026-08-07T21:14:16.488758889Z"
