dependencies:
- name: eraser
  repository: https://eraser-dev.github.io/eraser/charts
  version: 1.4.1
- name: app-template
  repository: https://bjw-s-labs.github.io/helm-charts/
  version: 5.0.1
digest: sha256:70822dce88f0eb843477b28caa6f738d38a6436e6e3a99b0003e3e1da69b8ed9
generated: "2026-05-15T00:29:53.572114523Z"
