dependencies:
- name: app-template
  repository: https://bjw-s-labs.github.io/helm-charts/
  version: 5.2.1
- name: valkey
  repository: oci://harbor.alexlebens.dev/helm-charts
  version: 1.6.0
- name: postgres-cluster
  repository: oci://harbor.alexlebens.dev/helm-charts
  version: 8.5.0
- name: s3-bucket
  repository: oci://harbor.alexlebens.dev/helm-charts
  version: 0.6.2
- name: common-helpers
  repository: oci://harbor.alexlebens.dev/helm-charts
  version: 0.6.0
digest: sha256:21d20239c791012d71d50cb6120275d956f43236d8a8ee0ae26e2a6235cc22fe
generated: "2026-09-28T01:45:21.378903001Z"
