dependencies:
- name: app-template
  repository: https://bjw-s-labs.github.io/helm-charts/
  version: 5.1.0
- name: valkey
  repository: oci://harbor.alexlebens.net/helm-charts
  version: 1.1.0
- name: postgres-cluster
  repository: oci://harbor.alexlebens.net/helm-charts
  version: 8.4.2
- name: garage-bucket
  repository: oci://harbor.alexlebens.net/helm-charts
  version: 0.3.12
digest: sha256:779ea568603c3608b95846d089f0e34b2ed213183df6561034a2223a14f3003b
generated: "2026-08-25T23:12:01.270010467Z"
