dependencies:
- name: app-template
  repository: https://bjw-s-labs.github.io/helm-charts/
  version: 5.1.0
- name: valkey
  repository: oci://harbor.alexlebens.net/helm-charts
  version: 1.1.1
- name: postgres-cluster
  repository: oci://harbor.alexlebens.net/helm-charts
  version: 8.4.3
- name: garage-bucket
  repository: oci://harbor.alexlebens.net/helm-charts
  version: 0.3.12
digest: sha256:dbd33b18e4292f7519ec1d2726030e377fd7d688759432fae0ea76ffba9358c5
generated: "2026-08-26T01:02:02.059307744Z"
