dependencies:
- name: app-template
  repository: https://bjw-s-labs.github.io/helm-charts/
  version: 5.1.0
- name: cloudflared
  repository: oci://harbor.alexlebens.net/helm-charts
  version: 4.3.1
- name: common-helpers
  repository: oci://harbor.alexlebens.net/helm-charts
  version: 0.4.1
digest: sha256:8845b3d6ad7a4828ba31f38b028b9f282908de451e94cc2cc4f9f915be604ef7
generated: "2026-08-26T01:40:29.848052721Z"
