dependencies:
- name: app-template
  repository: https://bjw-s-labs.github.io/helm-charts/
  version: 5.1.0
- name: cloudflared
  repository: oci://harbor.alexlebens.dev/helm-charts
  version: 4.3.2
- name: common-helpers
  repository: oci://harbor.alexlebens.dev/helm-charts
  version: 0.4.1
digest: sha256:3b580157e0435866661deff7552e40c29a4e9350101637f585d4d6fb8206478b
generated: "2026-09-06T05:05:14.283977693Z"
