dependencies:
- name: app-template
  repository: https://bjw-s-labs.github.io/helm-charts/
  version: 5.0.1
- name: cloudflared
  repository: oci://harbor.alexlebens.net/helm-charts
  version: 3.4.1
digest: sha256:7c4dfd1bc5ace0287454c6b8e59db30c62765d83b064cf2c6179309623b68c25
generated: "2026-06-18T16:46:55.128797-05:00"
