dependencies:
- name: app-template
  repository: https://bjw-s-labs.github.io/helm-charts/
  version: 5.0.1
- name: mariadb-cluster
  repository: https://helm.mariadb.com/mariadb-operator
  version: 26.3.0
- name: volsync-target
  repository: oci://harbor.alexlebens.net/helm-charts
  version: 2.0.0
digest: sha256:4eba9af92ba90b1ee08c1a7cf60d37fdabbde58c8490c783e11fe55c1864847d
generated: "2026-05-14T19:19:34.565874-05:00"
