dependencies:
- name: app-template
  repository: https://bjw-s-labs.github.io/helm-charts/
  version: 5.0.1
- name: mariadb-cluster
  repository: https://helm.mariadb.com/mariadb-operator
  version: 26.6.0
- name: volsync-target
  repository: oci://harbor.alexlebens.net/helm-charts
  version: 2.2.0
digest: sha256:84dec5215ea10ab3730664e7faa7afc5d42a24d063a184c56a85697fe563f4f4
generated: "2026-07-02T18:49:47.417279755Z"
