dependencies:
- name: app-template
  repository: https://bjw-s-labs.github.io/helm-charts/
  version: 5.0.1
- name: mariadb-cluster
  repository: https://helm.mariadb.com/mariadb-operator
  version: 26.6.0
- name: volsync-target
  repository: oci://harbor.alexlebens.net/helm-charts
  version: 2.1.0
digest: sha256:93390994986519020cf9a35bba404166a4ef04e9a16a49e9e0f80710aaae72ff
generated: "2026-06-11T19:51:30.288872089Z"
