dependencies:
- name: app-template
  repository: https://bjw-s-labs.github.io/helm-charts/
  version: 5.0.0
- name: cloudflared
  repository: oci://harbor.alexlebens.net/helm-charts
  version: 3.3.0
digest: sha256:5320490b366f4e5ebdc67ad852b952b03c6e82e024ca21423c0d975d2efde92c
generated: "2026-05-14T14:07:04.830760088Z"
