dependencies:
- name: app-template
  repository: https://bjw-s-labs.github.io/helm-charts/
  version: 4.6.2
- name: cloudflared
  repository: oci://harbor.alexlebens.net/helm-charts
  version: 2.5.0
digest: sha256:07260971d1d5532150e8434f25367b78cf7fcf93077ad8c8c3f161f8f524d7bb
generated: "2026-04-10T01:19:11.015701948Z"
