dependencies:
- name: app-template
  repository: https://bjw-s-labs.github.io/helm-charts/
  version: 4.6.0
- name: cloudflared
  repository: oci://harbor.alexlebens.net/helm-charts
  version: 2.1.6
digest: sha256:c33f2006ef86895f366d735590870f49811c604558ea89f43aa13ec91cceb667
generated: "2026-01-08T23:04:40.944615738Z"
