dependencies:
- name: app-template
  repository: https://bjw-s-labs.github.io/helm-charts/
  version: 4.5.0
- name: postgres-cluster
  repository: oci://harbor.alexlebens.net/helm-charts
  version: 6.17.1
- name: postgres-cluster
  repository: oci://harbor.alexlebens.net/helm-charts
  version: 6.17.1
digest: sha256:e7adcf87b5a5dffabb31eb587ee1a1148d07aaa9ec3facc09700c0d474678982
generated: "2025-12-14T17:10:35.678235-06:00"
