dependencies:
- name: app-template
  repository: https://bjw-s-labs.github.io/helm-charts/
  version: 4.6.2
- name: postgres-cluster
  repository: oci://harbor.alexlebens.net/helm-charts
  version: 7.4.5
- name: volsync-target
  repository: oci://harbor.alexlebens.net/helm-charts
  version: 0.7.0
digest: sha256:272b36845295f53420acb20f5dc26696aca679c56e7320f0b82db545ee49ada5
generated: "2026-01-16T18:54:50.121762808Z"
