dependencies:
- name: app-template
  repository: https://bjw-s-labs.github.io/helm-charts/
  version: 4.5.0
- name: postgres-cluster
  repository: oci://harbor.alexlebens.net/helm-charts
  version: 6.17.1
digest: sha256:36313ea89842c8b33b5610e5f395fe306ef29ac214170813d90c9fbd0e9c9b37
generated: "2025-12-14T17:18:10.098433-06:00"
