dependencies:
- name: app-template
  repository: https://bjw-s-labs.github.io/helm-charts/
  version: 5.1.0
- name: postgres-cluster
  repository: oci://harbor.alexlebens.net/helm-charts
  version: 8.4.2
- name: volsync-target
  repository: oci://harbor.alexlebens.net/helm-charts
  version: 2.2.1
digest: sha256:33f788866f5ca597f9feee22176a07fd0efdd0331c34864c02ba57f1a91ae705
generated: "2026-08-16T18:15:31.692909934Z"
