dependencies:
- name: app-template
  repository: https://bjw-s-labs.github.io/helm-charts/
  version: 5.0.1
- name: postgres-cluster
  repository: oci://harbor.alexlebens.net/helm-charts
  version: 7.12.1
- name: volsync-target
  repository: oci://harbor.alexlebens.net/helm-charts
  version: 2.0.0
digest: sha256:7f69212a6f7441dbce5e8f8e4785aec83ccd2688acfd0b3440cb3acb33d19f10
generated: "2026-05-15T00:40:25.501189942Z"
