dependencies:
- name: prometheus-blackbox-exporter
  repository: oci://ghcr.io/prometheus-community/charts
  version: 11.18.0
- name: prometheus-blackbox-exporter
  repository: oci://ghcr.io/prometheus-community/charts
  version: 11.18.0
- name: common-helpers
  repository: oci://harbor.alexlebens.dev/helm-charts
  version: 0.5.0
digest: sha256:a40dac5d3795de600e2aec93b74314cf2bdac9e5aad78bfd3c786ae9719e6d06
generated: "2026-09-10T20:11:36.729767-05:00"
