dependencies:
- name: prometheus-blackbox-exporter
  repository: oci://ghcr.io/prometheus-community/charts
  version: 11.19.1
- name: prometheus-blackbox-exporter
  repository: oci://ghcr.io/prometheus-community/charts
  version: 11.19.1
- name: common-helpers
  repository: oci://harbor.alexlebens.dev/helm-charts
  version: 1.2.0
digest: sha256:1a8bb8c900e5b55a0cc99ff1f2c76f1f74e96526fc2ffc87d5f15eaf922a5147
generated: "2026-09-29T23:09:12.807625391Z"
