dependencies:
- name: prometheus-blackbox-exporter
  repository: oci://ghcr.io/prometheus-community/charts
  version: 11.20.0
- name: prometheus-blackbox-exporter
  repository: oci://ghcr.io/prometheus-community/charts
  version: 11.20.0
- name: common-helpers
  repository: oci://harbor.alexlebens.dev/helm-charts
  version: 1.2.0
digest: sha256:2ae5af6a252e60b4ad9ebab395d1d49fdc9fa2fa966aad3e88907f15ed155e17
generated: "2026-10-07T18:10:03.554479772Z"
