dependencies:
- name: app-template
  repository: https://bjw-s-labs.github.io/helm-charts/
  version: 5.1.0
- name: common-helpers
  repository: oci://harbor.alexlebens.dev/helm-charts
  version: 0.4.1
digest: sha256:f65bcaae75b408fc53c605d982b858da17295d73dbd25279cf4ffe506300fa0b
generated: "2026-08-27T17:24:19.170745-05:00"
