dependencies:
- name: app-template
  repository: https://bjw-s-labs.github.io/helm-charts/
  version: 5.1.0
- name: common-helpers
  repository: oci://harbor.alexlebens.dev/helm-charts
  version: 0.6.0
digest: sha256:4e9fb8a18f403d2cb0981d561c50c24821262cc84bc4be99f1db3b8d3b2b585a
generated: "2026-09-10T20:23:37.706593-05:00"
