dependencies:
- name: app-template
  repository: https://bjw-s-labs.github.io/helm-charts/
  version: 5.2.1
- name: common-helpers
  repository: oci://harbor.alexlebens.dev/helm-charts
  version: 0.6.0
digest: sha256:f13715b92b42a48663db1a9653ff556bf6e0f6c7a8e33dedec7562db6240ba7b
generated: "2026-09-17T19:10:52.990763754Z"
