dependencies:
- name: app-template
  repository: https://bjw-s-labs.github.io/helm-charts/
  version: 4.6.2
- name: postgres-cluster
  repository: oci://harbor.alexlebens.net/helm-charts
  version: 7.10.0
- name: volsync-target
  repository: oci://harbor.alexlebens.net/helm-charts
  version: 0.8.0
digest: sha256:05ce0d746d9c42a00338df5e6673fde8baeefa6f598ef8c85a32e6bc393b94ca
generated: "2026-03-15T20:09:03.538226001Z"
