dependencies:
- name: app-template
  repository: https://bjw-s-labs.github.io/helm-charts/
  version: 4.5.0
- name: postgres-cluster
  repository: oci://harbor.alexlebens.net/helm-charts
  version: 6.16.1
digest: sha256:a7712d58905a3590a101d786e14851e3dc763208613aad7363b79c733301fba8
generated: "2025-12-05T17:11:48.546685603Z"
