dependencies:
- name: app-template
  repository: https://bjw-s-labs.github.io/helm-charts/
  version: 5.1.0
- name: postgres-cluster
  repository: oci://harbor.alexlebens.net/helm-charts
  version: 8.4.3
- name: volsync-target
  repository: oci://harbor.alexlebens.net/helm-charts
  version: 2.2.1
digest: sha256:1eb680fa759d0393090d1d6d612b48f2739ed73d0e58e881b9488667b1ae6e71
generated: "2026-08-26T00:38:57.166622063Z"
