dependencies:
- name: node-feature-discovery
  repository: oci://registry.k8s.io/nfd/charts
  version: 0.19.0
- name: common-helpers
  repository: oci://harbor.alexlebens.dev/helm-charts
  version: 1.2.0
digest: sha256:3e5dc8eb8e3f1230291beb694ecaef75515f45c3ee14b0f2683254c62ebff3bc
generated: "2026-09-29T23:22:18.786240118Z"
