dependencies:
- name: node-feature-discovery
  repository: oci://registry.k8s.io/nfd/charts
  version: 0.19.0
- name: common-helpers
  repository: oci://harbor.alexlebens.dev/helm-charts
  version: 0.4.1
digest: sha256:da555264bbc3f852e0b29a8bbbdd3656822100f4fb90b17cba741644fbc06d64
generated: "2026-08-27T17:15:46.457502-05:00"
