dependencies:
- name: node-feature-discovery
  repository: oci://registry.k8s.io/nfd/charts
  version: 0.19.0
- name: common-helpers
  repository: oci://harbor.alexlebens.dev/helm-charts
  version: 0.6.0
digest: sha256:3c71b6794e896fb22a66f4ab762b6299865ea192ba1f41f920f8cda240c24dbc
generated: "2026-09-11T22:07:45.222747151Z"
