dependencies:
- name: cert-manager
  repository: https://charts.jetstack.io
  version: v1.21.2
- name: common-helpers
  repository: oci://harbor.alexlebens.dev/helm-charts
  version: 0.6.0
digest: sha256:424027e066c32bbcb003f4141d8fbd6a441f6e1d0c4c375cb96967c7a66a52c7
generated: "2026-09-11T22:04:21.10239676Z"
