dependencies:
- name: cert-manager
  repository: https://charts.jetstack.io
  version: v1.21.1
- name: common-helpers
  repository: oci://harbor.alexlebens.net/helm-charts
  version: 0.4.1
digest: sha256:479e1356e5a3f87f77e14ed277f943b6593012b5582af62fc8904b363079563f
generated: "2026-08-26T01:40:44.464442426Z"
