dependencies:
- name: cert-manager
  repository: https://charts.jetstack.io
  version: v1.21.2
- name: common-helpers
  repository: oci://harbor.alexlebens.dev/helm-charts
  version: 0.5.0
digest: sha256:377543cdfee9041eacfdbc251d020ffe3d2e85bbd3a7fd2edc6607d1c9e50d80
generated: "2026-09-11T22:00:24.994685717Z"
