dependencies:
- name: app-template
  repository: https://bjw-s-labs.github.io/helm-charts/
  version: 4.6.2
- name: mariadb-cluster
  repository: https://helm.mariadb.com/mariadb-operator
  version: 25.10.4
- name: volsync-target
  repository: oci://harbor.alexlebens.net/helm-charts
  version: 0.8.0
- name: volsync-target
  repository: oci://harbor.alexlebens.net/helm-charts
  version: 0.8.0
digest: sha256:d4c7bf75f72f7eab4ad968bf9f55daac9392c9b2df08f8a27c5dc4f8fffb5f57
generated: "2026-03-06T01:06:05.696573273Z"
