dependencies:
- name: app-template
  repository: https://bjw-s-labs.github.io/helm-charts/
  version: 4.4.0
- name: mariadb-cluster
  repository: https://helm.mariadb.com/mariadb-operator
  version: 25.10.2
digest: sha256:264725306c1d1f38140293c0820abdc7e8aa4f39764b4d91e20200705ce2ec91
generated: "2025-11-30T21:05:24.649316-06:00"
