dependencies:
- name: app-template
  repository: https://bjw-s-labs.github.io/helm-charts/
  version: 4.6.2
- name: mariadb-cluster
  repository: https://helm.mariadb.com/mariadb-operator
  version: 25.10.4
- name: volsync-target
  repository: oci://harbor.alexlebens.net/helm-charts
  version: 0.7.0
- name: volsync-target
  repository: oci://harbor.alexlebens.net/helm-charts
  version: 0.7.0
digest: sha256:81601af110374e1571481873ace19f7bc694edb917ef35c1fbc623efe147a66d
generated: "2026-01-16T18:45:33.641059484Z"
