dependencies:
- name: app-template
  repository: https://bjw-s-labs.github.io/helm-charts/
  version: 4.6.2
- name: cloudflared
  repository: oci://harbor.alexlebens.net/helm-charts
  version: 2.3.0
- name: volsync-target
  repository: oci://harbor.alexlebens.net/helm-charts
  version: 0.8.0
digest: sha256:13a5bb68bf58c7bf00771a804e3d7291f52e0519b1cf9bece266164dd4bfe5b8
generated: "2026-03-06T01:06:30.41359289Z"
