dependencies:
- name: app-template
  repository: https://bjw-s-labs.github.io/helm-charts/
  version: 4.5.0
- name: cloudflared
  repository: oci://harbor.alexlebens.net/helm-charts
  version: 2.1.1
- name: volsync-target
  repository: oci://harbor.alexlebens.net/helm-charts
  version: 0.5.0
digest: sha256:17664adff443bf03bf86c33fb497cfda0e8eab6ec471f2d90eed98de6653a0ad
generated: "2025-12-17T17:51:16.499894-06:00"
