dependencies:
- name: app-template
  repository: https://bjw-s-labs.github.io/helm-charts/
  version: 4.6.2
- name: cloudflared
  repository: oci://harbor.alexlebens.net/helm-charts
  version: 2.4.0
- name: volsync-target
  repository: oci://harbor.alexlebens.net/helm-charts
  version: 0.8.0
digest: sha256:dee0f52096efc543f4db3a5dc2732fd37ae9b7950b264e399a6e74c2f3e7cee6
generated: "2026-03-09T22:04:00.58415637Z"
