dependencies:
- name: vault
  repository: https://helm.releases.hashicorp.com
  version: 0.32.0
- name: app-template
  repository: https://bjw-s-labs.github.io/helm-charts/
  version: 4.6.0
- name: app-template
  repository: https://bjw-s-labs.github.io/helm-charts/
  version: 4.6.0
digest: sha256:a4f54f2590c11377d1ca5d804ef3acf2564c4f4ac8e20376583f2779a49cb0bc
generated: "2026-01-16T18:05:43.1677868Z"
