dependencies:
- name: vault
  repository: https://helm.releases.hashicorp.com
  version: 0.32.0
- name: app-template
  repository: https://bjw-s-labs.github.io/helm-charts/
  version: 4.6.2
- name: app-template
  repository: https://bjw-s-labs.github.io/helm-charts/
  version: 4.6.2
digest: sha256:dc45d54e0c709d064e939b115026c41f39ff33eae59a9c30435f05f812859cd0
generated: "2026-01-16T18:56:20.8429191Z"
