dependencies:
- name: vault
  repository: https://helm.releases.hashicorp.com
  version: 0.31.0
- name: app-template
  repository: https://bjw-s-labs.github.io/helm-charts/
  version: 4.5.0
- name: app-template
  repository: https://bjw-s-labs.github.io/helm-charts/
  version: 4.5.0
- name: app-template
  repository: https://bjw-s-labs.github.io/helm-charts/
  version: 4.5.0
digest: sha256:e8e25bec9d45503f18ed4bdcafe02465d53481d18705a54e069da67d0e33a403
generated: "2025-12-19T22:15:41.082106-06:00"
