dependencies:
- name: argo-workflows
  repository: https://argoproj.github.io/argo-helm
  version: 0.46.1
- name: argo-events
  repository: https://argoproj.github.io/argo-helm
  version: 2.4.18
- name: postgres-cluster
  repository: oci://harbor.alexlebens.net/helm-charts
  version: 6.16.1
digest: sha256:6cc24f6ce2b7f67c2eeab9bb6f64ebfedc082a2e809fc1f03f691f99a3006143
generated: "2025-12-04T01:01:06.532396136Z"
