dependencies:
- name: argo-workflows
  repository: https://argoproj.github.io/argo-helm
  version: 0.45.28
- name: argo-events
  repository: https://argoproj.github.io/argo-helm
  version: 2.4.17
- name: postgres-cluster
  repository: oci://harbor.alexlebens.net/helm-charts
  version: 6.16.0
digest: sha256:b00fd479a9d9e606661b3799182c8e24395b4f531f8d2bda87bdc5db16a8d66c
generated: "2025-12-01T19:55:40.18149-06:00"
