dependencies:
- name: argo-workflows
  repository: https://argoproj.github.io/argo-helm
  version: 0.46.2
- name: argo-events
  repository: https://argoproj.github.io/argo-helm
  version: 2.4.19
- name: postgres-cluster
  repository: oci://harbor.alexlebens.net/helm-charts
  version: 7.1.4
digest: sha256:00c41114fb6f1b408ad5667779eead345f8d2dbc0a5383494fa6e98e6686fcad
generated: "2025-12-21T19:01:39.778602988Z"
