dependencies:
- name: app-template
  repository: https://bjw-s-labs.github.io/helm-charts/
  version: 5.1.0
- name: volsync-target
  repository: oci://harbor.alexlebens.net/helm-charts
  version: 2.2.1
- name: common-helpers
  repository: oci://harbor.alexlebens.net/helm-charts
  version: 0.3.0
digest: sha256:5d7f4cc3bc00832be1c6d5ee005de59dd9dc2ea00e523b7ee1d6e9876b98e731
generated: "2026-08-25T16:49:47.036144-05:00"
