dependencies:
- name: app-template
  repository: https://bjw-s-labs.github.io/helm-charts/
  version: 5.0.1
- name: volsync-target
  repository: oci://harbor.alexlebens.net/helm-charts
  version: 2.2.0
digest: sha256:6ee39fe68c83bbee6be6d91d56880b8411b0097285ae11551fb520162ee2e508
generated: "2026-07-02T18:47:47.523771746Z"
