dependencies:
- name: app-template
  repository: https://bjw-s-labs.github.io/helm-charts/
  version: 5.0.1
- name: volsync-target
  repository: oci://harbor.alexlebens.net/helm-charts
  version: 2.0.0
digest: sha256:cefbc682239406e67d7f05887c9155742d7566f1ebe0b303dd3b160f1b28aa49
generated: "2026-05-15T00:28:22.250508809Z"
