dependencies:
- name: intel-device-plugins-operator
  repository: https://intel.github.io/helm-charts/
  version: 0.34.0
- name: intel-device-plugins-gpu
  repository: https://intel.github.io/helm-charts/
  version: 0.34.1
digest: sha256:dbfe08e0ce5ba59ee56dec4ad49eda24c99d45934602c88f50f2d11336302a25
generated: "2025-12-12T08:01:53.830078355Z"
