dependencies:
- name: intel-device-plugins-operator
  repository: https://intel.github.io/helm-charts/
  version: 0.37.0
- name: intel-device-plugins-gpu
  repository: https://intel.github.io/helm-charts/
  version: 0.37.0
- name: common-helpers
  repository: oci://harbor.alexlebens.dev/helm-charts
  version: 0.6.0
digest: sha256:8d6e77f50f0702d4b40c5c007dba41026cde7873a445b598e7b07856ef442b43
generated: "2026-09-21T17:11:26.86425563Z"
