dependencies:
- name: intel-device-plugins-operator
  repository: https://intel.github.io/helm-charts/
  version: 0.36.0
- name: intel-device-plugins-gpu
  repository: https://intel.github.io/helm-charts/
  version: 0.36.0
- name: common-helpers
  repository: oci://harbor.alexlebens.dev/helm-charts
  version: 0.4.1
digest: sha256:a859c14527d330cae18319742827d9ac31c1867b055e68a774b6e25001bfa521
generated: "2026-08-26T19:44:42.584421-05:00"
