dependencies:
- name: app-template
  repository: https://bjw-s-labs.github.io/helm-charts/
  version: 4.5.0
- name: volsync-target
  repository: oci://harbor.alexlebens.net/helm-charts
  version: 0.6.0
digest: sha256:5df38c1b38d310e20b905a22a6224849c4c806ce8b31688cd8caa16e286d5cd3
generated: "2025-12-18T02:45:24.918485555Z"
