dependencies:
- name: app-template
  repository: https://bjw-s-labs.github.io/helm-charts/
  version: 4.6.2
- name: volsync-target
  repository: oci://harbor.alexlebens.net/helm-charts
  version: 0.7.0
digest: sha256:a3df74f75bbc4aa303a70031732c8727a19d516deb106996c035e30e8ef103c4
generated: "2026-01-16T18:47:16.606690576Z"
