dependencies:
- name: app-template
  repository: https://bjw-s-labs.github.io/helm-charts/
  version: 4.5.0
- name: volsync-target
  repository: oci://harbor.alexlebens.net/helm-charts
  version: 0.7.0
digest: sha256:f86c0c4efcba787557a71051409c43793c970244cfbb45b305a3bf612f64bff7
generated: "2025-12-27T13:30:49.841027-06:00"
