dependencies:
- name: jellyfin
  repository: https://jellyfin.github.io/jellyfin-helm
  version: 3.2.0
- name: meilisearch
  repository: https://meilisearch.github.io/meilisearch-kubernetes
  version: 0.37.0
digest: sha256:816c5631326538fa6133c1da24943661f31d94fa39e55d5920def664abb42307
generated: "2026-08-12T18:36:30.64431942Z"
