dependencies:
- name: jellyfin
  repository: https://jellyfin.github.io/jellyfin-helm
  version: 3.2.0
- name: meilisearch
  repository: https://meilisearch.github.io/meilisearch-kubernetes
  version: 0.36.0
digest: sha256:7ec1cb19104988513b892510e11565ffb578c06f411460b58eab23cb595bb423
generated: "2026-08-10T20:12:42.093773-05:00"
