dependencies:
- name: jellyfin
  repository: https://jellyfin.github.io/jellyfin-helm
  version: 3.2.0
- name: meilisearch
  repository: https://meilisearch.github.io/meilisearch-kubernetes
  version: 0.38.0
digest: sha256:bec0d2812dc6577c833a5eb54ca839635ff3b09a15792a214477aca27a52ad92
generated: "2026-08-14T21:05:45.370845242Z"
