dependencies:
- name: app-template
  repository: https://bjw-s-labs.github.io/helm-charts/
  version: 5.2.1
- name: garage-bucket
  repository: oci://harbor.alexlebens.dev/helm-charts
  version: 0.4.4
- name: common-helpers
  repository: oci://harbor.alexlebens.dev/helm-charts
  version: 0.6.0
digest: sha256:0573dd9aa76def2644c641b845890fa33ea67628e74c1facb91df1149d2a8f5a
generated: "2026-09-22T21:10:43.271644311Z"
