dependencies:
- name: app-template
  repository: https://bjw-s-labs.github.io/helm-charts/
  version: 5.2.1
- name: garage-bucket
  repository: oci://harbor.alexlebens.dev/helm-charts
  version: 0.4.3
- name: common-helpers
  repository: oci://harbor.alexlebens.dev/helm-charts
  version: 0.6.0
digest: sha256:9fb63aacf463338e2d48656fa97e34851b4f220d5f71374d3da7793559c2488e
generated: "2026-09-21T15:24:26.10534-05:00"
