dependencies:
- name: app-template
  repository: https://bjw-s-labs.github.io/helm-charts/
  version: 5.2.1
- name: s3-bucket
  repository: oci://harbor.alexlebens.dev/helm-charts
  version: 0.8.0
- name: common-helpers
  repository: oci://harbor.alexlebens.dev/helm-charts
  version: 1.2.0
digest: sha256:ec86f085d87a968bb129fbccf634de58b508a01c7bd15cff9414592a6ad5a6c0
generated: "2026-10-06T20:52:03.921691-05:00"
