dependencies:
- name: app-template
  repository: https://bjw-s-labs.github.io/helm-charts/
  version: 4.5.0
- name: volsync-target
  repository: oci://harbor.alexlebens.net/helm-charts
  version: 0.6.0
digest: sha256:ca1dd0e86544b79c9e3048447a2f7613317df0ab11118bbeabceb32e845119d2
generated: "2025-12-18T02:45:45.65978763Z"
