dependencies:
- name: app-template
  repository: https://bjw-s-labs.github.io/helm-charts/
  version: 4.6.2
- name: meilisearch
  repository: https://meilisearch.github.io/meilisearch-kubernetes
  version: 0.25.1
- name: volsync-target
  repository: oci://harbor.alexlebens.net/helm-charts
  version: 0.7.0
digest: sha256:4b8625f5a6ccb09509e78b76508f87ac2b759ca8d02ed6d94937e8047458ce20
generated: "2026-02-03T18:05:45.036614395Z"
