dependencies:
- name: app-template
  repository: https://bjw-s-labs.github.io/helm-charts/
  version: 4.6.0
- name: meilisearch
  repository: https://meilisearch.github.io/meilisearch-kubernetes
  version: 0.21.0
- name: volsync-target
  repository: oci://harbor.alexlebens.net/helm-charts
  version: 0.7.0
digest: sha256:929d60a75b1b07ed87274e09b398e3289aa7f94f0166408198bfd60e87f072a0
generated: "2026-01-15T22:13:34.825853057Z"
