dependencies:
- name: garage-ui
  repository: https://helm.noste.dev/
  version: 0.13.0
- name: pocket-id-client
  repository: oci://harbor.alexlebens.dev/helm-charts
  version: 0.4.1
- name: common-helpers
  repository: oci://harbor.alexlebens.dev/helm-charts
  version: 1.2.0
digest: sha256:46f90a1971c71a9d1dc07cfb07f487d7eb3f2ac79864e90030d3f79caedb5694
generated: "2026-10-06T18:14:28.108772-05:00"
