dependencies:
- name: app-template
  repository: https://bjw-s-labs.github.io/helm-charts/
  version: 5.2.1
- name: pocket-id-client
  repository: oci://harbor.alexlebens.dev/helm-charts
  version: 0.2.5
- name: postgres-cluster
  repository: oci://harbor.alexlebens.dev/helm-charts
  version: 8.4.3
- name: volsync-target
  repository: oci://harbor.alexlebens.dev/helm-charts
  version: 2.4.0
- name: common-helpers
  repository: oci://harbor.alexlebens.dev/helm-charts
  version: 0.6.0
digest: sha256:108b71edf621c92dfb7ea8d8a5dabb50aca7117e27228919ee1a32b77a49cef2
generated: "2026-09-22T23:01:23.740738992Z"
