dependencies:
- name: app-template
  repository: https://bjw-s-labs.github.io/helm-charts/
  version: 5.2.1
- name: pocket-id-client
  repository: oci://harbor.alexlebens.dev/helm-charts
  version: 0.3.0
- name: postgres-cluster
  repository: oci://harbor.alexlebens.dev/helm-charts
  version: 8.4.3
- name: volsync-target
  repository: oci://harbor.alexlebens.dev/helm-charts
  version: 2.4.0
- name: common-helpers
  repository: oci://harbor.alexlebens.dev/helm-charts
  version: 0.6.0
digest: sha256:2c8d3ebc9a28ec4b1596e81b5537cd696506c05f00ec9d5b8ef57cd487603a3e
generated: "2026-09-25T19:48:27.240077129Z"
