dependencies:
- name: app-template
  repository: https://bjw-s-labs.github.io/helm-charts/
  version: 5.2.1
- name: pocket-id-client
  repository: oci://harbor.alexlebens.dev/helm-charts
  version: 0.4.1
- name: postgres-cluster
  repository: oci://harbor.alexlebens.dev/helm-charts
  version: 8.5.0
- name: volsync-target
  repository: oci://harbor.alexlebens.dev/helm-charts
  version: 3.0.0
- name: common-helpers
  repository: oci://harbor.alexlebens.dev/helm-charts
  version: 1.2.0
digest: sha256:ce9a84eeb16b6d1d3bbd5e1685c1567ee25dfd570cc8d1c23409db8cadb311dd
generated: "2026-10-10T12:54:05.738772-05:00"
