dependencies:
- name: app-template
  repository: https://bjw-s-labs.github.io/helm-charts/
  version: 5.2.1
- name: mariadb-cluster
  repository: https://helm.mariadb.com/mariadb-operator
  version: 26.10.1
- name: pocket-id-client
  repository: oci://harbor.alexlebens.dev/helm-charts
  version: 0.2.5
- name: common-helpers
  repository: oci://harbor.alexlebens.dev/helm-charts
  version: 0.6.0
digest: sha256:5cfc584bbe7120fba229398a5b1a35cd32c4d96cbfa2a35aa68fc21b5644b9b6
generated: "2026-09-23T01:28:26.968876695Z"
