dependencies:
- name: app-template
  repository: https://bjw-s-labs.github.io/helm-charts/
  version: 5.2.1
- name: mariadb-cluster
  repository: https://helm.mariadb.com/mariadb-operator
  version: 26.10.1
- name: pocket-id-client
  repository: oci://harbor.alexlebens.dev/helm-charts
  version: 0.4.1
- name: common-helpers
  repository: oci://harbor.alexlebens.dev/helm-charts
  version: 1.2.0
digest: sha256:3f7da4b51e06eabe92870212c3632dbf85587ea92901e2f4f6ef25702c6ea2ab
generated: "2026-10-06T00:25:45.582665836Z"
