dependencies:
- name: app-template
  repository: https://bjw-s-labs.github.io/helm-charts/
  version: 5.3.0
- name: mariadb-cluster
  repository: https://helm.mariadb.com/mariadb-operator
  version: 26.10.1
- name: pocket-id-client
  repository: oci://harbor.alexlebens.dev/helm-charts
  version: 0.4.1
- name: common-helpers
  repository: oci://harbor.alexlebens.dev/helm-charts
  version: 1.2.0
digest: sha256:b07dee0eabefd2aca2919c32037d9dd4700eec2ebcc89036e297320230008423
generated: "2026-10-10T22:46:09.490006189Z"
