dependencies:
- name: app-template
  repository: https://bjw-s-labs.github.io/helm-charts/
  version: 5.1.0
- name: volsync-target
  repository: oci://harbor.alexlebens.net/helm-charts
  version: 2.2.2
digest: sha256:ac6dd0a8dfe398a15286d24dc0de55d095263d04a88a03a0ce91a9648713642b
generated: "2026-08-26T01:19:00.287790377Z"
