dependencies:
- name: app-template
  repository: https://bjw-s-labs.github.io/helm-charts/
  version: 5.2.1
- name: volsync-target
  repository: oci://harbor.alexlebens.dev/helm-charts
  version: 3.0.0
- name: common-helpers
  repository: oci://harbor.alexlebens.dev/helm-charts
  version: 1.2.0
digest: sha256:be6629c4ddb29d0763f8570f808863c80f1c21543a9562868c13100d66fc880d
generated: "2026-10-04T02:09:39.534913265Z"
