dependencies:
- name: app-template
  repository: https://bjw-s-labs.github.io/helm-charts/
  version: 5.1.0
- name: volsync-target
  repository: oci://harbor.alexlebens.dev/helm-charts
  version: 2.3.0
- name: common-helpers
  repository: oci://harbor.alexlebens.dev/helm-charts
  version: 0.4.1
digest: sha256:6e199ddfdcc608206a07c67517ea09b0dc3837f879265c238c96599aaae50315
generated: "2026-09-07T01:30:07.382674226Z"
