dependencies:
- name: app-template
  repository: https://bjw-s-labs.github.io/helm-charts/
  version: 5.0.0
- name: postgres-cluster
  repository: oci://harbor.alexlebens.net/helm-charts
  version: 7.12.1
- name: volsync-target
  repository: oci://harbor.alexlebens.net/helm-charts
  version: 1.1.1
digest: sha256:040dd2344257e67aaa6f823f5b4c3c526009820cb2d89d60780e4cc46cef835c
generated: "2026-05-07T20:49:12.236883037Z"
