dependencies:
- name: app-template
  repository: https://bjw-s-labs.github.io/helm-charts/
  version: 4.4.0
- name: postgres-cluster
  repository: oci://harbor.alexlebens.net/helm-charts
  version: 6.16.0
digest: sha256:9e80b01f4667b8f8646f813b0831161ef6c6913132c212b9ffa94efe60364c76
generated: "2025-12-01T20:26:47.169848-06:00"
