dependencies:
- name: app-template
  repository: https://bjw-s-labs.github.io/helm-charts/
  version: 5.1.0
- name: postgres-cluster
  repository: oci://harbor.alexlebens.dev/helm-charts
  version: 8.4.3
- name: volsync-target
  repository: oci://harbor.alexlebens.dev/helm-charts
  version: 2.2.2
- name: common-helpers
  repository: oci://harbor.alexlebens.dev/helm-charts
  version: 0.4.1
digest: sha256:e57a7aebce17d6a42543165ceabbf977001aaf9b316a7794253c47974884c5b4
generated: "2026-08-27T17:22:44.464371-05:00"
