dependencies:
- name: app-template
  repository: https://bjw-s-labs.github.io/helm-charts/
  version: 4.5.0
- name: postgres-cluster
  repository: oci://harbor.alexlebens.net/helm-charts
  version: 7.1.4
- name: volsync-target
  repository: oci://harbor.alexlebens.net/helm-charts
  version: 0.6.0
digest: sha256:c531cfe041d66e9472dd51bca6f7c383821bb8227991d2fc1b72ae6680ec7133
generated: "2025-12-21T19:06:41.167414266Z"
