dependencies:
- name: app-template
  repository: https://bjw-s-labs.github.io/helm-charts/
  version: 4.6.2
- name: postgres-cluster
  repository: oci://harbor.alexlebens.net/helm-charts
  version: 7.12.1
- name: volsync-target
  repository: oci://harbor.alexlebens.net/helm-charts
  version: 0.8.0
digest: sha256:c809622fed74efee767d3681fcd6b16f80d6e31195149d281267aa0e7d2f76fe
generated: "2026-04-24T21:59:37.53838858Z"
