dependencies:
- name: app-template
  repository: https://bjw-s-labs.github.io/helm-charts/
  version: 4.4.0
- name: postgres-cluster
  repository: oci://harbor.alexlebens.net/helm-charts
  version: 6.16.0
digest: sha256:bf4ddb79b0fa0e266d5c5a18e37508bd1e4eaac98ad8c373c4bb44dba4a17fd0
generated: "2025-11-30T21:07:41.680426-06:00"
