dependencies:
- name: app-template
  repository: https://bjw-s-labs.github.io/helm-charts/
  version: 5.2.1
- name: common-helpers
  repository: oci://harbor.alexlebens.dev/helm-charts
  version: 1.2.0
digest: sha256:94bbeb427538039ec51e7cdcbf465110c70da1ce17ce2350c3e6614dfe72f768
generated: "2026-09-29T23:28:10.966071972Z"
