dependencies:
- name: app-template
  repository: https://bjw-s-labs.github.io/helm-charts/
  version: 5.1.0
- name: common-helpers
  repository: oci://harbor.alexlebens.dev/helm-charts
  version: 0.4.1
digest: sha256:f6f92d7effd81dc0a327965b129403bc0b8c21f5d8b091bc104bb941b9e0a85f
generated: "2026-08-27T19:07:53.266235-05:00"
