dependencies:
- name: app-template
  repository: https://bjw-s-labs.github.io/helm-charts/
  version: 5.1.0
- name: common-helpers
  repository: oci://harbor.alexlebens.dev/helm-charts
  version: 0.5.0
digest: sha256:4af7d4c276c2bbddf8b02365878f10db8304c1a9732406823919d66a66f47c86
generated: "2026-09-07T15:25:59.620262689Z"
