dependencies:
- name: app-template
  repository: https://bjw-s-labs.github.io/helm-charts/
  version: 4.6.2
- name: volsync-target
  repository: oci://harbor.alexlebens.net/helm-charts
  version: 0.7.0
digest: sha256:c270dc80232d53598370e68d969ddcb71f26eb6910b7bb51761b88127e065f5a
generated: "2026-01-16T18:46:10.06351851Z"
