dependencies:
- name: app-template
  repository: https://bjw-s-labs.github.io/helm-charts/
  version: 4.5.0
- name: volsync-target
  repository: oci://harbor.alexlebens.net/helm-charts
  version: 0.3.0
digest: sha256:476021b852fbbd829570bcb88309eea92bd096cb4ec79efe2d895ee0c46f1c49
generated: "2025-12-15T21:43:24.262051-06:00"
