dependencies:
- name: app-template
  repository: https://bjw-s-labs.github.io/helm-charts/
  version: 4.5.0
- name: volsync-target
  repository: oci://harbor.alexlebens.net/helm-charts
  version: 0.7.0
digest: sha256:3b32ded75846bcee3e9fb892663173485da0dcd351ccc3a0337432f5d2da2e66
generated: "2025-12-27T13:30:15.119299-06:00"
