dependencies:
- name: app-template
  repository: https://bjw-s-labs.github.io/helm-charts/
  version: 5.0.1
- name: postgres-cluster
  repository: oci://harbor.alexlebens.net/helm-charts
  version: 7.15.2
- name: valkey
  repository: oci://harbor.alexlebens.net/helm-charts
  version: 0.11.0
- name: volsync-target
  repository: oci://harbor.alexlebens.net/helm-charts
  version: 2.1.0
- name: volsync-target
  repository: oci://harbor.alexlebens.net/helm-charts
  version: 2.1.0
- name: volsync-target
  repository: oci://harbor.alexlebens.net/helm-charts
  version: 2.1.0
- name: volsync-target
  repository: oci://harbor.alexlebens.net/helm-charts
  version: 2.1.0
digest: sha256:97fce15fd99e9397efce2a4e3ac6a384614dbfc34dcd128b904c9c95fd4ec80e
generated: "2026-06-11T19:54:54.392550752Z"
