dependencies:
- name: app-template
  repository: https://bjw-s-labs.github.io/helm-charts/
  version: 5.1.0
- name: postgres-cluster
  repository: oci://harbor.alexlebens.net/helm-charts
  version: 8.4.2
- name: valkey
  repository: oci://harbor.alexlebens.net/helm-charts
  version: 1.0.1
- name: volsync-target
  repository: oci://harbor.alexlebens.net/helm-charts
  version: 2.2.1
- name: volsync-target
  repository: oci://harbor.alexlebens.net/helm-charts
  version: 2.2.1
- name: volsync-target
  repository: oci://harbor.alexlebens.net/helm-charts
  version: 2.2.1
- name: volsync-target
  repository: oci://harbor.alexlebens.net/helm-charts
  version: 2.2.1
digest: sha256:bb3adab9121989a1ad4818f47e084b75216e78431c842c814df3e070480e39c6
generated: "2026-08-17T23:05:04.080101372Z"
