dependencies:
- name: app-template
  repository: https://bjw-s-labs.github.io/helm-charts/
  version: 4.6.2
- name: postgres-cluster
  repository: oci://harbor.alexlebens.net/helm-charts
  version: 7.5.1
- name: volsync-target
  repository: oci://harbor.alexlebens.net/helm-charts
  version: 0.7.0
digest: sha256:628ab2c174a9cf9b24f4c9822d325fee3d63548b526f406f6555bbc7cbabf759
generated: "2026-02-07T02:31:36.916431665Z"
