dependencies:
- name: app-template
  repository: https://bjw-s-labs.github.io/helm-charts/
  version: 4.5.0
- name: postgres-cluster
  repository: oci://harbor.alexlebens.net/helm-charts
  version: 7.1.3
- name: volsync-target
  repository: oci://harbor.alexlebens.net/helm-charts
  version: 0.6.0
digest: sha256:90cd89a501bb9cafefc043da93548bc4fedb54118157bbdc72dbf069a8f50288
generated: "2025-12-18T02:46:27.51764045Z"
