dependencies:
- name: app-template
  repository: https://bjw-s-labs.github.io/helm-charts/
  version: 5.2.1
- name: valkey
  repository: oci://harbor.alexlebens.dev/helm-charts
  version: 1.4.2
- name: postgres-cluster
  repository: oci://harbor.alexlebens.dev/helm-charts
  version: 8.4.3
- name: common-helpers
  repository: oci://harbor.alexlebens.dev/helm-charts
  version: 0.6.0
digest: sha256:f509d3acd6c315bb3ab42bee0381c8c50bcbf1143fd96e293674143f0fe98d2c
generated: "2026-09-17T19:11:45.61222444Z"
