dependencies:
- name: app-template
  repository: https://bjw-s-labs.github.io/helm-charts/
  version: 5.1.0
- name: common-helpers
  repository: oci://harbor.alexlebens.dev/helm-charts
  version: 0.5.0
digest: sha256:eaad4af7892493834a7bc6402e203d01513531d8365e3167b74f4cafcccdd41a
generated: "2026-09-07T15:17:37.585559886Z"
