dependencies:
- name: app-template
  repository: https://bjw-s-labs.github.io/helm-charts/
  version: 5.2.1
- name: common-helpers
  repository: oci://harbor.alexlebens.dev/helm-charts
  version: 1.2.0
digest: sha256:9adf4ec2ac41764ba081806f59b451c5793911eb3fc4a028bbb98262be5d2393
generated: "2026-09-29T23:16:57.769962803Z"
