dependencies:
- name: app-template
  repository: https://bjw-s-labs.github.io/helm-charts/
  version: 5.3.0
- name: common-helpers
  repository: oci://harbor.alexlebens.dev/helm-charts
  version: 1.2.0
digest: sha256:9deec6429d8d07166f2931c3f9d228b415f114a9271b78082c36f56c8f0d3de7
generated: "2026-10-10T22:36:44.577268506Z"
