dependencies:
- name: app-template
  repository: https://bjw-s-labs.github.io/helm-charts/
  version: 4.6.2
- name: tdarr-exporter
  repository: https://homeylab.github.io/helm-charts/
  version: 1.1.7
- name: volsync-target
  repository: oci://harbor.alexlebens.net/helm-charts
  version: 0.8.0
- name: volsync-target
  repository: oci://harbor.alexlebens.net/helm-charts
  version: 0.8.0
digest: sha256:130536c2e57e3e6d84a18f73de4e011a78e95023d04f60d126c318f33e958e42
generated: "2026-03-06T01:18:49.689839235Z"
