dependencies:
- name: app-template
  repository: https://bjw-s-labs.github.io/helm-charts/
  version: 5.3.0
- name: tdarr-exporter
  repository: https://homeylab.github.io/helm-charts/
  version: 2.2.0
- name: volsync-target
  repository: oci://harbor.alexlebens.dev/helm-charts
  version: 3.0.0
- name: volsync-target
  repository: oci://harbor.alexlebens.dev/helm-charts
  version: 3.0.0
- name: common-helpers
  repository: oci://harbor.alexlebens.dev/helm-charts
  version: 1.2.0
digest: sha256:9bef10d811e7e5ffeffa8d9505ff5036b0a4bfc86de878c86d2831f6a76abf3f
generated: "2026-10-10T22:53:31.664385037Z"
