dependencies:
- name: app-template
  repository: https://bjw-s-labs.github.io/helm-charts/
  version: 5.1.0
- name: tdarr-exporter
  repository: https://homeylab.github.io/helm-charts/
  version: 2.2.0
- name: volsync-target
  repository: oci://harbor.alexlebens.net/helm-charts
  version: 2.2.1
- name: volsync-target
  repository: oci://harbor.alexlebens.net/helm-charts
  version: 2.2.1
digest: sha256:d8deb9b41d9896fb9a1b5e83f3765a29b9e1ee7212fd1c61e2ffef01f79be561
generated: "2026-08-16T18:16:14.49185231Z"
