dependencies:
- name: democratic-csi
  repository: https://democratic-csi.github.io/charts/
  version: 0.15.1
- name: common-helpers
  repository: oci://harbor.alexlebens.dev/helm-charts
  version: 0.5.0
digest: sha256:c0078afadf2f5b0c615467a4d9917d080229d554dce6ac837ee55dffa24faf9b
generated: "2026-09-07T15:11:59.858777862Z"
