dependencies:
- name: democratic-csi
  repository: https://democratic-csi.github.io/charts/
  version: 0.15.1
- name: common-helpers
  repository: oci://harbor.alexlebens.dev/helm-charts
  version: 0.4.1
digest: sha256:36b03073466fc4ca5b32b13d66e724559a9b1ef85560a2a13fbadb7a5b6df393
generated: "2026-08-26T17:50:55.348405-05:00"
