dependencies:
- name: democratic-csi
  repository: https://democratic-csi.github.io/charts/
  version: 0.15.1
- name: common-helpers
  repository: oci://harbor.alexlebens.dev/helm-charts
  version: 1.2.0
digest: sha256:bfe64d7641615d748a63f0fe1a83441d36997624421a2f5557d9e8999c54b8e6
generated: "2026-09-29T23:11:27.945390429Z"
