dependencies:
- name: external-secrets
  repository: https://charts.external-secrets.io
  version: 2.9.0
- name: common-helpers
  repository: oci://harbor.alexlebens.net/helm-charts
  version: 0.4.1
digest: sha256:3f2e4f384592fef6186da77e35f6d7db72cd2e9be4a1e310134243385f9cd3b4
generated: "2026-08-26T12:34:28.194238-05:00"
