dependencies:
- name: external-secrets
  repository: https://charts.external-secrets.io
  version: 2.10.0
- name: common-helpers
  repository: oci://harbor.alexlebens.dev/helm-charts
  version: 0.5.0
digest: sha256:b47ea7d0214529bb0c3547f3b72a633898f3f4c910a466a241f4ee2bf988074c
generated: "2026-09-07T15:13:52.515154849Z"
