dependencies:
- name: external-secrets
  repository: https://charts.external-secrets.io
  version: 2.11.0
- name: common-helpers
  repository: oci://harbor.alexlebens.dev/helm-charts
  version: 0.6.0
digest: sha256:b4941a75a68a698d88831cce5b74d6a372ceb9ef8e1565b83a47f36537bdfe71
generated: "2026-09-21T15:39:53.906968761Z"
