dependencies:
- name: volsync
  repository: https://backube.github.io/helm-charts/
  version: 0.16.0
- name: s3-bucket
  repository: oci://harbor.alexlebens.dev/helm-charts
  version: 0.6.5
- name: common-helpers
  repository: oci://harbor.alexlebens.dev/helm-charts
  version: 1.2.0
digest: sha256:9371685e5d818f7548124c36d36350a79b686209fc92df44aa52d41b07d9cbd8
generated: "2026-10-01T16:51:41.919612-05:00"
