dependencies:
- name: volsync
  repository: https://backube.github.io/helm-charts/
  version: 0.16.0
- name: garage-bucket
  repository: oci://harbor.alexlebens.dev/helm-charts
  version: 0.3.12
- name: common-helpers
  repository: oci://harbor.alexlebens.dev/helm-charts
  version: 0.4.1
digest: sha256:61b4b23b8270738786e31b65175c69c902b9779f84603b56cba6fe2f984eb5d7
generated: "2026-08-28T17:15:14.819572-05:00"
