dependencies:
- name: volsync
  repository: https://backube.github.io/helm-charts/
  version: 0.16.0
- name: garage-bucket
  repository: oci://harbor.alexlebens.net/helm-charts
  version: 0.3.11
digest: sha256:9f5c61c4880eb5dd467833583ea6cbb68ef42ccfc7204aef7559b18d6e57f8ab
generated: "2026-08-24T03:06:09.673605096Z"
