dependencies:
- name: app-template
  repository: https://bjw-s-labs.github.io/helm-charts/
  version: 5.1.0
- name: common-helpers
  repository: oci://harbor.alexlebens.dev/helm-charts
  version: 0.5.0
digest: sha256:c4b0ed3ad966f654bab9d210c66056fc42c35b532a8078e34045ac7469e5e274
generated: "2026-09-07T15:23:14.427893862Z"
