dependencies:
- name: app-template
  repository: https://bjw-s-labs.github.io/helm-charts/
  version: 5.1.0
- name: common-helpers
  repository: oci://harbor.alexlebens.dev/helm-charts
  version: 0.4.1
digest: sha256:dae50223788c29b2fdfa4be1b1c31293da94bfdec548681ece882ab50d1a350b
generated: "2026-09-04T18:01:05.776618-05:00"
