dependencies:
- name: app-template
  repository: https://bjw-s-labs.github.io/helm-charts/
  version: 5.1.0
- name: common-helpers
  repository: oci://harbor.alexlebens.dev/helm-charts
  version: 0.6.0
digest: sha256:ffd1e343161b287586f645038439ee73f8279fe224365865ab46f4f3c02e2776
generated: "2026-09-11T22:07:54.689540847Z"
