dependencies:
- name: app-template
  repository: https://bjw-s-labs.github.io/helm-charts/
  version: 5.2.1
- name: valkey
  repository: oci://harbor.alexlebens.dev/helm-charts
  version: 1.4.2
- name: common-helpers
  repository: oci://harbor.alexlebens.dev/helm-charts
  version: 0.6.0
digest: sha256:12add014b40bf0536e3a788a08fdbbc65a2cbc362093148ce518689855ac1a51
generated: "2026-09-17T19:16:56.576314406Z"
