dependencies:
- name: app-template
  repository: https://bjw-s-labs.github.io/helm-charts/
  version: 4.6.2
- name: valkey
  repository: oci://harbor.alexlebens.net/helm-charts
  version: 0.7.0
digest: sha256:640684e6fe2d124b3821a96156d1306d176ae777821eb1ad026217d93db7f00c
generated: "2026-05-02T01:49:34.768360181Z"
