dependencies:
- name: app-template
  repository: https://bjw-s-labs.github.io/helm-charts/
  version: 4.6.2
- name: valkey
  repository: oci://harbor.alexlebens.net/helm-charts
  version: 0.4.0
digest: sha256:39a57c1505ed39180cffe9153ce69233c2376ba62c9287bc411071cf986f44de
generated: "2026-03-09T23:08:53.501770729Z"
