dependencies:
- name: app-template
  repository: https://bjw-s-labs.github.io/helm-charts/
  version: 4.6.2
- name: meilisearch
  repository: https://meilisearch.github.io/meilisearch-kubernetes
  version: 0.32.0
- name: cloudflared
  repository: oci://harbor.alexlebens.net/helm-charts
  version: 2.6.0
- name: volsync-target
  repository: oci://harbor.alexlebens.net/helm-charts
  version: 1.1.1
- name: rclone-bucket
  repository: oci://harbor.alexlebens.net/helm-charts
  version: 0.7.0
digest: sha256:bb424fe9bed824b37aa26d0e72d123fea5f5c3fcae4eaa21a54e087f2b52421a
generated: "2026-05-07T01:20:20.489019444Z"
