dependencies:
- name: app-template
  repository: https://bjw-s-labs.github.io/helm-charts/
  version: 5.0.1
- name: meilisearch
  repository: https://meilisearch.github.io/meilisearch-kubernetes
  version: 0.35.0
- name: cloudflared
  repository: oci://harbor.alexlebens.net/helm-charts
  version: 4.1.2
- name: volsync-target
  repository: oci://harbor.alexlebens.net/helm-charts
  version: 2.2.1
- name: rclone-bucket
  repository: oci://harbor.alexlebens.net/helm-charts
  version: 1.0.2
- name: rclone-bucket
  repository: oci://harbor.alexlebens.net/helm-charts
  version: 1.0.2
digest: sha256:5af9842ad2ee0b4a082f41ad3481edd5c26df4b02da8c0226b59dee86d746a2c
generated: "2026-07-29T17:44:48.576844375Z"
