dependencies:
- name: app-template
  repository: https://bjw-s-labs.github.io/helm-charts/
  version: 4.6.2
- name: meilisearch
  repository: https://meilisearch.github.io/meilisearch-kubernetes
  version: 0.21.0
- name: cloudflared
  repository: oci://harbor.alexlebens.net/helm-charts
  version: 2.1.6
- name: volsync-target
  repository: oci://harbor.alexlebens.net/helm-charts
  version: 0.7.0
digest: sha256:9a98de83b4829b6cabd34d0f6924b66fc9d13866b67370d2a8ba30b255a45b34
generated: "2026-01-16T18:48:07.534643037Z"
