dependencies:
- name: app-template
  repository: https://bjw-s-labs.github.io/helm-charts/
  version: 5.1.0
- name: app-template
  repository: https://bjw-s-labs.github.io/helm-charts/
  version: 5.1.0
- name: garage-bucket
  repository: oci://harbor.alexlebens.net/helm-charts
  version: 0.3.11
digest: sha256:370a5c778aacf8ac17a4e3bd01cdfa9143b6178c8f8d971c05ab07a11ce1a446
generated: "2026-08-24T03:05:58.483930489Z"
