dependencies:
- name: app-template
  repository: https://bjw-s-labs.github.io/helm-charts/
  version: 5.1.0
- name: app-template
  repository: https://bjw-s-labs.github.io/helm-charts/
  version: 5.1.0
- name: garage-bucket
  repository: oci://harbor.alexlebens.net/helm-charts
  version: 0.3.10
digest: sha256:75deed9d7c1e8158da93f9d954022593a72e6f572426942f4f5d0ad535ce9ed7
generated: "2026-08-17T18:56:57.387339602Z"
