dependencies:
- name: app-template
  repository: https://bjw-s-labs.github.io/helm-charts/
  version: 5.1.0
- name: cloudflared
  repository: oci://harbor.alexlebens.net/helm-charts
  version: 4.2.2
- name: volsync-target
  repository: oci://harbor.alexlebens.net/helm-charts
  version: 2.2.1
- name: volsync-target
  repository: oci://harbor.alexlebens.net/helm-charts
  version: 2.2.1
digest: sha256:5e71e39c3c3f22647fc1595e369d59bec4d1a4cf83637931cd678d36a108b674
generated: "2026-08-16T18:16:29.407843284Z"
