dependencies:
- name: app-template
  repository: https://bjw-s-labs.github.io/helm-charts/
  version: 5.1.0
- name: cloudflared
  repository: oci://harbor.alexlebens.dev/helm-charts
  version: 4.4.0
- name: volsync-target
  repository: oci://harbor.alexlebens.dev/helm-charts
  version: 2.2.2
- name: volsync-target
  repository: oci://harbor.alexlebens.dev/helm-charts
  version: 2.2.2
- name: common-helpers
  repository: oci://harbor.alexlebens.dev/helm-charts
  version: 0.4.1
digest: sha256:6e36fbeb74974392f1fccc724d89ecad63b2c3020f5cf8444de980fdcf2337b7
generated: "2026-09-07T01:02:01.33050693Z"
