dependencies:
- name: app-template
  repository: https://bjw-s-labs.github.io/helm-charts/
  version: 5.1.0
- name: cloudflared
  repository: oci://harbor.alexlebens.dev/helm-charts
  version: 4.4.0
- name: volsync-target
  repository: oci://harbor.alexlebens.dev/helm-charts
  version: 2.3.1
- name: volsync-target
  repository: oci://harbor.alexlebens.dev/helm-charts
  version: 2.3.1
- name: common-helpers
  repository: oci://harbor.alexlebens.dev/helm-charts
  version: 0.5.0
digest: sha256:d05b047c3de11baa80d79f6b9126b6e042dccaca569c063f14c944820d0c5ce5
generated: "2026-09-07T15:29:48.660241108Z"
