dependencies:
- name: authentik
  repository: https://charts.goauthentik.io/
  version: 2025.12.4
- name: cloudflared
  repository: oci://harbor.alexlebens.net/helm-charts
  version: 2.3.0
- name: postgres-cluster
  repository: oci://harbor.alexlebens.net/helm-charts
  version: 7.6.0
- name: redis-replication
  repository: oci://harbor.alexlebens.net/helm-charts
  version: 1.0.4
digest: sha256:cab85fc4e5fdbd6f497a0de0d450b414ece7294913efd5c45ba0bfbdc1207216
generated: "2026-02-13T19:37:25.104543293Z"
