dependencies:
- name: authentik
  repository: https://charts.goauthentik.io/
  version: 2026.5.3
- name: cloudflared
  repository: oci://harbor.alexlebens.net/helm-charts
  version: 4.1.0
- name: postgres-cluster
  repository: oci://harbor.alexlebens.net/helm-charts
  version: 7.15.2
- name: valkey
  repository: oci://harbor.alexlebens.net/helm-charts
  version: 0.12.1
digest: sha256:527a7405fc503708399e63b86f1958e3423f1566f081e65650d3338cfa539e7f
generated: "2026-07-10T15:11:03.081829885Z"
