dependencies:
- name: authentik
  repository: https://charts.goauthentik.io/
  version: 2026.2.2
- name: cloudflared
  repository: oci://harbor.alexlebens.net/helm-charts
  version: 2.5.0
- name: postgres-cluster
  repository: oci://harbor.alexlebens.net/helm-charts
  version: 7.11.2
- name: valkey
  repository: oci://harbor.alexlebens.net/helm-charts
  version: 0.6.1
digest: sha256:22fe4d9ec592aa74cbff5596e8d900f607bd68ea14c7df70a94b4ef76727614d
generated: "2026-04-13T20:32:12.748342469Z"
