dependencies:
- name: app-template
  repository: https://bjw-s-labs.github.io/helm-charts/
  version: 4.6.2
- name: cloudflared
  repository: oci://harbor.alexlebens.net/helm-charts
  version: 2.4.0
digest: sha256:275055bd989762de64a6ffdbae107739a3754346aaf61c197fd6592d043de3e0
generated: "2026-03-09T22:06:19.3714896Z"
