dependencies:
- name: app-template
  repository: https://bjw-s-labs.github.io/helm-charts/
  version: 5.0.0
- name: cloudflared
  repository: oci://harbor.alexlebens.net/helm-charts
  version: 2.6.0
digest: sha256:fb7243ed8fb7f217d0caeeb36bc90d250009e931fd6d6db70f6e91d4e963a7a9
generated: "2026-05-07T20:53:26.059078966Z"
