dependencies:
- name: app-template
  repository: https://bjw-s-labs.github.io/helm-charts/
  version: 5.0.1
- name: cloudflared
  repository: oci://harbor.alexlebens.net/helm-charts
  version: 3.4.1
digest: sha256:ca2a7d02a36d361203d7d3d3c26f413cdbe479964bb0fcf0e2ce46b5fcea490b
generated: "2026-06-18T19:49:05.9331703Z"
