dependencies:
- name: app-template
  repository: https://bjw-s-labs.github.io/helm-charts/
  version: 5.1.0
- name: cloudflared
  repository: oci://harbor.alexlebens.net/helm-charts
  version: 4.3.0
digest: sha256:ea3f6365a4617c709ba39aa84fbc7c53150aedd5d913382ef47c069b5c30d685
generated: "2026-08-17T22:28:34.661492985Z"
