dependencies:
- name: app-template
  repository: https://bjw-s-labs.github.io/helm-charts/
  version: 5.1.0
- name: cloudflared
  repository: oci://harbor.alexlebens.dev/helm-charts
  version: 4.4.0
- name: common-helpers
  repository: oci://harbor.alexlebens.dev/helm-charts
  version: 0.5.0
digest: sha256:55235300f7d07b49cab417abfba9969e2c6ff3a4b2fab423c62d03a21992950d
generated: "2026-09-07T15:12:30.916833103Z"
