dependencies:
- name: app-template
  repository: https://bjw-s-labs.github.io/helm-charts/
  version: 5.0.1
- name: cloudflared
  repository: oci://harbor.alexlebens.net/helm-charts
  version: 3.4.0
digest: sha256:fba95433567ab8dca2f67eb94f86bd67ac0363e10dffcbf08d393aa039f590fd
generated: "2026-06-11T17:22:56.086921-05:00"
