dependencies:
- name: app-template
  repository: https://bjw-s-labs.github.io/helm-charts/
  version: 4.5.0
- name: volsync-target
  repository: oci://harbor.alexlebens.net/helm-charts
  version: 0.6.0
- name: volsync-target
  repository: oci://harbor.alexlebens.net/helm-charts
  version: 0.6.0
digest: sha256:60836915fb9a8028b084171ac4228520e9edc9ee6626b257c6d37db723d91f49
generated: "2025-12-24T15:26:54.904687-06:00"
