dependencies:
- name: matrix-synapse
  repository: https://ananace.gitlab.io/charts
  version: 3.12.39
- name: app-template
  repository: https://bjw-s-labs.github.io/helm-charts/
  version: 5.3.0
- name: app-template
  repository: https://bjw-s-labs.github.io/helm-charts/
  version: 5.3.0
- name: app-template
  repository: https://bjw-s-labs.github.io/helm-charts/
  version: 5.3.0
- name: cloudflared
  repository: oci://harbor.alexlebens.dev/helm-charts
  version: 4.7.0
- name: cloudflared
  repository: oci://harbor.alexlebens.dev/helm-charts
  version: 4.7.0
- name: postgres-cluster
  repository: oci://harbor.alexlebens.dev/helm-charts
  version: 8.5.0
- name: valkey
  repository: oci://harbor.alexlebens.dev/helm-charts
  version: 1.9.1
- name: valkey
  repository: oci://harbor.alexlebens.dev/helm-charts
  version: 1.9.1
- name: volsync-target
  repository: oci://harbor.alexlebens.dev/helm-charts
  version: 3.0.0
- name: volsync-target
  repository: oci://harbor.alexlebens.dev/helm-charts
  version: 3.0.0
- name: volsync-target
  repository: oci://harbor.alexlebens.dev/helm-charts
  version: 3.0.0
- name: volsync-target
  repository: oci://harbor.alexlebens.dev/helm-charts
  version: 3.0.0
- name: common-helpers
  repository: oci://harbor.alexlebens.dev/helm-charts
  version: 1.2.0
digest: sha256:1a595b17cb63a55a23ac8bd30437b4c59065b099ce7f6af3bfbe7e0442998237
generated: "2026-10-11T04:39:02.506952071Z"
