dependencies:
- name: matrix-synapse
  repository: https://ananace.gitlab.io/charts
  version: 3.12.22
- name: app-template
  repository: https://bjw-s-labs.github.io/helm-charts/
  version: 4.6.2
- name: app-template
  repository: https://bjw-s-labs.github.io/helm-charts/
  version: 4.6.2
- name: app-template
  repository: https://bjw-s-labs.github.io/helm-charts/
  version: 4.6.2
- name: cloudflared
  repository: oci://harbor.alexlebens.net/helm-charts
  version: 2.3.0
- name: cloudflared
  repository: oci://harbor.alexlebens.net/helm-charts
  version: 2.3.0
- name: postgres-cluster
  repository: oci://harbor.alexlebens.net/helm-charts
  version: 7.8.0
- name: valkey
  repository: oci://harbor.alexlebens.net/helm-charts
  version: 0.3.0
- name: valkey
  repository: oci://harbor.alexlebens.net/helm-charts
  version: 0.3.0
- name: volsync-target
  repository: oci://harbor.alexlebens.net/helm-charts
  version: 0.8.0
- name: volsync-target
  repository: oci://harbor.alexlebens.net/helm-charts
  version: 0.8.0
- name: volsync-target
  repository: oci://harbor.alexlebens.net/helm-charts
  version: 0.8.0
- name: volsync-target
  repository: oci://harbor.alexlebens.net/helm-charts
  version: 0.8.0
digest: sha256:c26ecd1796d394c0d10c4d64c2c9e7130303cecd8160fe52447b9ae21eedeab9
generated: "2026-03-06T06:34:42.381145161Z"
