dependencies:
- name: matrix-synapse
  repository: https://ananace.gitlab.io/charts
  version: 3.12.24
- name: app-template
  repository: https://bjw-s-labs.github.io/helm-charts/
  version: 4.6.2
- name: app-template
  repository: https://bjw-s-labs.github.io/helm-charts/
  version: 4.6.2
- name: app-template
  repository: https://bjw-s-labs.github.io/helm-charts/
  version: 4.6.2
- name: cloudflared
  repository: oci://harbor.alexlebens.net/helm-charts
  version: 2.4.0
- name: cloudflared
  repository: oci://harbor.alexlebens.net/helm-charts
  version: 2.4.0
- name: postgres-cluster
  repository: oci://harbor.alexlebens.net/helm-charts
  version: 7.11.2
- name: valkey
  repository: oci://harbor.alexlebens.net/helm-charts
  version: 0.5.0
- name: valkey
  repository: oci://harbor.alexlebens.net/helm-charts
  version: 0.5.0
- name: volsync-target
  repository: oci://harbor.alexlebens.net/helm-charts
  version: 0.8.0
- name: volsync-target
  repository: oci://harbor.alexlebens.net/helm-charts
  version: 0.8.0
- name: volsync-target
  repository: oci://harbor.alexlebens.net/helm-charts
  version: 0.8.0
- name: volsync-target
  repository: oci://harbor.alexlebens.net/helm-charts
  version: 0.8.0
digest: sha256:0e8b1b79a98952ed49c87c6da83dcc2eed2aabbd755d9ebf1bdd3090f3ccc44c
generated: "2026-04-04T21:03:48.737144-05:00"
