dependencies:
- name: app-template
  repository: https://bjw-s-labs.github.io/helm-charts/
  version: 5.0.1
- name: volsync-target
  repository: oci://harbor.alexlebens.net/helm-charts
  version: 2.0.0
digest: sha256:f18ccdc33850e1b84e0bd853c383d148c6213d2dc69ca459d722963e8918da76
generated: "2026-05-15T00:38:53.274539616Z"
