dependencies:
- name: app-template
  repository: https://bjw-s-labs.github.io/helm-charts/
  version: 5.1.0
- name: volsync-target
  repository: oci://harbor.alexlebens.net/helm-charts
  version: 2.2.1
digest: sha256:64e27c3abcd54cf57305cb322b9e546e7429aec6257745480d189e19a9a16d96
generated: "2026-08-16T18:14:37.50185155Z"
