dependencies:
- name: app-template
  repository: https://bjw-s-labs.github.io/helm-charts/
  version: 5.0.1
- name: volsync-target
  repository: oci://harbor.alexlebens.net/helm-charts
  version: 2.1.0
digest: sha256:77f4f09be99b859c6100e546b6f3be6542d8d260949aa69b39b4e9f8138647fc
generated: "2026-06-11T19:57:11.157355741Z"
