dependencies:
- name: eck-operator
  repository: https://helm.elastic.co
  version: 3.5.0
- name: common-helpers
  repository: oci://harbor.alexlebens.net/helm-charts
  version: 0.4.1
digest: sha256:3cfa58beba0e2a127b90a080789ea504b93bf9f3c137ff1f6540d03b4f0bb0e1
generated: "2026-08-25T20:17:02.404869-05:00"
