dependencies:
- name: eck-operator
  repository: https://helm.elastic.co
  version: 3.5.0
- name: common-helpers
  repository: oci://harbor.alexlebens.dev/helm-charts
  version: 0.4.1
digest: sha256:2f9fd5fb4de97695230e101d88c24d1f77e83ed575af157fb505aa740ab6189f
generated: "2026-08-26T17:51:04.811828-05:00"
