dependencies:
- name: app-template
  repository: https://bjw-s-labs.github.io/helm-charts/
  version: 5.0.1
- name: volsync-target
  repository: oci://harbor.alexlebens.net/helm-charts
  version: 2.2.1
- name: volsync-target
  repository: oci://harbor.alexlebens.net/helm-charts
  version: 2.2.1
digest: sha256:6f33e9657ddb3086bc7706371ae59ce5972813560fc8be89a689458b6812e333
generated: "2026-07-18T05:31:58.987504796Z"
