dependencies:
- name: app-template
  repository: https://bjw-s-labs.github.io/helm-charts/
  version: 5.1.0
- name: volsync-target
  repository: oci://harbor.alexlebens.net/helm-charts
  version: 2.2.2
- name: volsync-target
  repository: oci://harbor.alexlebens.net/helm-charts
  version: 2.2.2
- name: volsync-target
  repository: oci://harbor.alexlebens.net/helm-charts
  version: 2.2.2
- name: common-helpers
  repository: oci://harbor.alexlebens.net/helm-charts
  version: 0.3.0
digest: sha256:e781820f0f3933605efaa7a264f808d28a1c5d3ae8cd5b7df3182fef0eaa23a6
generated: "2026-08-26T01:14:23.993863595Z"
