dependencies:
- name: app-template
  repository: https://bjw-s-labs.github.io/helm-charts/
  version: 5.1.0
- name: volsync-target
  repository: oci://harbor.alexlebens.dev/helm-charts
  version: 2.3.1
- name: common-helpers
  repository: oci://harbor.alexlebens.dev/helm-charts
  version: 0.4.1
digest: sha256:ff6dd4e264e70aa8bb1fb44d1e9f64ed3cf937b1889cbba858aca76d7338c30c
generated: "2026-09-07T03:05:23.126871592Z"
