dependencies:
- name: app-template
  repository: https://bjw-s-labs.github.io/helm-charts/
  version: 4.6.2
- name: volsync-target
  repository: oci://harbor.alexlebens.net/helm-charts
  version: 1.0.0
digest: sha256:481ed6b5635e7005687c80bdb4d18e500b45b9a7c58f15b19bd2de77c96ddbd4
generated: "2026-04-24T22:51:56.321419086Z"
