dependencies:
- name: app-template
  repository: https://bjw-s-labs.github.io/helm-charts/
  version: 5.1.0
- name: volsync-target
  repository: oci://harbor.alexlebens.net/helm-charts
  version: 2.2.2
- name: common-helpers
  repository: oci://harbor.alexlebens.net/helm-charts
  version: 0.4.1
digest: sha256:213926b64e843cc1768af8c25ddc77f370d795a5314bd2303b8234ac4de03175
generated: "2026-08-26T17:24:21.15453-05:00"
