dependencies:
- name: descheduler
  repository: https://kubernetes-sigs.github.io/descheduler/
  version: 0.36.0
- name: common-helpers
  repository: oci://harbor.alexlebens.dev/helm-charts
  version: 1.2.0
digest: sha256:05a458b7e63ff84844eb55a4d2298e0be876eed0f0fac2febe18b9194228738a
generated: "2026-09-29T23:11:39.294134152Z"
