dependencies:
- name: descheduler
  repository: https://kubernetes-sigs.github.io/descheduler/
  version: 0.36.0
- name: common-helpers
  repository: oci://harbor.alexlebens.dev/helm-charts
  version: 0.4.1
digest: sha256:878fd0a2943fceda68afbe2a0edbdbf5b2f01f29ddb913c272d1379f4037ae93
generated: "2026-08-26T17:50:58.537566-05:00"
