dependencies:
- name: descheduler
  repository: https://kubernetes-sigs.github.io/descheduler/
  version: 0.36.0
- name: common-helpers
  repository: oci://harbor.alexlebens.dev/helm-charts
  version: 0.5.0
digest: sha256:386199cb0932b374636a0f000e9d9432fdcb4486d942e8df66e8f81d51786bf2
generated: "2026-09-07T15:12:16.792469562Z"
