dependencies:
- name: app-template
  repository: https://bjw-s-labs.github.io/helm-charts/
  version: 5.1.0
- name: cloudflared
  repository: oci://harbor.alexlebens.dev/helm-charts
  version: 4.4.0
- name: volsync-target
  repository: oci://harbor.alexlebens.dev/helm-charts
  version: 2.3.1
- name: common-helpers
  repository: oci://harbor.alexlebens.dev/helm-charts
  version: 0.5.0
digest: sha256:def5aac08043c4dbed3580b19bec4c10ccff1a94c387f78414699c6fca5a0b7a
generated: "2026-09-07T15:14:08.652626657Z"
