dependencies:
- name: app-template
  repository: https://bjw-s-labs.github.io/helm-charts/
  version: 5.0.0
- name: cloudflared
  repository: oci://harbor.alexlebens.net/helm-charts
  version: 3.3.0
- name: volsync-target
  repository: oci://harbor.alexlebens.net/helm-charts
  version: 2.0.0
digest: sha256:4be79442c0e4c6d34551d5335082db2e4956a4f1fd700c20b97643e0b1aced68
generated: "2026-05-14T14:04:58.099838428Z"
