dependencies:
- name: app-template
  repository: https://bjw-s-labs.github.io/helm-charts/
  version: 5.2.1
- name: cloudflared
  repository: oci://harbor.alexlebens.dev/helm-charts
  version: 4.5.2
- name: volsync-target
  repository: oci://harbor.alexlebens.dev/helm-charts
  version: 2.4.0
- name: common-helpers
  repository: oci://harbor.alexlebens.dev/helm-charts
  version: 0.6.0
digest: sha256:a0580fc3162f6184dba92645a73f5a2791a34198ff05c16e8f74839bdc8e6758
generated: "2026-09-17T19:05:39.57208934Z"
