dependencies:
- name: headlamp
  repository: https://kubernetes-sigs.github.io/headlamp/
  version: 0.45.0
- name: common-helpers
  repository: oci://harbor.alexlebens.dev/helm-charts
  version: 0.4.1
digest: sha256:d18cf44b5ebd91a0928e1beda0cc3d6231069e7aa3715c734e9e852358c9ead8
generated: "2026-08-26T17:51:58.13142-05:00"
