dependencies:
- name: headlamp
  repository: https://kubernetes-sigs.github.io/headlamp/
  version: 0.45.0
- name: common-helpers
  repository: oci://harbor.alexlebens.dev/helm-charts
  version: 0.6.0
digest: sha256:bf0b5e859d7ff24e0d2159c98afd36c4e26e772695bc6ba040587288bbfe28c1
generated: "2026-09-10T20:23:01.581934-05:00"
