dependencies:
- name: headlamp
  repository: https://kubernetes-sigs.github.io/headlamp/
  version: 0.45.0
- name: common-helpers
  repository: oci://harbor.alexlebens.dev/helm-charts
  version: 1.2.0
digest: sha256:6d4a819c1993e12c84552723d0e00e87566345f9f56484dcc26ff111a3d84372
generated: "2026-09-29T23:15:35.119724583Z"
