dependencies:
- name: local-path-provisioner
  repository: https://charts.containeroo.ch
  version: 0.0.38
- name: common-helpers
  repository: oci://harbor.alexlebens.dev/helm-charts
  version: 0.6.0
digest: sha256:88e42c3d7da3dcb68f64305e16d12527d5a9ae3ed30c9c299da5c4d873608111
generated: "2026-09-11T22:07:25.930886356Z"
