dependencies:
- name: local-path-provisioner
  repository: https://charts.containeroo.ch
  version: 0.0.38
- name: common-helpers
  repository: oci://harbor.alexlebens.dev/helm-charts
  version: 1.2.0
digest: sha256:d2f0041ac0df4fde68b5aa712b6d168f7b3789e0999e24b021f2f2acdb077186
generated: "2026-09-29T23:19:53.272714353Z"
