dependencies:
- name: local-path-provisioner
  repository: https://charts.containeroo.ch
  version: 0.0.38
- name: common-helpers
  repository: oci://harbor.alexlebens.dev/helm-charts
  version: 0.5.0
digest: sha256:89e716d3c487ff8e6cb038687f3d339b0d36ddfd1fcbfa6df5e30810014fa72e
generated: "2026-09-07T15:19:40.396935679Z"
