dependencies:
- name: app-template
  repository: https://bjw-s-labs.github.io/helm-charts/
  version: 5.2.1
- name: pocket-id-client
  repository: oci://harbor.alexlebens.dev/helm-charts
  version: 0.4.1
- name: volsync-target
  repository: oci://harbor.alexlebens.dev/helm-charts
  version: 3.0.0
- name: common-helpers
  repository: oci://harbor.alexlebens.dev/helm-charts
  version: 1.2.0
digest: sha256:c2c20bf14d66d14d6aebee3528293da1b736c77e69868b6674d016bd633c1c07
generated: "2026-10-06T00:24:31.451395123Z"
