dependencies:
- name: app-template
  repository: https://bjw-s-labs.github.io/helm-charts/
  version: 5.0.0
- name: volsync-target
  repository: oci://harbor.alexlebens.net/helm-charts
  version: 1.1.1
digest: sha256:0adc80cc222c07512735082e4668ae25f349c0eee179b890c27593ef4194070d
generated: "2026-05-07T20:43:27.778874315Z"
