dependencies:
- name: app-template
  repository: https://bjw-s-labs.github.io/helm-charts/
  version: 5.0.1
- name: volsync-target
  repository: oci://harbor.alexlebens.net/helm-charts
  version: 2.2.0
digest: sha256:d65440d9e364b4070a18be403ea92950e3386e7fe361d231c5f9a25e0fdfb133
generated: "2026-07-02T18:48:27.47317283Z"
