dependencies:
- name: app-template
  repository: https://bjw-s-labs.github.io/helm-charts/
  version: 5.0.1
- name: postgres-cluster
  repository: oci://harbor.alexlebens.net/helm-charts
  version: 7.12.1
- name: valkey
  repository: oci://harbor.alexlebens.net/helm-charts
  version: 0.8.0
- name: rclone-bucket
  repository: oci://harbor.alexlebens.net/helm-charts
  version: 0.11.3
- name: rclone-bucket
  repository: oci://harbor.alexlebens.net/helm-charts
  version: 0.11.3
digest: sha256:80a6b37486f2ac7f189cf41b08e731f8a34df37e1af916c3eb49a5dc68939df0
generated: "2026-05-15T00:29:39.148310428Z"
