dependencies:
- name: app-template
  repository: https://bjw-s-labs.github.io/helm-charts/
  version: 5.0.1
- name: postgres-cluster
  repository: oci://harbor.alexlebens.net/helm-charts
  version: 7.15.2
- name: valkey
  repository: oci://harbor.alexlebens.net/helm-charts
  version: 0.9.0
- name: rclone-bucket
  repository: oci://harbor.alexlebens.net/helm-charts
  version: 0.11.7
- name: rclone-bucket
  repository: oci://harbor.alexlebens.net/helm-charts
  version: 0.11.7
digest: sha256:5d72823752f659072526675a054de4a868013db9846657b46fefd856630019a6
generated: "2026-06-07T03:03:19.012013748Z"
