dependencies:
- name: app-template
  repository: https://bjw-s-labs.github.io/helm-charts/
  version: 5.0.1
- name: postgres-cluster
  repository: oci://harbor.alexlebens.net/helm-charts
  version: 7.12.1
- name: valkey
  repository: oci://harbor.alexlebens.net/helm-charts
  version: 0.8.0
- name: rclone-bucket
  repository: oci://harbor.alexlebens.net/helm-charts
  version: 0.11.4
- name: rclone-bucket
  repository: oci://harbor.alexlebens.net/helm-charts
  version: 0.11.4
digest: sha256:afb31ecd23bb5ac9fc06df07d94341b029c6b0148f801dad91e13f63481c6b37
generated: "2026-05-18T02:14:47.055499121Z"
