dependencies:
- name: garage-operator
  repository: oci://ghcr.io/rajsinghtech/charts
  version: 0.7.4
- name: garage-ui
  repository: https://helm.noste.dev/
  version: 0.12.0
digest: sha256:fd5e48ee383e2c8545b40a9c993a9e6e28193efefda88012376d5853af03788f
generated: "2026-08-12T05:03:25.435545834Z"
