dependencies:
- name: garage-operator
  repository: oci://ghcr.io/rajsinghtech/charts
  version: 0.7.8
- name: garage-ui
  repository: https://helm.noste.dev/
  version: 0.12.1
- name: garage-ui
  repository: https://helm.noste.dev/
  version: 0.12.1
- name: common-helpers
  repository: oci://harbor.alexlebens.dev/helm-charts
  version: 0.4.1
digest: sha256:3c028b0c92f536b5c79d792d256b9377400e31a57392b6f3d0ca806e6555ef70
generated: "2026-09-04T07:03:42.878506557Z"
