dependencies:
- name: garage-operator
  repository: oci://ghcr.io/rajsinghtech/charts
  version: 0.7.7
- name: garage-ui
  repository: https://helm.noste.dev/
  version: 0.12.1
- name: garage-ui
  repository: https://helm.noste.dev/
  version: 0.12.1
- name: common-helpers
  repository: oci://harbor.alexlebens.dev/helm-charts
  version: 0.4.1
digest: sha256:c184ef665d158271cb52510b07cead868a065c496eb64977552f342d22ed392d
generated: "2026-09-02T15:04:13.33176283Z"
