dependencies:
- name: app-template
  repository: https://bjw-s-labs.github.io/helm-charts/
  version: 5.0.0
- name: volsync-target
  repository: oci://harbor.alexlebens.net/helm-charts
  version: 1.1.1
digest: sha256:9f1dda1fed46c9ab91366860c9fae0cd3aea96e69b0c59076192da56ba1ba450
generated: "2026-05-07T20:47:41.192438777Z"
