dependencies:
- name: app-template
  repository: https://bjw-s-labs.github.io/helm-charts/
  version: 5.0.1
- name: volsync-target
  repository: oci://harbor.alexlebens.net/helm-charts
  version: 2.2.0
digest: sha256:97559100cfc719edf2e6a03aa8356285aee22c043fc807ebd0109e5e7f0c59cb
generated: "2026-07-02T18:51:15.753483969Z"
