dependencies:
- name: app-template
  repository: https://bjw-s-labs.github.io/helm-charts/
  version: 5.2.1
- name: volsync-target
  repository: oci://harbor.alexlebens.dev/helm-charts
  version: 2.4.0
- name: common-helpers
  repository: oci://harbor.alexlebens.dev/helm-charts
  version: 0.6.0
digest: sha256:dbd024176bb48cf8198a2a64d2f78927fa962ce05dd7756db8581302c0c79759
generated: "2026-09-17T19:08:58.485117985Z"
