dependencies:
- name: app-template
  repository: https://bjw-s-labs.github.io/helm-charts/
  version: 5.1.0
- name: valkey
  repository: oci://harbor.alexlebens.dev/helm-charts
  version: 1.4.2
- name: postgres-cluster
  repository: oci://harbor.alexlebens.dev/helm-charts
  version: 8.4.3
- name: common-helpers
  repository: oci://harbor.alexlebens.dev/helm-charts
  version: 0.5.0
digest: sha256:b4e6477d067f23deab64961f5add1e01c2ad79f73f5f333ff6884bccf2f215b1
generated: "2026-09-09T00:25:41.029433287Z"
