dependencies:
- name: app-template
  repository: https://bjw-s-labs.github.io/helm-charts/
  version: 5.0.1
- name: postgres-cluster
  repository: oci://harbor.alexlebens.net/helm-charts
  version: 7.15.0
- name: valkey
  repository: oci://harbor.alexlebens.net/helm-charts
  version: 0.8.0
digest: sha256:04ea98422ecc9be6841f35f9b9a248d2ec6ba98d5037246b035e02041e868baf
generated: "2026-05-19T16:35:07.738203081Z"
