dependencies:
- name: app-template
  repository: https://bjw-s-labs.github.io/helm-charts/
  version: 5.2.1
- name: volsync-target
  repository: oci://harbor.alexlebens.dev/helm-charts
  version: 2.4.0
- name: volsync-target
  repository: oci://harbor.alexlebens.dev/helm-charts
  version: 2.4.0
- name: volsync-target
  repository: oci://harbor.alexlebens.dev/helm-charts
  version: 2.4.0
- name: common-helpers
  repository: oci://harbor.alexlebens.dev/helm-charts
  version: 1.2.0
digest: sha256:7c26af6f8fbb9df6ae4bb84d1104e9afe5d625280c646078bd49dd6e2fc936a4
generated: "2026-09-29T23:26:08.660487026Z"
