dependencies:
- name: app-template
  repository: https://bjw-s-labs.github.io/helm-charts/
  version: 4.6.2
- name: volsync-target
  repository: oci://harbor.alexlebens.net/helm-charts
  version: 0.8.0
- name: volsync-target
  repository: oci://harbor.alexlebens.net/helm-charts
  version: 0.8.0
- name: volsync-target
  repository: oci://harbor.alexlebens.net/helm-charts
  version: 0.8.0
digest: sha256:d23e63fa1c3861ce08dd6ab65f4d525d6084846a626567e32008d1b2ec15864d
generated: "2026-03-06T01:13:13.840538609Z"
