dependencies:
- name: tailscale-operator
  repository: https://pkgs.tailscale.com/helmcharts
  version: 1.102.3
- name: common-helpers
  repository: oci://harbor.alexlebens.dev/helm-charts
  version: 0.5.0
digest: sha256:f969764359edc3b01fd8edd61dddc0deb7b3f65645ab5905dba44a371088c5a4
generated: "2026-09-06T20:16:24.128891-05:00"
