dependencies:
- name: tailscale-operator
  repository: https://pkgs.tailscale.com/helmcharts
  version: 1.102.3
- name: common-helpers
  repository: oci://harbor.alexlebens.dev/helm-charts
  version: 0.6.0
digest: sha256:d822526d3fbc57b003620a485530963d42ba5b5307128302497f005e91cc5bbe
generated: "2026-09-11T22:09:14.051846701Z"
