dependencies:
- name: tailscale-operator
  repository: https://pkgs.tailscale.com/helmcharts
  version: 1.102.4
- name: common-helpers
  repository: oci://harbor.alexlebens.dev/helm-charts
  version: 0.6.0
digest: sha256:846c3f86616610b464d7f7ec081e96711addb38714898c1fc3e6352856c95dce
generated: "2026-09-17T22:24:24.823328327Z"
