dependencies:
- name: n8n-sandbox-service
  repository: oci://ghcr.io/n8n-io/n8n-sandbox-service
  version: 0.9.5
- name: common-helpers
  repository: oci://harbor.alexlebens.dev/helm-charts
  version: 1.2.0
digest: sha256:636b298a12b9fe7c0ea905c2e6ea5e4c376139f5e35f17a2c5b21f9b396d5bfc
generated: "2026-10-06T11:03:47.325520581Z"
