dependencies:
- name: n8n-sandbox-service
  repository: oci://ghcr.io/n8n-io/n8n-sandbox-service
  version: 0.6.5
- name: common-helpers
  repository: oci://harbor.alexlebens.dev/helm-charts
  version: 0.5.0
digest: sha256:39b66be14c7df994dbf2bae6f0ee0b0bc8aa5d7fb37826b5a59866cbd4c2adc3
generated: "2026-09-09T07:03:36.863397436Z"
