dependencies:
- name: n8n-sandbox-service
  repository: oci://ghcr.io/n8n-io/n8n-sandbox-service
  version: 0.8.0
- name: common-helpers
  repository: oci://harbor.alexlebens.dev/helm-charts
  version: 0.6.0
digest: sha256:bd6c2fd3f5feae01ffd79c831686d7953e8d1a85107412be1a94c4c6dbf0f641
generated: "2026-09-25T07:05:17.256434312Z"
