dependencies:
- name: app-template
  repository: https://bjw-s-labs.github.io/helm-charts/
  version: 5.1.0
- name: common-helpers
  repository: oci://harbor.alexlebens.dev/helm-charts
  version: 0.6.0
digest: sha256:520d0199c5b38f07b05fadc1b8b698482b3f7eb466b5b93bcd36ae8d1c62c9a4
generated: "2026-09-10T20:24:09.230066-05:00"
