dependencies:
- name: app-template
  repository: https://bjw-s-labs.github.io/helm-charts/
  version: 5.3.0
- name: common-helpers
  repository: oci://harbor.alexlebens.dev/helm-charts
  version: 1.2.0
digest: sha256:9fcc62d75d2c038af25b65f5b77d248f53073aecfb7c895b91b467b98d72108e
generated: "2026-10-10T22:51:43.934836874Z"
