dependencies:
- name: app-template
  repository: https://bjw-s-labs.github.io/helm-charts/
  version: 5.1.0
- name: common-helpers
  repository: oci://harbor.alexlebens.dev/helm-charts
  version: 0.5.0
digest: sha256:dc31289cf98133b795392d5f5fa851ebcb300bbf3bea81ae8681d6df34836b94
generated: "2026-09-07T15:27:19.449208762Z"
