dependencies:
- name: app-template
  repository: https://bjw-s-labs.github.io/helm-charts/
  version: 4.6.2
- name: cloudflared
  repository: oci://harbor.alexlebens.net/helm-charts
  version: 2.1.9
- name: postgres-cluster
  repository: oci://harbor.alexlebens.net/helm-charts
  version: 7.5.0
- name: redis-replication
  repository: oci://harbor.alexlebens.net/helm-charts
  version: 1.0.1
digest: sha256:ceefb29aa463807f6763a9dd41e4282938e2b09cfa9a107488385e70273d7f41
generated: "2026-01-23T00:39:25.791321616Z"
