dependencies:
- name: app-template
  repository: https://bjw-s-labs.github.io/helm-charts/
  version: 5.2.1
- name: cloudflared
  repository: oci://harbor.alexlebens.dev/helm-charts
  version: 4.5.2
- name: valkey
  repository: oci://harbor.alexlebens.dev/helm-charts
  version: 1.4.2
- name: postgres-cluster
  repository: oci://harbor.alexlebens.dev/helm-charts
  version: 8.4.3
- name: garage-bucket
  repository: oci://harbor.alexlebens.dev/helm-charts
  version: 0.4.3
- name: common-helpers
  repository: oci://harbor.alexlebens.dev/helm-charts
  version: 0.6.0
digest: sha256:f2eed3c00094a1e8bb1a84c3dda7fa76651ad49e3539e6dfce5366dc673434ec
generated: "2026-09-17T19:11:19.739739635Z"
