dependencies:
- name: app-template
  repository: https://bjw-s-labs.github.io/helm-charts/
  version: 5.1.0
- name: cloudflared
  repository: oci://harbor.alexlebens.net/helm-charts
  version: 4.3.0
- name: valkey
  repository: oci://harbor.alexlebens.net/helm-charts
  version: 1.1.0
- name: postgres-cluster
  repository: oci://harbor.alexlebens.net/helm-charts
  version: 8.4.2
- name: garage-bucket
  repository: oci://harbor.alexlebens.net/helm-charts
  version: 0.3.12
- name: common-helpers
  repository: oci://harbor.alexlebens.net/helm-charts
  version: 0.3.0
digest: sha256:352b454ba4296d681c30c1c954db7f8cedb3a597ea30ff397c540f74a683860d
generated: "2026-08-25T23:11:37.561529962Z"
