dependencies:
- name: generic-device-plugin
  repository: oci://harbor.alexlebens.net/helm-charts
  version: 0.21.8
- name: common-helpers
  repository: oci://harbor.alexlebens.net/helm-charts
  version: 0.4.1
digest: sha256:fd5fd68f75ef27c80ba8393d338846b8f0bf4a4ca72e91e15b314ba64286eb9c
generated: "2026-08-26T15:56:07.527918-05:00"
