dependencies:
- name: generic-device-plugin
  repository: oci://harbor.alexlebens.dev/helm-charts
  version: 0.21.8
- name: common-helpers
  repository: oci://harbor.alexlebens.dev/helm-charts
  version: 0.4.1
digest: sha256:64b03b3a060ff7183e1593b0345f9d8fcf52e450d0ae59f3df73c4db0fc136e4
generated: "2026-08-26T17:51:36.752478-05:00"
