dependencies:
- name: app-template
  repository: https://bjw-s-labs.github.io/helm-charts/
  version: 5.2.1
- name: pocket-id-client
  repository: oci://harbor.alexlebens.dev/helm-charts
  version: 0.2.5
- name: valkey
  repository: oci://harbor.alexlebens.dev/helm-charts
  version: 1.5.0
- name: postgres-cluster
  repository: oci://harbor.alexlebens.dev/helm-charts
  version: 8.4.3
- name: garage-bucket
  repository: oci://harbor.alexlebens.dev/helm-charts
  version: 0.4.4
- name: common-helpers
  repository: oci://harbor.alexlebens.dev/helm-charts
  version: 0.6.0
digest: sha256:52e9f28d1f2b99617cd3e1a313489e045d3df3aa2ed0d06f1ce77d1aac027b03
generated: "2026-09-22T23:00:29.784829419Z"
