dependencies:
- name: app-template
  repository: https://bjw-s-labs.github.io/helm-charts/
  version: 5.2.1
- name: pocket-id-client
  repository: oci://harbor.alexlebens.dev/helm-charts
  version: 0.3.0
- name: valkey
  repository: oci://harbor.alexlebens.dev/helm-charts
  version: 1.6.0
- name: postgres-cluster
  repository: oci://harbor.alexlebens.dev/helm-charts
  version: 8.5.0
- name: s3-bucket
  repository: oci://harbor.alexlebens.dev/helm-charts
  version: 0.6.4
- name: common-helpers
  repository: oci://harbor.alexlebens.dev/helm-charts
  version: 1.2.0
digest: sha256:02ea4f3e0a244972987963c44ccaa96b23041b04e73212c12337e956bb8b33a9
generated: "2026-09-28T20:08:51.613375-05:00"
