dependencies:
- name: app-template
  repository: https://bjw-s-labs.github.io/helm-charts/
  version: 5.2.1
- name: pocket-id-client
  repository: oci://harbor.alexlebens.dev/helm-charts
  version: 0.3.0
- name: valkey
  repository: oci://harbor.alexlebens.dev/helm-charts
  version: 1.7.0
- name: postgres-cluster
  repository: oci://harbor.alexlebens.dev/helm-charts
  version: 8.5.0
- name: s3-bucket
  repository: oci://harbor.alexlebens.dev/helm-charts
  version: 0.6.4
- name: common-helpers
  repository: oci://harbor.alexlebens.dev/helm-charts
  version: 1.2.0
digest: sha256:5646d9f80d7f63cb4601f0a0f1b81b9f1e4416e0eb1e3bba471a9c31e0af78c7
generated: "2026-09-28T20:36:47.539707-05:00"
