dependencies:
- name: app-template
  repository: https://bjw-s-labs.github.io/helm-charts/
  version: 4.5.0
- name: cloudflared
  repository: oci://harbor.alexlebens.net/helm-charts
  version: 2.1.0
digest: sha256:8985430725b3f9f6ebe5ed454b8ab5405f311f692f4377aa6f184fc65471b8b2
generated: "2025-12-17T17:12:26.227595-06:00"
