dependencies:
- name: app-template
  repository: https://bjw-s-labs.github.io/helm-charts/
  version: 4.6.0
- name: cloudflared
  repository: oci://harbor.alexlebens.net/helm-charts
  version: 2.1.6
digest: sha256:407c44f708da679b81f9c12db03dd4152456aef87d8161a60652156d0e61a88d
generated: "2026-01-08T23:03:12.666369272Z"
