dependencies:
- name: app-template
  repository: https://bjw-s-labs.github.io/helm-charts/
  version: 4.5.0
- name: cloudflared
  repository: oci://harbor.alexlebens.net/helm-charts
  version: 2.1.1
digest: sha256:f06202cc89317d278ba4560550d3bfad8df5085797d49a29456c3402b6f8f581
generated: "2025-12-17T17:52:04.747593-06:00"
