dependencies:
- name: app-template
  repository: https://bjw-s-labs.github.io/helm-charts/
  version: 5.1.0
- name: valkey
  repository: oci://harbor.alexlebens.dev/helm-charts
  version: 1.1.1
- name: postgres-cluster
  repository: oci://harbor.alexlebens.dev/helm-charts
  version: 8.4.3
- name: garage-bucket
  repository: oci://harbor.alexlebens.dev/helm-charts
  version: 0.3.12
- name: common-helpers
  repository: oci://harbor.alexlebens.dev/helm-charts
  version: 0.4.1
digest: sha256:398472020a5dcceef13b307d025166002cba22ca343eb22e8a720a22fc0348f7
generated: "2026-08-26T19:54:27.866565-05:00"
