dependencies:
- name: app-template
  repository: https://bjw-s-labs.github.io/helm-charts/
  version: 5.1.0
- name: valkey
  repository: oci://harbor.alexlebens.net/helm-charts
  version: 0.17.1
- name: postgres-cluster
  repository: oci://harbor.alexlebens.net/helm-charts
  version: 8.4.2
- name: garage-bucket
  repository: oci://harbor.alexlebens.net/helm-charts
  version: 0.3.8
digest: sha256:5dfc8a8ad578370f510ad1d1fb75c1ada82579dba0ca7b7a03f8fc2703b3002f
generated: "2026-08-17T17:03:01.694356422Z"
