dependencies:
- name: app-template
  repository: https://bjw-s-labs.github.io/helm-charts/
  version: 5.0.1
- name: postgres-cluster
  repository: oci://harbor.alexlebens.net/helm-charts
  version: 7.15.2
- name: rclone-bucket
  repository: oci://harbor.alexlebens.net/helm-charts
  version: 1.0.1
- name: rclone-bucket
  repository: oci://harbor.alexlebens.net/helm-charts
  version: 1.0.1
digest: sha256:bb4eb5c1db9f7a150fcebc9a67a41120aa2937ab4bdbde7d82d74b9ff0447175
generated: "2026-07-10T02:40:03.833608622Z"
