dependencies:
- name: app-template
  repository: https://bjw-s-labs.github.io/helm-charts/
  version: 5.0.0
- name: volsync-target
  repository: oci://harbor.alexlebens.net/helm-charts
  version: 1.1.1
digest: sha256:fd6ff9a15f699ed14d82f2fd80bcd648135de49e2a04d32ff42e17ffa019efc5
generated: "2026-05-07T20:45:43.485504217Z"
