dependencies:
- name: app-template
  repository: https://bjw-s-labs.github.io/helm-charts/
  version: 5.1.0
- name: volsync-target
  repository: oci://harbor.alexlebens.dev/helm-charts
  version: 2.2.2
- name: common-helpers
  repository: oci://harbor.alexlebens.dev/helm-charts
  version: 0.4.1
digest: sha256:2179749624ffc7cef305ca5e9b34f49a101cd3603dcec29b2c76fb15dcf6d9cb
generated: "2026-08-26T19:35:46.51134-05:00"
