dependencies:
- name: app-template
  repository: https://bjw-s-labs.github.io/helm-charts/
  version: 4.6.2
- name: volsync-target
  repository: oci://harbor.alexlebens.net/helm-charts
  version: 1.0.0
digest: sha256:e8d72b23589fc6a8bb05021f7697529b4715d9b25a408dfb9fcb4809ae2f72c2
generated: "2026-04-24T22:52:07.350582175Z"
