dependencies:
- name: app-template
  repository: https://bjw-s-labs.github.io/helm-charts/
  version: 5.2.1
- name: valkey
  repository: oci://harbor.alexlebens.dev/helm-charts
  version: 1.8.1
- name: meilisearch
  repository: https://meilisearch.github.io/meilisearch-kubernetes
  version: 0.40.0
- name: postgres-cluster
  repository: oci://harbor.alexlebens.dev/helm-charts
  version: 8.5.0
- name: garage-bucket
  repository: oci://harbor.alexlebens.dev/helm-charts
  version: 0.4.4
- name: common-helpers
  repository: oci://harbor.alexlebens.dev/helm-charts
  version: 0.6.0
digest: sha256:a23814de8c695193be7b156c6de969e8c5050032976fd6d63004589dde6d4470
generated: "2026-09-29T21:12:56.624046082Z"
