dependencies:
- name: app-template
  repository: https://bjw-s-labs.github.io/helm-charts/
  version: 4.5.0
- name: volsync-target
  repository: oci://harbor.alexlebens.net/helm-charts
  version: 0.7.0
digest: sha256:6bc6bec57cbc0955f169b0caf22dac5ece3a5a09766178686256641016a56597
generated: "2025-12-27T13:31:20.276455-06:00"
