dependencies:
- name: app-template
  repository: https://bjw-s-labs.github.io/helm-charts/
  version: 4.5.0
- name: volsync-target
  repository: oci://harbor.alexlebens.net/helm-charts
  version: 0.5.0
digest: sha256:8dc18a31138c2e4eb4f6499058aaec0437ecd76ba4f0c5db4ec1ef46e90f9628
generated: "2025-12-17T10:07:48.72533-06:00"
