dependencies:
- name: app-template
  repository: https://bjw-s-labs.github.io/helm-charts/
  version: 4.5.0
- name: volsync-target
  repository: oci://harbor.alexlebens.net/helm-charts
  version: 0.6.0
digest: sha256:4e550c4829f2754a00951d71ea2029705201d60c66256119f6f66f57b4be9455
generated: "2025-12-18T02:46:37.051923133Z"
