dependencies:
- name: app-template
  repository: https://bjw-s-labs.github.io/helm-charts/
  version: 5.0.1
- name: app-template
  repository: https://bjw-s-labs.github.io/helm-charts/
  version: 5.0.1
- name: postgres-cluster
  repository: oci://harbor.alexlebens.net/helm-charts
  version: 8.2.3
- name: valkey
  repository: oci://harbor.alexlebens.net/helm-charts
  version: 0.17.1
digest: sha256:aa3f2abf1eb68f43dd757b694243e3bbff0f18f5019610f43330165c4e547177
generated: "2026-08-07T17:25:44.907493-05:00"
