dependencies:
- name: app-template
  repository: https://bjw-s-labs.github.io/helm-charts/
  version: 4.5.0
- name: redis-replication
  repository: oci://harbor.alexlebens.net/helm-charts
  version: 0.5.0
digest: sha256:a7840240d52d7c66aa2e542132e32907dd0c48d3051eb15190a209215cbd4dce
generated: "2025-12-15T20:06:31.995318697Z"
