dependencies:
- name: app-template
  repository: https://bjw-s-labs.github.io/helm-charts/
  version: 5.0.1
- name: valkey
  repository: oci://harbor.alexlebens.net/helm-charts
  version: 0.15.0
digest: sha256:8634ce387dbf8434a992dfa8d6d75503359e19d23fe49a82aac521b3d25e7972
generated: "2026-07-20T03:52:52.605479411Z"
