dependencies:
- name: openbao
  repository: https://openbao.github.io/openbao-helm
  version: 0.28.2
- name: app-template
  repository: https://bjw-s-labs.github.io/helm-charts/
  version: 5.0.0
- name: rclone-bucket
  repository: oci://harbor.alexlebens.net/helm-charts
  version: 0.11.3
- name: rclone-bucket
  repository: oci://harbor.alexlebens.net/helm-charts
  version: 0.11.3
digest: sha256:d0dd4ffa1da007986daeaa73879b1516e3e46d4d9afa6a28641666079d63c512
generated: "2026-05-13T19:59:58.886767179Z"
