dependencies:
- name: openbao
  repository: https://openbao.github.io/openbao-helm
  version: 0.27.2
- name: app-template
  repository: https://bjw-s-labs.github.io/helm-charts/
  version: 5.0.0
- name: rclone-bucket
  repository: oci://harbor.alexlebens.net/helm-charts
  version: 0.11.1
- name: rclone-bucket
  repository: oci://harbor.alexlebens.net/helm-charts
  version: 0.11.1
digest: sha256:11e970f7dd01eebc31e45257571954ead9c9a4f09bfa134002fe463f6e53ac95
generated: "2026-05-09T01:03:56.077305511Z"
