dependencies:
- name: openbao
  repository: https://openbao.github.io/openbao-helm
  version: 0.27.2
- name: app-template
  repository: https://bjw-s-labs.github.io/helm-charts/
  version: 4.6.2
- name: rclone-bucket
  repository: oci://harbor.alexlebens.net/helm-charts
  version: 0.6.0
- name: rclone-bucket
  repository: oci://harbor.alexlebens.net/helm-charts
  version: 0.6.0
digest: sha256:470e466307da7bfc228f360d63e0e3ee60b045104d0f15d25d0d6ea0e3b2080d
generated: "2026-05-07T00:39:48.031937566Z"
