dependencies:
- name: secrets-store-csi-driver
  repository: https://kubernetes-sigs.github.io/secrets-store-csi-driver/charts
  version: 1.6.1
- name: common-helpers
  repository: oci://harbor.alexlebens.dev/helm-charts
  version: 0.6.0
digest: sha256:b43e02bea265f26cb06f0655fa8beeba6cf1d7c10175ef5248fc1cd432a37103
generated: "2026-09-11T22:08:27.113004119Z"
