dependencies:
- name: secrets-store-csi-driver
  repository: https://kubernetes-sigs.github.io/secrets-store-csi-driver/charts
  version: 1.6.0
- name: common-helpers
  repository: oci://harbor.alexlebens.dev/helm-charts
  version: 0.5.0
digest: sha256:87f6c072af58ae7f740d842e5e48d2ad2d9a3dd1fb2114d6ec37c67f307b8ae0
generated: "2026-09-07T15:26:26.652047672Z"
