dependencies:
- name: secrets-store-csi-driver
  repository: https://kubernetes-sigs.github.io/secrets-store-csi-driver/charts
  version: 1.6.1
- name: common-helpers
  repository: oci://harbor.alexlebens.dev/helm-charts
  version: 0.5.0
digest: sha256:d968439d8f8b0aa71753fc6367d75e9d8503e03a56c5cde5384592313339a20f
generated: "2026-09-09T22:03:32.084211852Z"
