dependencies:
- name: app-template
  repository: https://bjw-s-labs.github.io/helm-charts/
  version: 5.3.0
- name: postgres-cluster
  repository: oci://harbor.alexlebens.dev/helm-charts
  version: 8.5.0
- name: volsync-target
  repository: oci://harbor.alexlebens.dev/helm-charts
  version: 3.0.0
- name: common-helpers
  repository: oci://harbor.alexlebens.dev/helm-charts
  version: 1.2.0
digest: sha256:4d99eb8f121e8b65417511c3fe8f6c1ca8e2918d0a4b1787af2319b80842eb67
generated: "2026-10-10T22:48:12.975961432Z"
