dependencies:
- name: app-template
  repository: https://bjw-s-labs.github.io/helm-charts/
  version: 4.6.2
- name: postgres-cluster
  repository: oci://harbor.alexlebens.net/helm-charts
  version: 7.4.5
- name: volsync-target
  repository: oci://harbor.alexlebens.net/helm-charts
  version: 0.7.0
digest: sha256:290403ae5c4c2561c3e3c102a1728d2adac9f52da41bb5149ecff95043dd88c1
generated: "2026-01-16T18:52:12.820076251Z"
