dependencies:
- name: snapshot-controller
  repository: https://piraeus.io/helm-charts/
  version: 5.3.0
- name: common-helpers
  repository: oci://harbor.alexlebens.dev/helm-charts
  version: 0.6.0
digest: sha256:d3e50faeb9c5a08b355e8c29b12032c77d05416699f2458b95e4d3099201de67
generated: "2026-09-18T16:10:40.093670559Z"
