dependencies:
- name: snapshot-controller
  repository: https://piraeus.io/helm-charts/
  version: 5.2.0
- name: common-helpers
  repository: oci://harbor.alexlebens.dev/helm-charts
  version: 0.6.0
digest: sha256:58509c7fe2adff55a0fba51c2c5f0bd542909e315fca6544cb4212c51f0bbe4a
generated: "2026-09-11T22:08:47.460707151Z"
