dependencies:
- name: snapshot-controller
  repository: https://piraeus.io/helm-charts/
  version: 5.2.0
- name: common-helpers
  repository: oci://harbor.alexlebens.dev/helm-charts
  version: 0.4.1
digest: sha256:760fbdb801bd50025c18ab609eabdd332d102c725a762f34be57fbef2b668f82
generated: "2026-08-27T20:06:08.201251-05:00"
