dependencies:
- name: app-template
  repository: https://bjw-s-labs.github.io/helm-charts/
  version: 4.5.0
- name: volsync-target
  repository: oci://harbor.alexlebens.net/helm-charts
  version: 0.7.0
digest: sha256:e1042088193503be3e0de1df8a682f7454851032eba55b9be5cf3f4e48834514
generated: "2025-12-27T13:30:25.860097-06:00"
