dependencies:
- name: app-template
  repository: https://bjw-s-labs.github.io/helm-charts/
  version: 4.5.0
- name: volsync-target
  repository: oci://harbor.alexlebens.net/helm-charts
  version: 0.5.0
digest: sha256:3d3469c5177b9501cbb34a5faf376fbe4d9b98bd033ad51ee51487a1c2f28d4e
generated: "2025-12-15T22:10:00.495878-06:00"
