dependencies:
- name: sparkyfitness
  repository: oci://ghcr.io/codewithcj/charts
  version: 0.16.5-7
- name: postgres-cluster
  repository: oci://harbor.alexlebens.dev/helm-charts
  version: 8.4.3
- name: volsync-target
  repository: oci://harbor.alexlebens.dev/helm-charts
  version: 2.3.0
- name: common-helpers
  repository: oci://harbor.alexlebens.dev/helm-charts
  version: 0.4.1
digest: sha256:1a5150921e11baa51e70965dbdef036a88d421c060099fab7999ce00db932891
generated: "2026-09-07T01:33:51.969497242Z"
