dependencies:
- name: sparkyfitness
  repository: oci://ghcr.io/codewithcj/charts
  version: 0.16.5-7
- name: postgres-cluster
  repository: oci://harbor.alexlebens.net/helm-charts
  version: 8.4.3
- name: volsync-target
  repository: oci://harbor.alexlebens.net/helm-charts
  version: 2.2.1
digest: sha256:fda5d69c0e86e6ef59bfb7a9dd1ea965553aa9b05b54e8ea75bba2acb8aeec2b
generated: "2026-08-26T00:40:01.210153257Z"
