dependencies:
- name: sparkyfitness
  repository: oci://ghcr.io/codewithcj/charts
  version: 0.16.5-7
- name: postgres-cluster
  repository: oci://harbor.alexlebens.dev/helm-charts
  version: 8.4.3
- name: volsync-target
  repository: oci://harbor.alexlebens.dev/helm-charts
  version: 2.4.0
- name: common-helpers
  repository: oci://harbor.alexlebens.dev/helm-charts
  version: 0.6.0
digest: sha256:eedc8c1ade4c515fe86133da96819290a3413dee9814b8ad63bf32a9e94af390
generated: "2026-09-10T20:24:14.42391-05:00"
