dependencies:
- name: app-template
  repository: https://bjw-s-labs.github.io/helm-charts/
  version: 4.5.0
- name: volsync-target
  repository: oci://harbor.alexlebens.net/helm-charts
  version: 0.6.0
digest: sha256:a44929fc51e958af3c6d54a801effa5a88d47d181a27a5047c30f2bbe6de7b05
generated: "2025-12-18T02:48:50.497826266Z"
