dependencies:
- name: app-template
  repository: https://bjw-s-labs.github.io/helm-charts/
  version: 5.1.0
- name: volsync-target
  repository: oci://harbor.alexlebens.dev/helm-charts
  version: 2.3.0
- name: common-helpers
  repository: oci://harbor.alexlebens.dev/helm-charts
  version: 0.4.1
digest: sha256:f830403f1a268969fdbbcb0b7c430942f9f93607a97281c3ef7a636690fa6b55
generated: "2026-09-07T01:32:53.324806269Z"
