dependencies:
- name: app-template
  repository: https://bjw-s-labs.github.io/helm-charts/
  version: 4.6.2
- name: volsync-target
  repository: oci://harbor.alexlebens.net/helm-charts
  version: 0.8.0
digest: sha256:6f0dd49831a9bf95ca78c18c459afcf601d34d50e98fe2bf0abca18f924066ec
generated: "2026-03-06T01:16:15.27154614Z"
