dependencies:
- name: app-template
  repository: https://bjw-s-labs.github.io/helm-charts/
  version: 5.2.1
- name: common-helpers
  repository: oci://harbor.alexlebens.dev/helm-charts
  version: 1.2.0
digest: sha256:0c16520fabcbf235e1c17e268910f3e5fc9a88b713ab6886e0e8b3f8b77bd2a5
generated: "2026-09-29T23:33:37.957601492Z"
