dependencies:
- name: app-template
  repository: https://bjw-s-labs.github.io/helm-charts/
  version: 5.1.0
- name: common-helpers
  repository: oci://harbor.alexlebens.dev/helm-charts
  version: 0.6.0
digest: sha256:7392170bf404635406f82083b6ddbac60e6cb630292fedd458ce753f1af6aacf
generated: "2026-09-11T22:09:50.983199452Z"
