dependencies:
- name: app-template
  repository: https://bjw-s-labs.github.io/helm-charts/
  version: 5.3.0
- name: common-helpers
  repository: oci://harbor.alexlebens.dev/helm-charts
  version: 1.2.0
digest: sha256:d3a3b3a3fe977cf8636301148af7d14c89f62f7f0372ddd04f6e9f9494432059
generated: "2026-10-10T22:54:25.461998656Z"
