dependencies:
- name: rook-ceph
  repository: https://charts.rook.io/release
  version: v1.19.1
- name: rook-ceph-cluster
  repository: https://charts.rook.io/release
  version: v1.19.1
- name: cloudflared
  repository: oci://harbor.alexlebens.net/helm-charts
  version: 2.2.2
digest: sha256:fbb82644c29122639312301d76b2f2300f2a86eeb17159e9f368b2d46e4e6a7c
generated: "2026-02-06T03:39:57.898917443Z"
