dependencies:
- name: ceph-csi-drivers
  repository: https://ceph.github.io/ceph-csi-operator
  version: 1.0.1
- name: rook-ceph
  repository: https://charts.rook.io/release
  version: v1.20.0
- name: rook-ceph-cluster
  repository: https://charts.rook.io/release
  version: v1.20.0
digest: sha256:f15954431dc0b7ffcca6ac963d82e052f4bb441f1d9ff28ef44099eb70031ada
generated: "2026-06-02T20:30:59.338301-05:00"
