dependencies:
- name: rook-ceph
  repository: https://charts.rook.io/release
  version: v1.19.0
- name: rook-ceph-cluster
  repository: https://charts.rook.io/release
  version: v1.19.0
- name: cloudflared
  repository: oci://harbor.alexlebens.net/helm-charts
  version: 2.2.2
digest: sha256:edc2a4064d509365e371418609b4068674429526c0198ca1793867124bb5dcdb
generated: "2026-02-03T03:44:06.685680039Z"
