dependencies:
- name: psmdb-operator
  repository: https://percona.github.io/percona-helm-charts/
  version: 1.23.1
- name: psmdb-operator-crds
  repository: https://percona.github.io/percona-helm-charts/
  version: 1.23.0
- name: garage-bucket
  repository: oci://harbor.alexlebens.dev/helm-charts
  version: 0.4.0
- name: common-helpers
  repository: oci://harbor.alexlebens.dev/helm-charts
  version: 0.5.0
digest: sha256:37ebae6e220988a898c60256ccf019f5500ca67ed4fbe171ed2ed416aaeb05f3
generated: "2026-09-08T17:41:47.021924-05:00"
