dependencies:
- name: psmdb-operator
  repository: https://percona.github.io/percona-helm-charts/
  version: 1.23.1
- name: psmdb-operator-crds
  repository: https://percona.github.io/percona-helm-charts/
  version: 1.23.0
- name: garage-bucket
  repository: oci://harbor.alexlebens.dev/helm-charts
  version: 0.4.4
- name: common-helpers
  repository: oci://harbor.alexlebens.dev/helm-charts
  version: 1.2.0
digest: sha256:4b8e2d4aa08f8d1cf9a01f8abefcd6779acd4a3a5ac044673181b64845b98d2e
generated: "2026-09-29T23:25:49.274145227Z"
