dependencies:
- name: psmdb-operator
  repository: https://percona.github.io/percona-helm-charts/
  version: 1.23.0
- name: psmdb-operator-crds
  repository: https://percona.github.io/percona-helm-charts/
  version: 1.23.0
- name: garage-bucket
  repository: oci://harbor.alexlebens.dev/helm-charts
  version: 0.4.0
digest: sha256:ccf96e3c68bb718e7e2630a980a0f0e89bd61aaa218d3162f70dec37bcd587d1
generated: "2026-09-08T17:10:40.589493-05:00"
