dependencies:
- name: coredns
  repository: https://coredns.github.io/helm
  version: 1.47.0
- name: common-helpers
  repository: oci://harbor.alexlebens.net/helm-charts
  version: 0.4.0
digest: sha256:8b261291caf61c036c228be4ca542bda525052789ec9173c14b17d157cdeb3b8
generated: "2026-08-25T20:05:44.730763-05:00"
