dependencies:
- name: coredns
  repository: https://coredns.github.io/helm
  version: 1.47.0
- name: common-helpers
  repository: oci://harbor.alexlebens.dev/helm-charts
  version: 0.4.1
digest: sha256:fd66faf4d849f3487f33bf28331e5abc38684a99d8a944150b8a788accf25099
generated: "2026-08-26T17:50:48.233993-05:00"
