dependencies:
- name: coredns
  repository: https://coredns.github.io/helm
  version: 1.47.1
- name: common-helpers
  repository: oci://harbor.alexlebens.dev/helm-charts
  version: 0.5.0
digest: sha256:ded4d9a598c6a534fd98b87435a6c797d3e6a94d59566b65b484b8875ca9041b
generated: "2026-09-09T21:09:41.614954767Z"
