dependencies:
- name: app-template
  repository: https://bjw-s-labs.github.io/helm-charts/
  version: 4.6.2
- name: postgres-cluster
  repository: oci://harbor.alexlebens.net/helm-charts
  version: 7.8.0
digest: sha256:6f244ab97d43b183eeb3beac0bfa9f769c7f1035012d158d3123d64877adfc6f
generated: "2026-02-27T18:18:28.642875392Z"
