dependencies:
- name: app-template
  repository: https://bjw-s-labs.github.io/helm-charts/
  version: 4.5.0
- name: postgres-cluster
  repository: oci://harbor.alexlebens.net/helm-charts
  version: 7.1.4
digest: sha256:fc8a98bc7da13e38c21db4e936bc24c8b3e77de2d56db71a1d31657c1735ca9b
generated: "2025-12-21T19:05:00.739611336Z"
