dependencies:
- name: app-template
  repository: https://bjw-s-labs.github.io/helm-charts/
  version: 4.4.0
- name: postgres-cluster
  repository: oci://harbor.alexlebens.net/helm-charts
  version: 6.16.0
digest: sha256:6e32298738e136a5c8cd51f84bc125a7f19443afe71978002fb3d1924e1d37d8
generated: "2025-11-30T21:07:29.196717-06:00"
