dependencies:
- name: app-template
  repository: https://bjw-s-labs.github.io/helm-charts/
  version: 4.6.2
- name: volsync-target
  repository: oci://harbor.alexlebens.net/helm-charts
  version: 0.7.0
digest: sha256:50badda5b51f1c82558bee67c3a647bdd356c9b7db06acfeef05501aaaabd911
generated: "2026-01-16T18:55:22.993941938Z"
