dependencies:
- name: app-template
  repository: https://bjw-s-labs.github.io/helm-charts/
  version: 4.5.0
- name: volsync-target
  repository: oci://harbor.alexlebens.net/helm-charts
  version: 0.6.0
digest: sha256:27634f667f828f224816c5c8e0a9358de3e9174753089dfe58d479195b12fa45
generated: "2025-12-18T02:49:47.450764578Z"
