dependencies:
- name: app-template
  repository: https://bjw-s-labs.github.io/helm-charts/
  version: 4.5.0
- name: volsync-target
  repository: oci://harbor.alexlebens.net/helm-charts
  version: 0.5.0
digest: sha256:74aa3b2ff8eea69559fc8f1c37b2dcaa4b2764231d61f1347bc9f73ae34500cf
generated: "2025-12-17T13:20:42.696963-06:00"
