dependencies:
- name: app-template
  repository: https://bjw-s-labs.github.io/helm-charts/
  version: 5.2.1
- name: psmdb-db
  repository: https://percona.github.io/percona-helm-charts/
  version: 1.23.3
- name: volsync-target
  repository: oci://harbor.alexlebens.dev/helm-charts
  version: 3.0.0
- name: common-helpers
  repository: oci://harbor.alexlebens.dev/helm-charts
  version: 1.2.0
digest: sha256:7f465b7a9d0c88997ddc7dd6198087a2ea15f6213d971a962c7e05b1e8ccd882
generated: "2026-10-04T02:08:08.450985161Z"
