dependencies:
- name: app-template
  repository: https://bjw-s-labs.github.io/helm-charts/
  version: 5.0.1
- name: postgres-cluster
  repository: oci://harbor.alexlebens.net/helm-charts
  version: 8.4.2
- name: volsync-target
  repository: oci://harbor.alexlebens.net/helm-charts
  version: 2.2.1
digest: sha256:83b1efd99baab24d4b69f0ecb69c44a9cead42aade31302d51e3e27d19c5800e
generated: "2026-08-15T21:07:28.171904032Z"
