dependencies:
- name: app-template
  repository: https://bjw-s-labs.github.io/helm-charts/
  version: 5.1.0
- name: postgres-cluster
  repository: oci://harbor.alexlebens.net/helm-charts
  version: 8.4.3
- name: volsync-target
  repository: oci://harbor.alexlebens.net/helm-charts
  version: 2.2.2
digest: sha256:6880f1e8e54f01cebcf78339c50e6c25b7bee5a2c684b1d0df2130ed27607b58
generated: "2026-08-26T01:17:51.7462341Z"
