dependencies:
- name: app-template
  repository: https://bjw-s-labs.github.io/helm-charts/
  version: 5.1.0
- name: psmdb-db
  repository: https://percona.github.io/percona-helm-charts/
  version: 1.23.2
- name: garage-bucket
  repository: oci://harbor.alexlebens.dev/helm-charts
  version: 0.4.0
- name: common-helpers
  repository: oci://harbor.alexlebens.dev/helm-charts
  version: 0.5.0
digest: sha256:6409c916639294ad00b0637ea7161c0c4c5206c33258a4f6801a42c29ba20d7b
generated: "2026-09-08T17:32:58.1743-05:00"
