dependencies:
- name: app-template
  repository: https://bjw-s-labs.github.io/helm-charts/
  version: 5.1.0
- name: valkey
  repository: oci://harbor.alexlebens.dev/helm-charts
  version: 1.4.2
- name: meilisearch
  repository: https://meilisearch.github.io/meilisearch-kubernetes
  version: 0.39.0
- name: psmdb-db
  repository: https://percona.github.io/percona-helm-charts/
  version: 1.23.2
- name: garage-bucket
  repository: oci://harbor.alexlebens.dev/helm-charts
  version: 0.4.3
- name: common-helpers
  repository: oci://harbor.alexlebens.dev/helm-charts
  version: 0.6.0
digest: sha256:2dbb2a86fe81e10efb6be5cc7935cd84d7048be604a89a5c8c734859a2dbd196
generated: "2026-09-16T23:08:12.642916412Z"
