dependencies:
- name: app-template
  repository: https://bjw-s-labs.github.io/helm-charts/
  version: 5.2.1
- name: valkey
  repository: oci://harbor.alexlebens.dev/helm-charts
  version: 1.5.0
- name: meilisearch
  repository: https://meilisearch.github.io/meilisearch-kubernetes
  version: 0.40.0
- name: psmdb-db
  repository: https://percona.github.io/percona-helm-charts/
  version: 1.23.3
- name: garage-bucket
  repository: oci://harbor.alexlebens.dev/helm-charts
  version: 0.4.4
- name: common-helpers
  repository: oci://harbor.alexlebens.dev/helm-charts
  version: 0.6.0
digest: sha256:325717293826415fcc460b2ff845f12073b0b79162b5e0e4d7be22421b083368
generated: "2026-09-23T20:23:01.229157153Z"
