dependencies:
- name: kube-prometheus-stack
  repository: oci://ghcr.io/prometheus-community/charts
  version: 87.7.0
- name: prometheus-operator-crds
  repository: oci://ghcr.io/prometheus-community/charts
  version: 30.0.1
- name: prometheus-blackbox-exporter
  repository: oci://ghcr.io/prometheus-community/charts
  version: 11.15.1
- name: app-template
  repository: https://bjw-s-labs.github.io/helm-charts/
  version: 5.0.1
- name: valkey
  repository: oci://harbor.alexlebens.net/helm-charts
  version: 0.12.1
digest: sha256:8c0b71222b209c0939bbce254bbda62fb10ca2560d22dd1563597a5e2e20dda4
generated: "2026-07-03T23:03:15.616661091Z"
