dependencies:
- name: kube-prometheus-stack
  repository: oci://ghcr.io/prometheus-community/charts
  version: 87.12.2
- name: prometheus-operator-crds
  repository: oci://ghcr.io/prometheus-community/charts
  version: 30.0.1
- name: prometheus-blackbox-exporter
  repository: oci://ghcr.io/prometheus-community/charts
  version: 11.15.1
- name: app-template
  repository: https://bjw-s-labs.github.io/helm-charts/
  version: 5.0.1
- name: valkey
  repository: oci://harbor.alexlebens.net/helm-charts
  version: 0.12.1
digest: sha256:5f07937dd121a205ce27e5fe7b4cb60f13c4e37d3e8019753ed3b93693fcbc9a
generated: "2026-07-09T13:02:52.598607526Z"
