dependencies:
- name: prometheus-operator-crds
  repository: oci://ghcr.io/prometheus-community/charts
  version: 32.0.0
- name: kube-prometheus-stack
  repository: oci://ghcr.io/prometheus-community/charts
  version: 91.5.0
- name: app-template
  repository: https://bjw-s-labs.github.io/helm-charts/
  version: 5.2.1
- name: valkey
  repository: oci://harbor.alexlebens.dev/helm-charts
  version: 1.4.2
- name: common-helpers
  repository: oci://harbor.alexlebens.dev/helm-charts
  version: 0.6.0
digest: sha256:b8fae657d2a2762811afd793024607c2ac02a186e93535a29e554a2751baa877
generated: "2026-09-22T17:38:58.567615482Z"
