dependencies:
- name: traefik
  repository: https://traefik.github.io/charts
  version: 37.4.0
- name: traefik-crds
  repository: https://traefik.github.io/charts
  version: 1.12.0
digest: sha256:68267043bdc2c60346e196e1c1d0cef62884bb3dc2ff26ff4a273ccf27edf738
generated: "2025-12-14T21:03:44.140099-06:00"
