dependencies:
- name: traefik
  repository: https://traefik.github.io/charts
  version: 41.2.0
- name: traefik-crds
  repository: https://traefik.github.io/charts
  version: 1.18.0
digest: sha256:4e9c8273c6dc84e4be6225d3211a86d0744e3660ba853838099997ab842666a5
generated: "2026-08-07T14:02:57.361666949Z"
