dependencies:
- name: traefik
  repository: https://traefik.github.io/charts
  version: 38.0.1
- name: traefik-crds
  repository: https://traefik.github.io/charts
  version: 1.13.0
digest: sha256:0caf1c25f7bca77f070a3ba490f0d0370f7583370dfeeb2a726023ff567c208e
generated: "2025-12-19T18:45:42.696331-06:00"
