dependencies:
- name: app-template
  repository: https://bjw-s-labs.github.io/helm-charts/
  version: 4.5.0
- name: redis-replication
  repository: oci://harbor.alexlebens.net/helm-charts
  version: 0.5.0
- name: volsync-target
  repository: oci://harbor.alexlebens.net/helm-charts
  version: 0.7.0
digest: sha256:8ffb9b2d1e452cad49196824787d52f55fcc0309722fbb433a1eb2a99e9d19e1
generated: "2025-12-27T13:32:17.225782-06:00"
