dependencies:
- name: app-template
  repository: https://bjw-s-labs.github.io/helm-charts/
  version: 5.2.1
- name: common-helpers
  repository: oci://harbor.alexlebens.dev/helm-charts
  version: 1.2.0
digest: sha256:88da4521d494d4fa9eb1263703d0fa4298f857aae5c14fa3d4361eca36fb1f93
generated: "2026-09-29T23:11:50.979468609Z"
