dependencies:
- name: app-template
  repository: https://bjw-s-labs.github.io/helm-charts/
  version: 5.2.1
- name: common-helpers
  repository: oci://harbor.alexlebens.dev/helm-charts
  version: 0.6.0
digest: sha256:afe1accff02145ed45f7f38f0a2c6a88e48b6d07e9e184436a93ebf647f7ff47
generated: "2026-09-17T16:29:35.121806-05:00"
