dependencies:
- name: app-template
  repository: https://bjw-s-labs.github.io/helm-charts/
  version: 5.3.0
- name: common-helpers
  repository: oci://harbor.alexlebens.dev/helm-charts
  version: 1.2.0
digest: sha256:94324062ae7c971913c212db8433bf6885100afd4a18e1b7128fb00ff2cb8b3d
generated: "2026-10-10T22:31:18.769447625Z"
