dependencies:
- name: app-template
  repository: https://bjw-s-labs.github.io/helm-charts/
  version: 5.0.1
- name: postgres-cluster
  repository: oci://harbor.alexlebens.net/helm-charts
  version: 8.2.3
- name: valkey
  repository: oci://harbor.alexlebens.net/helm-charts
  version: 0.16.1
- name: volsync-target
  repository: oci://harbor.alexlebens.net/helm-charts
  version: 2.2.1
- name: volsync-target
  repository: oci://harbor.alexlebens.net/helm-charts
  version: 2.2.1
- name: volsync-target
  repository: oci://harbor.alexlebens.net/helm-charts
  version: 2.2.1
digest: sha256:2537dc3bb505ceb31ebd8d46f3732eb9ce9fd2724e81eadbbc0b53995094888b
generated: "2026-07-23T02:03:32.963819466Z"
