dependencies:
- name: app-template
  repository: https://bjw-s-labs.github.io/helm-charts/
  version: 5.2.1
- name: temporal
  repository: https://go.temporal.io/helm-charts
  version: 1.7.0
- name: cloudflared
  repository: oci://harbor.alexlebens.dev/helm-charts
  version: 4.6.0
- name: valkey
  repository: oci://harbor.alexlebens.dev/helm-charts
  version: 1.9.0
- name: postgres-cluster
  repository: oci://harbor.alexlebens.dev/helm-charts
  version: 8.5.0
- name: volsync-target
  repository: oci://harbor.alexlebens.dev/helm-charts
  version: 3.0.0
- name: volsync-target
  repository: oci://harbor.alexlebens.dev/helm-charts
  version: 3.0.0
- name: common-helpers
  repository: oci://harbor.alexlebens.dev/helm-charts
  version: 1.2.0
digest: sha256:59aa26774853438191acd64fc7e12d2b7eb6ef23942c636e6e9c0fa7179b3bac
generated: "2026-10-10T12:56:08.189756-05:00"
