dependencies:
- name: app-template
  repository: https://bjw-s-labs.github.io/helm-charts/
  version: 4.5.0
- name: cloudflared
  repository: oci://harbor.alexlebens.net/helm-charts
  version: 2.1.4
- name: postgres-cluster
  repository: oci://harbor.alexlebens.net/helm-charts
  version: 7.4.5
- name: redis-replication
  repository: oci://harbor.alexlebens.net/helm-charts
  version: 0.5.0
- name: volsync-target
  repository: oci://harbor.alexlebens.net/helm-charts
  version: 0.7.0
- name: volsync-target
  repository: oci://harbor.alexlebens.net/helm-charts
  version: 0.7.0
digest: sha256:eb729729d35eb986e9497e400f31a45b37c123f9526ad0dfc0b1047a3a45d706
generated: "2025-12-27T19:48:03.116570442Z"
