dependencies:
- name: app-template
  repository: https://bjw-s-labs.github.io/helm-charts/
  version: 4.6.2
- name: cloudflared
  repository: oci://harbor.alexlebens.net/helm-charts
  version: 2.3.0
- name: postgres-cluster
  repository: oci://harbor.alexlebens.net/helm-charts
  version: 7.8.0
- name: redis-replication
  repository: oci://harbor.alexlebens.net/helm-charts
  version: 1.0.4
- name: volsync-target
  repository: oci://harbor.alexlebens.net/helm-charts
  version: 0.7.0
- name: volsync-target
  repository: oci://harbor.alexlebens.net/helm-charts
  version: 0.7.0
digest: sha256:5dc53ff00eb13dfd58bdbbee26c80af5531a80c8debbc8c73ed3f062e9819ee6
generated: "2026-02-27T18:18:41.874350477Z"
