dependencies:
- name: app-template
  repository: https://bjw-s-labs.github.io/helm-charts/
  version: 5.0.1
- name: postgres-cluster
  repository: oci://harbor.alexlebens.net/helm-charts
  version: 7.15.2
- name: valkey
  repository: oci://harbor.alexlebens.net/helm-charts
  version: 0.11.0
- name: volsync-target
  repository: oci://harbor.alexlebens.net/helm-charts
  version: 2.1.0
digest: sha256:f64fa04972e06cfceddd4dd9e9fcb1a240ffc9dd19af08708765d30979bc8a30
generated: "2026-06-11T19:52:08.247587759Z"
