dependencies:
- name: app-template
  repository: https://bjw-s-labs.github.io/helm-charts/
  version: 4.5.0
- name: postgres-cluster
  repository: oci://harbor.alexlebens.net/helm-charts
  version: 7.4.5
- name: redis-replication
  repository: oci://harbor.alexlebens.net/helm-charts
  version: 0.5.0
- name: volsync-target
  repository: oci://harbor.alexlebens.net/helm-charts
  version: 0.7.0
digest: sha256:1055a62dcf5b7e6f37ca3acc9cac14eac84b65961a165927ae0600a278701d84
generated: "2025-12-27T19:46:28.071891757Z"
