dependencies:
- name: app-template
  repository: https://bjw-s-labs.github.io/helm-charts/
  version: 5.1.0
- name: volsync-target
  repository: oci://harbor.alexlebens.dev/helm-charts
  version: 2.4.0
- name: common-helpers
  repository: oci://harbor.alexlebens.dev/helm-charts
  version: 0.6.0
digest: sha256:385d573579b092bc89d6f1017bc24d368c64d8b502a5a0082e1f915bdc4af289
generated: "2026-09-10T20:23:51.015322-05:00"
