dependencies:
- name: app-template
  repository: https://bjw-s-labs.github.io/helm-charts/
  version: 4.6.2
- name: volsync-target
  repository: oci://harbor.alexlebens.net/helm-charts
  version: 1.0.0
digest: sha256:dee5a17be59dc65292a26d8b881b15ead6aaa52f45fd5b679a7ec3ce40089c5e
generated: "2026-04-24T22:56:08.16503815Z"
