dependencies:
- name: app-template
  repository: https://bjw-s-labs.github.io/helm-charts/
  version: 4.6.0
- name: volsync-target
  repository: oci://harbor.alexlebens.net/helm-charts
  version: 0.7.0
digest: sha256:5095ab371164a73380c155264fe6ea3a250b5bbdd9a90342218b18273fdd4458
generated: "2026-01-07T16:14:34.478395614Z"
