dependencies:
- name: seerr-chart
  repository: oci://ghcr.io/seerr-team/seerr
  version: 3.10.0
- name: volsync-target
  repository: oci://harbor.alexlebens.dev/helm-charts
  version: 3.0.0
- name: common-helpers
  repository: oci://harbor.alexlebens.dev/helm-charts
  version: 1.2.0
digest: sha256:030e42d52c6f6b4af4bae7e3bf1896d1cbef991b4c549df2294b1b918a222fbc
generated: "2026-10-10T12:56:46.665654-05:00"
