dependencies:
- name: seerr-chart
  repository: oci://ghcr.io/seerr-team/seerr
  version: 3.4.1
- name: volsync-target
  repository: oci://harbor.alexlebens.net/helm-charts
  version: 0.8.0
digest: sha256:821fc73d7411c89f0eba2c35a7a455523dadaa4f9d5149b17b2c96cf594f5e1a
generated: "2026-04-08T17:24:50.724009386Z"
