dependencies:
- name: seerr-chart
  repository: oci://ghcr.io/seerr-team/seerr
  version: 3.0.0
- name: volsync-target
  repository: oci://harbor.alexlebens.net/helm-charts
  version: 0.7.0
digest: sha256:76a0254571f2376ba6fbb773b6491d658d02e19d4f5a89a822536e0bd57dd48e
generated: "2025-12-27T13:32:32.932724-06:00"
