dependencies:
- name: pocket-id-operator
  repository: oci://ghcr.io/aclerici38/charts
  version: 0.15.0
- name: pocket-id-instance
  repository: oci://ghcr.io/aclerici38/charts
  version: 0.15.0
- name: cloudflared
  repository: oci://harbor.alexlebens.dev/helm-charts
  version: 4.6.0
- name: postgres-cluster
  repository: oci://harbor.alexlebens.dev/helm-charts
  version: 8.5.0
- name: s3-bucket
  repository: oci://harbor.alexlebens.dev/helm-charts
  version: 0.8.0
- name: common-helpers
  repository: oci://harbor.alexlebens.dev/helm-charts
  version: 1.2.0
digest: sha256:f7c4e5d8b52c8cf093fb2bc299021f6db8847473ea1623baf5c075db9e5179b3
generated: "2026-10-06T20:43:17.92672-05:00"
