dependencies:
- name: pocket-id-operator
  repository: oci://ghcr.io/aclerici38/charts
  version: 0.14.2
- name: pocket-id-instance
  repository: oci://ghcr.io/aclerici38/charts
  version: 0.14.2
- name: cloudflared
  repository: oci://harbor.alexlebens.net/helm-charts
  version: 4.3.0
- name: postgres-cluster
  repository: oci://harbor.alexlebens.net/helm-charts
  version: 8.4.2
- name: garage-bucket
  repository: oci://harbor.alexlebens.net/helm-charts
  version: 0.3.11
- name: common-helpers
  repository: oci://harbor.alexlebens.net/helm-charts
  version: 0.3.0
digest: sha256:aad8ff087642ac22bc5b71a79590dfff18951d9435a5071439314549d84fbaba
generated: "2026-08-25T16:18:37.069124-05:00"
