dependencies:
- name: pocket-id-operator
  repository: oci://ghcr.io/aclerici38/charts
  version: 0.15.0
- name: pocket-id-instance
  repository: oci://ghcr.io/aclerici38/charts
  version: 0.15.0
- name: cloudflared
  repository: oci://harbor.alexlebens.dev/helm-charts
  version: 4.5.6
- name: postgres-cluster
  repository: oci://harbor.alexlebens.dev/helm-charts
  version: 8.5.0
- name: garage-bucket
  repository: oci://harbor.alexlebens.dev/helm-charts
  version: 0.4.4
- name: common-helpers
  repository: oci://harbor.alexlebens.dev/helm-charts
  version: 1.2.0
digest: sha256:e5cd0e2e40f2e359b10720bd000ed53d5e5b84b617d7f694f1a14f5be97ec337
generated: "2026-10-02T20:39:21.450929851Z"
