dependencies:
- name: app-template
  repository: https://bjw-s-labs.github.io/helm-charts/
  version: 5.3.0
- name: common-helpers
  repository: oci://harbor.alexlebens.dev/helm-charts
  version: 1.2.0
digest: sha256:83f347d44c2166e73c569c67a8affa248e8e585cd03e5cc628e5135985d0ac6b
generated: "2026-10-10T22:51:32.085684267Z"
