dependencies:
- name: app-template
  repository: https://bjw-s-labs.github.io/helm-charts/
  version: 5.1.0
- name: common-helpers
  repository: oci://harbor.alexlebens.dev/helm-charts
  version: 0.5.0
digest: sha256:07908ec397d2651b7ec31bc4022a58e8690343e1953609bbd11716e55d9e893c
generated: "2026-09-07T15:27:06.093549417Z"
