dependencies:
- name: app-template
  repository: https://bjw-s-labs.github.io/helm-charts/
  version: 5.1.0
- name: common-helpers
  repository: oci://harbor.alexlebens.dev/helm-charts
  version: 0.6.0
digest: sha256:c7b3c3eb20f2b49a837d7d69ff97e6317056ac98e1e40a3261b5ab143be8b407
generated: "2026-09-11T22:08:36.812271952Z"
