dependencies:
- name: app-template
  repository: https://bjw-s-labs.github.io/helm-charts/
  version: 5.2.1
- name: common-helpers
  repository: oci://harbor.alexlebens.dev/helm-charts
  version: 0.6.0
digest: sha256:e13d1955ef1e8c9f4ccd3f30604acc21bed5bb2dd6bfd984d9c0a4d72f0183b6
generated: "2026-09-23T15:58:13.310846-05:00"
