dependencies:
- name: app-template
  repository: https://bjw-s-labs.github.io/helm-charts/
  version: 5.3.0
- name: common-helpers
  repository: oci://harbor.alexlebens.dev/helm-charts
  version: 1.2.0
digest: sha256:b8eed2ebdf2c227f01e3b3dded6cca0233883e7321fcb6c2b40772d2be845020
generated: "2026-10-10T22:55:15.295528892Z"
