dependencies:
- name: app-template
  repository: https://bjw-s-labs.github.io/helm-charts/
  version: 5.2.1
- name: common-helpers
  repository: oci://harbor.alexlebens.dev/helm-charts
  version: 1.2.0
digest: sha256:2ea86adbbb453a9c5967a98a097861a98464690ec3629d4443257fcedf40ab05
generated: "2026-09-29T23:34:54.997769867Z"
