dependencies:
- name: app-template
  repository: https://bjw-s-labs.github.io/helm-charts/
  version: 5.2.1
- name: pocket-id-client
  repository: oci://harbor.alexlebens.dev/helm-charts
  version: 0.2.5
- name: cloudflared
  repository: oci://harbor.alexlebens.dev/helm-charts
  version: 4.5.5
- name: postgres-cluster
  repository: oci://harbor.alexlebens.dev/helm-charts
  version: 8.4.3
- name: garage-bucket
  repository: oci://harbor.alexlebens.dev/helm-charts
  version: 0.4.4
- name: common-helpers
  repository: oci://harbor.alexlebens.dev/helm-charts
  version: 0.6.0
digest: sha256:8ecf0fc31aeacddf90f2db27a2c896f721d7cadae067659fab1434a889044b77
generated: "2026-09-24T22:06:09.850699431Z"
