dependencies:
- name: app-template
  repository: https://bjw-s-labs.github.io/helm-charts/
  version: 5.1.0
- name: pocket-id-client
  repository: oci://harbor.alexlebens.dev/helm-charts
  version: 0.2.1
- name: cloudflared
  repository: oci://harbor.alexlebens.dev/helm-charts
  version: 4.5.2
- name: postgres-cluster
  repository: oci://harbor.alexlebens.dev/helm-charts
  version: 8.4.3
- name: garage-bucket
  repository: oci://harbor.alexlebens.dev/helm-charts
  version: 0.4.3
- name: common-helpers
  repository: oci://harbor.alexlebens.dev/helm-charts
  version: 0.6.0
digest: sha256:38c3d92fea62483d224e975fd128f78046c5f44a2fed0d2ad627424dd8556066
generated: "2026-09-13T13:34:04.2159-05:00"
