dependencies:
- name: app-template
  repository: https://bjw-s-labs.github.io/helm-charts/
  version: 5.0.0
- name: volsync-target
  repository: oci://harbor.alexlebens.net/helm-charts
  version: 1.1.1
- name: volsync-target
  repository: oci://harbor.alexlebens.net/helm-charts
  version: 1.1.1
digest: sha256:76aa807daaf18fe785313337c497bebebb886ba61aa91c8673fda0d2beb7ce4b
generated: "2026-05-07T20:43:17.501180286Z"
