dependencies:
- name: app-template
  repository: https://bjw-s-labs.github.io/helm-charts/
  version: 4.6.2
- name: volsync-target
  repository: oci://harbor.alexlebens.net/helm-charts
  version: 1.0.0
- name: volsync-target
  repository: oci://harbor.alexlebens.net/helm-charts
  version: 1.0.0
digest: sha256:4c3010c4ef30f7baaad7564d1fda9bdfe18184fab0e3f47a8a1f4c74e340e557
generated: "2026-04-24T22:50:23.056323614Z"
