dependencies:
- name: app-template
  repository: https://bjw-s-labs.github.io/helm-charts/
  version: 4.5.0
- name: volsync-target
  repository: oci://harbor.alexlebens.net/helm-charts
  version: 0.5.0
- name: volsync-target
  repository: oci://harbor.alexlebens.net/helm-charts
  version: 0.5.0
digest: sha256:b7d1700ed373d9a9b761989a8e63f01e0e969491ac05d94cf888f9f5befb32bf
generated: "2025-12-17T16:31:33.168858369Z"
