dependencies:
- name: cilium
  repository: https://helm.cilium.io/
  version: 1.20.1
- name: common-helpers
  repository: oci://harbor.alexlebens.net/helm-charts
  version: 0.4.1
digest: sha256:f180482562b97fdad9b16bb7e25a761bdf6cde03edfa7c1fbbaae6f7342a3dda
generated: "2026-08-26T01:40:57.316720095Z"
