dependencies:
- name: cilium
  repository: https://helm.cilium.io/
  version: 1.20.1
- name: common-helpers
  repository: oci://harbor.alexlebens.dev/helm-charts
  version: 0.6.0
digest: sha256:399fa816cb97f9692dea87cb5c2de0b254765ed1efff99c40dcc67d5f99841ed
generated: "2026-09-10T20:22:37.632084-05:00"
