dependencies:
- name: cilium
  repository: https://helm.cilium.io/
  version: 1.20.2
- name: common-helpers
  repository: oci://harbor.alexlebens.dev/helm-charts
  version: 1.2.0
digest: sha256:071da4b0bb5447b5f4b3743019ec6f78054ed852887f36741f1ecf37591a1d1e
generated: "2026-09-29T23:10:09.671807046Z"
