dependencies:
- name: n8n
  repository: oci://ghcr.io/n8n-io/n8n-helm-chart
  version: 1.13.0
- name: app-template
  repository: https://bjw-s-labs.github.io/helm-charts/
  version: 5.2.1
- name: valkey
  repository: oci://harbor.alexlebens.dev/helm-charts
  version: 1.7.0
- name: postgres-cluster
  repository: oci://harbor.alexlebens.dev/helm-charts
  version: 8.5.0
- name: postgres-cluster
  repository: oci://harbor.alexlebens.dev/helm-charts
  version: 8.5.0
- name: volsync-target
  repository: oci://harbor.alexlebens.dev/helm-charts
  version: 2.4.0
- name: common-helpers
  repository: oci://harbor.alexlebens.dev/helm-charts
  version: 0.6.0
digest: sha256:5834ba3d54a073198c07da0a866c9f4f79f9c4a30ca78ce8e88d38b125816b7e
generated: "2026-09-29T01:42:40.490842755Z"
