dependencies:
- name: n8n
  repository: oci://ghcr.io/n8n-io/n8n-helm-chart
  version: 1.11.0
- name: app-template
  repository: https://bjw-s-labs.github.io/helm-charts/
  version: 5.1.0
- name: valkey
  repository: oci://harbor.alexlebens.dev/helm-charts
  version: 1.4.2
- name: postgres-cluster
  repository: oci://harbor.alexlebens.dev/helm-charts
  version: 8.4.3
- name: volsync-target
  repository: oci://harbor.alexlebens.dev/helm-charts
  version: 2.4.0
- name: common-helpers
  repository: oci://harbor.alexlebens.dev/helm-charts
  version: 0.6.0
digest: sha256:9b49b1c8f3f627d272301b886ffac957520809ecea6ff63503e592feda795892
generated: "2026-09-10T20:23:31.073736-05:00"
