dependencies:
- name: n8n
  repository: oci://ghcr.io/n8n-io/n8n-helm-chart
  version: 1.15.0
- name: app-template
  repository: https://bjw-s-labs.github.io/helm-charts/
  version: 5.2.1
- name: valkey
  repository: oci://harbor.alexlebens.dev/helm-charts
  version: 1.9.0
- name: postgres-cluster
  repository: oci://harbor.alexlebens.dev/helm-charts
  version: 8.5.0
- name: postgres-cluster
  repository: oci://harbor.alexlebens.dev/helm-charts
  version: 8.5.0
- name: volsync-target
  repository: oci://harbor.alexlebens.dev/helm-charts
  version: 2.4.0
- name: common-helpers
  repository: oci://harbor.alexlebens.dev/helm-charts
  version: 1.2.0
digest: sha256:5bee3bb35f4288d52860c9a6011edb31be609e9de721970e15e8aef6d84e5488
generated: "2026-10-07T11:05:37.822881555Z"
