dependencies:
- name: app-template
  repository: https://bjw-s-labs.github.io/helm-charts/
  version: 5.3.0
- name: postgres-cluster
  repository: oci://harbor.alexlebens.dev/helm-charts
  version: 8.5.0
- name: common-helpers
  repository: oci://harbor.alexlebens.dev/helm-charts
  version: 1.2.0
digest: sha256:3c924630ec3d7e208a6d35701c48d0684c2d08e2801e63ce7607246bc9c56369
generated: "2026-10-10T22:52:45.075844539Z"
