dependencies:
- name: app-template
  repository: https://bjw-s-labs.github.io/helm-charts/
  version: 5.3.0
- name: postgres-cluster
  repository: oci://harbor.alexlebens.dev/helm-charts
  version: 8.6.0
- name: common-helpers
  repository: oci://harbor.alexlebens.dev/helm-charts
  version: 1.2.0
digest: sha256:34b34798749a665b7cff2b1219c92b7d9bcb36c7c63911c94e1d1d0ea56ff1b2
generated: "2026-10-11T04:51:39.0014577Z"
