dependencies:
- name: app-template
  repository: https://bjw-s-labs.github.io/helm-charts/
  version: 5.2.1
- name: postgres-cluster
  repository: oci://harbor.alexlebens.dev/helm-charts
  version: 8.5.0
- name: common-helpers
  repository: oci://harbor.alexlebens.dev/helm-charts
  version: 0.6.0
digest: sha256:c9098f81b8d7e5f40af22c57527243edb33006ab6830ae0dbdeb244f48119973
generated: "2026-09-25T22:23:00.62990045Z"
