dependencies:
- name: app-template
  repository: https://bjw-s-labs.github.io/helm-charts/
  version: 5.0.1
- name: volsync-target
  repository: oci://harbor.alexlebens.net/helm-charts
  version: 2.2.0
digest: sha256:1a303329651186e60a10d60c228512fe80e59bbdda57697ca198cb1db9c35a81
generated: "2026-07-02T18:51:28.720891852Z"
