dependencies:
- name: app-template
  repository: https://bjw-s-labs.github.io/helm-charts/
  version: 5.0.0
- name: volsync-target
  repository: oci://harbor.alexlebens.net/helm-charts
  version: 2.0.0
digest: sha256:1a8f96f632edaec9f513bcfb81c90f413efc62cf699bb3d4380550a97f0eda79
generated: "2026-05-08T21:42:30.298273-05:00"
