dependencies:
- name: app-template
  repository: https://bjw-s-labs.github.io/helm-charts/
  version: 5.0.1
- name: volsync-target
  repository: oci://harbor.alexlebens.net/helm-charts
  version: 2.2.1
digest: sha256:8c81143ec2a2e0121bf26eb3d323f8191654800990835e2b2ea1dc5ece7844c5
generated: "2026-07-18T05:34:51.981572206Z"
