dependencies:
- name: app-template
  repository: https://bjw-s-labs.github.io/helm-charts/
  version: 5.2.1
- name: volsync-target
  repository: oci://harbor.alexlebens.dev/helm-charts
  version: 2.4.0
- name: common-helpers
  repository: oci://harbor.alexlebens.dev/helm-charts
  version: 1.2.0
digest: sha256:3a1bfb5c8471c893b2e7111456e5b93def7cfadde2bdbf74bc73d0624370b25f
generated: "2026-09-29T23:31:31.709251685Z"
