dependencies:
- name: app-template
  repository: https://bjw-s-labs.github.io/helm-charts/
  version: 5.2.1
- name: volsync-target
  repository: oci://harbor.alexlebens.dev/helm-charts
  version: 3.0.0
- name: common-helpers
  repository: oci://harbor.alexlebens.dev/helm-charts
  version: 1.2.0
digest: sha256:c2bcd948134a3e48b034b25bfdb1a4d7f81ed1afcbe12c2f09715eb8ae928b05
generated: "2026-10-04T02:14:17.001775623Z"
