dependencies:
- name: app-template
  repository: https://bjw-s-labs.github.io/helm-charts/
  version: 5.2.1
- name: volsync-target
  repository: oci://harbor.alexlebens.dev/helm-charts
  version: 2.4.0
- name: common-helpers
  repository: oci://harbor.alexlebens.dev/helm-charts
  version: 0.6.0
digest: sha256:385b7c6ac21998e35ccaf0330b00d9a911e4b0f28780a7cb48dffb75b5b48b73
generated: "2026-09-18T21:39:57.957143-05:00"
