dependencies:
- name: cloudnative-pg
  repository: https://cloudnative-pg.io/charts/
  version: 0.28.0
- name: plugin-barman-cloud
  repository: https://cloudnative-pg.io/charts/
  version: 0.6.0
- name: rclone-bucket
  repository: oci://harbor.alexlebens.net/helm-charts
  version: 0.11.0
- name: rclone-bucket
  repository: oci://harbor.alexlebens.net/helm-charts
  version: 0.11.0
digest: sha256:549f0e9741ae4aac0a53e3f3f04ec9482c31b6baffd7e6afed1aa82a33ba03db
generated: "2026-05-09T00:04:05.933126561Z"
