dependencies:
- name: cloudnative-pg
  repository: https://cloudnative-pg.io/charts/
  version: 0.29.0
- name: plugin-barman-cloud
  repository: https://cloudnative-pg.io/charts/
  version: 0.7.1
- name: garage-bucket
  repository: oci://harbor.alexlebens.net/helm-charts
  version: 0.3.12
- name: common-helpers
  repository: oci://harbor.alexlebens.net/helm-charts
  version: 0.4.1
digest: sha256:0478d769c8754ccc4ca2df2a4de668d1956128e98662c02019af96cef7eb6a79
generated: "2026-08-25T20:14:01.339967-05:00"
