dependencies:
- name: cloudnative-pg
  repository: https://cloudnative-pg.io/charts/
  version: 0.29.0
- name: plugin-barman-cloud
  repository: https://cloudnative-pg.io/charts/
  version: 0.8.0
- name: garage-bucket
  repository: oci://harbor.alexlebens.dev/helm-charts
  version: 0.4.0
- name: common-helpers
  repository: oci://harbor.alexlebens.dev/helm-charts
  version: 0.5.0
digest: sha256:ed4ea4605f15db4871dacfcb6d9bb42594f4b6b56a31c4c5e19cbed568cfe15a
generated: "2026-09-07T15:11:21.708732342Z"
