dependencies:
- name: version-checker
  repository: https://charts.jetstack.io
  version: v0.11.0
- name: common-helpers
  repository: oci://harbor.alexlebens.dev/helm-charts
  version: 0.4.1
digest: sha256:db763053a63952e4c54c349db508631976037fc30d3df5fbc2e3ba95ec73d8a8
generated: "2026-08-28T17:13:29.148592-05:00"
