dependencies:
- name: app-template
  repository: https://bjw-s-labs.github.io/helm-charts/
  version: 5.1.0
- name: common-helpers
  repository: oci://harbor.alexlebens.net/helm-charts
  version: 0.4.1
digest: sha256:25d3da1bb5da56ed1cb49d086592cc9a6c2cc8c7b516a419ee0d226912f498db
generated: "2026-08-26T01:41:11.413576114Z"
