dependencies:
- name: app-template
  repository: https://bjw-s-labs.github.io/helm-charts/
  version: 5.1.0
- name: common-helpers
  repository: oci://harbor.alexlebens.dev/helm-charts
  version: 0.4.1
digest: sha256:ca22e2d5fffbc4c986b63f00c1ff8816642f2e1e98f40280e91c3a105ac9832e
generated: "2026-08-26T17:50:41.149765-05:00"
