dependencies:
- name: app-template
  repository: https://bjw-s-labs.github.io/helm-charts/
  version: 5.1.0
- name: common-helpers
  repository: oci://harbor.alexlebens.dev/helm-charts
  version: 0.5.0
digest: sha256:f4b94cdfe8ef4628b571404242c5689492e086303e72c3a52cf0ac2f4cc7cbfb
generated: "2026-09-07T15:11:10.389990103Z"
