dependencies:
- name: app-template
  repository: https://bjw-s-labs.github.io/helm-charts/
  version: 5.0.1
- name: volsync-target
  repository: oci://harbor.alexlebens.net/helm-charts
  version: 2.2.0
digest: sha256:fcf95c638d0f3e35cf56b4f44c8f3f23ba2e253fa0a9ccd68a5b254289011238
generated: "2026-07-02T18:56:57.857613117Z"
