dependencies:
- name: app-template
  repository: https://bjw-s-labs.github.io/helm-charts/
  version: 5.1.0
- name: volsync-target
  repository: oci://harbor.alexlebens.dev/helm-charts
  version: 2.4.0
- name: common-helpers
  repository: oci://harbor.alexlebens.dev/helm-charts
  version: 0.6.0
digest: sha256:55d8129e0a57abdf1dc46be8c747cbb93cc75c50c2a3f8a7eb6dc44089067292
generated: "2026-09-10T20:24:27.990807-05:00"
