dependencies:
- name: app-template
  repository: https://bjw-s-labs.github.io/helm-charts/
  version: 4.6.2
- name: volsync-target
  repository: oci://harbor.alexlebens.net/helm-charts
  version: 0.8.0
digest: sha256:e95959fff72e8ae74623fb27294d6704ce4b68c795109b493f3245790ef86058
generated: "2026-03-06T01:19:39.391848002Z"
