dependencies:
- name: app-template
  repository: https://bjw-s-labs.github.io/helm-charts/
  version: 5.2.1
- name: common-helpers
  repository: oci://harbor.alexlebens.dev/helm-charts
  version: 0.6.0
digest: sha256:4e7e9c57276d002c09ffe290fa0642616675bca87c9c3be75ef5ac7d7ccd5920
generated: "2026-09-17T19:08:48.138798347Z"
