dependencies:
- name: app-template
  repository: https://bjw-s-labs.github.io/helm-charts/
  version: 5.3.0
- name: common-helpers
  repository: oci://harbor.alexlebens.dev/helm-charts
  version: 1.2.0
digest: sha256:24d150b39726f3e1b09969ec51034a80be2c8a1fbb1880391297354ecec138fc
generated: "2026-10-10T22:39:06.093751062Z"
