dependencies:
- name: app-template
  repository: https://bjw-s-labs.github.io/helm-charts/
  version: 5.1.0
- name: common-helpers
  repository: oci://harbor.alexlebens.dev/helm-charts
  version: 0.4.1
digest: sha256:ff6e1090b232bd0691d429b73c09c0454cd36fe0a876edf1ee3a7e9f777a2635
generated: "2026-08-27T13:37:05.285807-05:00"
