dependencies:
- name: gatus
  repository: https://twin.github.io/helm-charts
  version: 1.5.0
- name: postgres-cluster
  repository: oci://harbor.alexlebens.net/helm-charts
  version: 7.12.1
- name: volsync-target
  repository: oci://harbor.alexlebens.net/helm-charts
  version: 1.1.0
digest: sha256:0170e51763b810e2f8abd500125da3fcc312e39da1e5166590561fb7e18995f3
generated: "2026-04-28T22:06:45.701520632Z"
