dependencies:
- name: gatus
  repository: https://twin.github.io/helm-charts
  version: 1.4.4
- name: postgres-cluster
  repository: oci://harbor.alexlebens.net/helm-charts
  version: 7.4.4
- name: volsync-target
  repository: oci://harbor.alexlebens.net/helm-charts
  version: 0.7.0
digest: sha256:7a51be0fc61bedd966ebaef21458a4a8c8bdfa47baa946d236f3a6934afbc97e
generated: "2025-12-27T13:30:27.780615-06:00"
