dependencies:
- name: gatus
  repository: https://twin.github.io/helm-charts
  version: 1.5.0
- name: postgres-cluster
  repository: oci://harbor.alexlebens.net/helm-charts
  version: 7.12.1
- name: volsync-target
  repository: oci://harbor.alexlebens.net/helm-charts
  version: 2.0.0
digest: sha256:25d95b64934fb0fe59914f82b752de38979929342c0a8dad1be77e4a1b2ed93f
generated: "2026-05-08T20:53:54.376296-05:00"
