dependencies:
- name: dependency-track
  repository: https://dependencytrack.github.io/helm-charts
  version: 0.44.0
- name: postgres-cluster
  repository: oci://harbor.alexlebens.net/helm-charts
  version: 7.11.2
digest: sha256:6ea7e8066cce675a02ce76393ee2b0e23300d2f5c72ae64946ae667fc12fde1f
generated: "2026-04-05T17:32:11.221935-05:00"
