dependencies:
- name: app-template
  repository: https://bjw-s-labs.github.io/helm-charts/
  version: 5.0.1
- name: volsync-target
  repository: oci://harbor.alexlebens.net/helm-charts
  version: 2.1.0
digest: sha256:58d61214849cbd8b0017740e154e705c5a40dd9f2e287444d6f48a28c3c3d57b
generated: "2026-06-11T19:54:15.679263855Z"
