dependencies:
- name: app-template
  repository: https://bjw-s-labs.github.io/helm-charts/
  version: 5.1.0
- name: volsync-target
  repository: oci://harbor.alexlebens.net/helm-charts
  version: 2.2.2
digest: sha256:362615f97b1996337e3cbc8964841eee047b31a81c7e0a906e9b37c8aa63a740
generated: "2026-08-26T01:19:13.203517661Z"
