dependencies:
- name: app-template
  repository: https://bjw-s-labs.github.io/helm-charts/
  version: 5.1.0
- name: volsync-target
  repository: oci://harbor.alexlebens.dev/helm-charts
  version: 2.4.0
- name: common-helpers
  repository: oci://harbor.alexlebens.dev/helm-charts
  version: 0.5.0
digest: sha256:69a40f5954135f03344a9bbd211236a97cf21b338fb06965fdb444f4f2038115
generated: "2026-09-11T00:13:08.128105546Z"
