dependencies:
- name: app-template
  repository: https://bjw-s-labs.github.io/helm-charts/
  version: 5.0.0
- name: volsync-target
  repository: oci://harbor.alexlebens.net/helm-charts
  version: 1.1.1
digest: sha256:bf3de8b8672396450124c2585cc14ed6e94ee5d5e6a03683e42bb518d2ee082c
generated: "2026-05-07T20:48:40.399203978Z"
