dependencies:
- name: s3-bucket
  repository: oci://harbor.alexlebens.dev/helm-charts
  version: 0.6.4
- name: common-helpers
  repository: oci://harbor.alexlebens.dev/helm-charts
  version: 0.6.0
digest: sha256:b839e671a0422919e2d8d88902f8f5f63b756041460ee5894495981884fb5a47
generated: "2026-09-28T21:11:36.674790818Z"
