dependencies:
- name: s3-bucket
  repository: oci://harbor.alexlebens.dev/helm-charts
  version: 0.6.4
- name: common-helpers
  repository: oci://harbor.alexlebens.dev/helm-charts
  version: 1.2.0
digest: sha256:180ac9fc8adfe5445c76da7e2124d357929bfd81610985a64a92890cd38295fd
generated: "2026-09-29T23:34:40.986676502Z"
