dependencies:
- name: s3-bucket
  repository: oci://harbor.alexlebens.dev/helm-charts
  version: 0.1.0
- name: common-helpers
  repository: oci://harbor.alexlebens.dev/helm-charts
  version: 0.6.0
digest: sha256:317cb236b34bc38b22e9c0c1a3d5851e606dea55dfce59ca05043f19a05847e4
generated: "2026-09-26T13:07:46.565218-05:00"
