dependencies:
- name: app-template
  repository: https://bjw-s-labs.github.io/helm-charts/
  version: 5.3.0
- name: common-helpers
  repository: oci://harbor.alexlebens.dev/helm-charts
  version: 1.2.0
digest: sha256:94f97cc47700d0275b8cb9c89a4b49724a3314bc4471f0a9e905fb03d4c66aff
generated: "2026-10-10T22:55:32.877116937Z"
