dependencies:
- name: app-template
  repository: https://bjw-s-labs.github.io/helm-charts/
  version: 5.2.1
- name: common-helpers
  repository: oci://harbor.alexlebens.dev/helm-charts
  version: 0.6.0
digest: sha256:ef6d528eed9dcf406428b58ebbae20c283b843cc299c79219332bbd4271768f6
generated: "2026-09-17T19:17:53.150310897Z"
