dependencies:
- name: app-template
  repository: https://bjw-s-labs.github.io/helm-charts/
  version: 5.1.0
- name: common-helpers
  repository: oci://harbor.alexlebens.dev/helm-charts
  version: 0.6.0
digest: sha256:083ac885ca0f319b8c7bb336e592eac20a4ddc4d50fab02df659f83e306880e2
generated: "2026-09-10T20:24:25.609117-05:00"
