dependencies:
- name: app-template
  repository: https://bjw-s-labs.github.io/helm-charts/
  version: 4.5.0
- name: postgres-cluster
  repository: oci://harbor.alexlebens.net/helm-charts
  version: 6.17.1
- name: postgres-cluster
  repository: oci://harbor.alexlebens.net/helm-charts
  version: 6.17.1
digest: sha256:3f618cf61146654048341de31227b16b6f0485c07bfed9c8709a7af2b614c060
generated: "2025-12-14T17:22:18.869262-06:00"
