dependencies:
- name: app-template
  repository: https://bjw-s-labs.github.io/helm-charts/
  version: 5.1.0
- name: postgres-cluster
  repository: oci://harbor.alexlebens.net/helm-charts
  version: 8.4.3
- name: volsync-target
  repository: oci://harbor.alexlebens.net/helm-charts
  version: 2.2.1
digest: sha256:d1e9a347e90c4f47d74a933c96f914150a11571de53af6cf3517d87326ac6af8
generated: "2026-08-26T00:39:28.985252446Z"
