dependencies:
- name: app-template
  repository: https://bjw-s-labs.github.io/helm-charts/
  version: 5.1.0
- name: common-helpers
  repository: oci://harbor.alexlebens.dev/helm-charts
  version: 0.5.0
digest: sha256:1fbf93dc12a9105b7a5e1f9f9733509ac6ce1edf81d7f33a8b61e1c16dfd9278
generated: "2026-09-07T15:16:41.929160648Z"
