dependencies:
- name: app-template
  repository: https://bjw-s-labs.github.io/helm-charts/
  version: 5.2.1
- name: common-helpers
  repository: oci://harbor.alexlebens.dev/helm-charts
  version: 0.6.0
digest: sha256:b64c373d3bb62a8041ab029e4f166463e11ced1510eee081a2848d56e14d8642
generated: "2026-09-17T19:07:03.327059032Z"
