dependencies:
- name: app-template
  repository: https://bjw-s-labs.github.io/helm-charts/
  version: 5.1.0
- name: common-helpers
  repository: oci://harbor.alexlebens.net/helm-charts
  version: 0.4.1
digest: sha256:ea9c051c65682f7afcc91e2594db6eefe0c2a0e3e21f76e9c0dec1627549fceb
generated: "2026-08-26T17:28:13.195706-05:00"
