dependencies:
- name: app-template
  repository: https://bjw-s-labs.github.io/helm-charts/
  version: 5.0.0
- name: cloudflared
  repository: oci://harbor.alexlebens.net/helm-charts
  version: 3.2.0
digest: sha256:9b83d941d10e9f9f1037980451639067c41b90d0c0c65f02ab93a268838e10fd
generated: "2026-05-08T05:13:25.729039584Z"
