dependencies:
- name: app-template
  repository: https://bjw-s-labs.github.io/helm-charts/
  version: 5.0.0
- name: cloudflared
  repository: oci://harbor.alexlebens.net/helm-charts
  version: 3.0.0
digest: sha256:efb390b5124e967392429591ec72490c12d579b56f5e90bfd93dbf30807eb4c8
generated: "2026-05-08T03:50:38.095814124Z"
