dependencies:
- name: app-template
  repository: https://bjw-s-labs.github.io/helm-charts/
  version: 5.0.1
- name: cloudflared
  repository: oci://harbor.alexlebens.net/helm-charts
  version: 3.3.3
digest: sha256:cc7cfba652edbb1e4bf2fbecff658a8137f76fa6097fa4f015db695cff920606
generated: "2026-05-28T17:06:15.709170553Z"
